Microsoft Visual Studio Solution File, Format Version 8.00
Project("{8BC9CEB8-8B4A-11D0-8D11-00A0C91BC942}") = "QtPck", "QtPck.vcproj", "{80A7AA84-5640-40CB-9BB3-544B07CC6E0A}"
	GlobalSection(Qt) = preSolution
		Integration = True
	EndGlobalSection
	ProjectSection(ProjectDependencies) = postProject
	EndProjectSection
EndProject
Project("{8BC9CEB8-8B4A-11D0-8D11-00A0C91BC942}") = "iqt", "..\..\..\Include\iqt\VC7\iqt.vcproj", "{FB8AA493-6CFD-4E1B-ABF8-09E4BE6CDD59}"
	GlobalSection(Qt) = preSolution
		Integration = True
	EndGlobalSection
	ProjectSection(ProjectDependencies) = postProject
	EndProjectSection
EndProject
Global
	GlobalSection(Qt) = preSolution
		Integration = True
	EndGlobalSection
	GlobalSection(SolutionConfiguration) = preSolution
		Debug = Debug
		Release = Release
	EndGlobalSection
	GlobalSection(ProjectConfiguration) = postSolution
		{80A7AA84-5640-40CB-9BB3-544B07CC6E0A}.Debug.ActiveCfg = Debug|Win32
		{80A7AA84-5640-40CB-9BB3-544B07CC6E0A}.Debug.Build.0 = Debug|Win32
		{80A7AA84-5640-40CB-9BB3-544B07CC6E0A}.Release.ActiveCfg = Release|Win32
		{80A7AA84-5640-40CB-9BB3-544B07CC6E0A}.Release.Build.0 = Release|Win32
		{FB8AA493-6CFD-4E1B-ABF8-09E4BE6CDD59}.Debug.ActiveCfg = Debug|Win32
		{FB8AA493-6CFD-4E1B-ABF8-09E4BE6CDD59}.Debug.Build.0 = Debug|Win32
		{FB8AA493-6CFD-4E1B-ABF8-09E4BE6CDD59}.Release.ActiveCfg = Release|Win32
		{FB8AA493-6CFD-4E1B-ABF8-09E4BE6CDD59}.Release.Build.0 = Release|Win32
	EndGlobalSection
	GlobalSection(ExtensibilityGlobals) = postSolution
	EndGlobalSection
	GlobalSection(ExtensibilityAddIns) = postSolution
	EndGlobalSection
EndGlobal
