Microsoft Visual Studio Solution File, Format Version 8.00
Project("{8BC9CEB8-8B4A-11D0-8D11-00A0C91BC942}") = "IcmDll", "..\IcmDll\VC7\IcmDll.vcproj", "{8EC463A6-A9FB-4B43-9AF4-19F3979FC827}"
	GlobalSection(Qt) = preSolution
		Integration = True
	EndGlobalSection
	ProjectSection(ProjectDependencies) = postProject
		{D630D205-BB55-4C8F-B6F4-1D715C61053A} = {D630D205-BB55-4C8F-B6F4-1D715C61053A}
	EndProjectSection
EndProject
Project("{8BC9CEB8-8B4A-11D0-8D11-00A0C91BC942}") = "RegisterCmm", "..\RegisterCmm\VC7\RegisterCmm.vcproj", "{2FEDCF45-77BE-4D63-982F-46659DAFE036}"
	GlobalSection(Qt) = preSolution
		Integration = True
	EndGlobalSection
	ProjectSection(ProjectDependencies) = postProject
	EndProjectSection
EndProject
Project("{8BC9CEB8-8B4A-11D0-8D11-00A0C91BC942}") = "ProfileConfigurator", "..\ProfileConfigurator\VC7\ProfileConfigurator.vcproj", "{E056C0E5-5607-4A3F-93F6-B3D8BD581C9B}"
	GlobalSection(Qt) = preSolution
		Integration = True
	EndGlobalSection
	ProjectSection(ProjectDependencies) = postProject
		{D630D205-BB55-4C8F-B6F4-1D715C61053A} = {D630D205-BB55-4C8F-B6F4-1D715C61053A}
	EndProjectSection
EndProject
Project("{8BC9CEB8-8B4A-11D0-8D11-00A0C91BC942}") = "StaticLib", "..\StaticLib\VC7\istd.vcproj", "{D630D205-BB55-4C8F-B6F4-1D715C61053A}"
	GlobalSection(Qt) = preSolution
		Integration = True
	EndGlobalSection
	ProjectSection(ProjectDependencies) = postProject
	EndProjectSection
EndProject
Global
	GlobalSection(Qt) = preSolution
		Integration = True
	EndGlobalSection
	GlobalSection(SolutionConfiguration) = preSolution
		Debug = Debug
		Release = Release
	EndGlobalSection
	GlobalSection(ProjectConfiguration) = postSolution
		{8EC463A6-A9FB-4B43-9AF4-19F3979FC827}.Debug.ActiveCfg = Debug|Win32
		{8EC463A6-A9FB-4B43-9AF4-19F3979FC827}.Debug.Build.0 = Debug|Win32
		{8EC463A6-A9FB-4B43-9AF4-19F3979FC827}.Release.ActiveCfg = Release|Win32
		{8EC463A6-A9FB-4B43-9AF4-19F3979FC827}.Release.Build.0 = Release|Win32
		{2FEDCF45-77BE-4D63-982F-46659DAFE036}.Debug.ActiveCfg = Debug|Win32
		{2FEDCF45-77BE-4D63-982F-46659DAFE036}.Debug.Build.0 = Debug|Win32
		{2FEDCF45-77BE-4D63-982F-46659DAFE036}.Release.ActiveCfg = Release|Win32
		{2FEDCF45-77BE-4D63-982F-46659DAFE036}.Release.Build.0 = Release|Win32
		{E056C0E5-5607-4A3F-93F6-B3D8BD581C9B}.Debug.ActiveCfg = Debug|Win32
		{E056C0E5-5607-4A3F-93F6-B3D8BD581C9B}.Debug.Build.0 = Debug|Win32
		{E056C0E5-5607-4A3F-93F6-B3D8BD581C9B}.Release.ActiveCfg = Release|Win32
		{E056C0E5-5607-4A3F-93F6-B3D8BD581C9B}.Release.Build.0 = Release|Win32
		{D630D205-BB55-4C8F-B6F4-1D715C61053A}.Debug.ActiveCfg = Debug|Win32
		{D630D205-BB55-4C8F-B6F4-1D715C61053A}.Debug.Build.0 = Debug|Win32
		{D630D205-BB55-4C8F-B6F4-1D715C61053A}.Release.ActiveCfg = Release|Win32
		{D630D205-BB55-4C8F-B6F4-1D715C61053A}.Release.Build.0 = Release|Win32
	EndGlobalSection
	GlobalSection(ExtensibilityGlobals) = postSolution
	EndGlobalSection
	GlobalSection(ExtensibilityAddIns) = postSolution
	EndGlobalSection
EndGlobal
