Microsoft Visual Studio Solution File, Format Version 8.00
Project("{8BC9CEB8-8B4A-11D0-8D11-00A0C91BC942}") = "IcmDll", "..\IcmDll\VC7\IcmDll.vcproj", "{8EC463A6-A9FB-4B43-9AF4-19F3979FC827}"
	ProjectSection(ProjectDependencies) = postProject
	EndProjectSection
EndProject
Project("{8BC9CEB8-8B4A-11D0-8D11-00A0C91BC942}") = "RegisterCmm", "..\RegisterCmm\VC7\RegisterCmm.vcproj", "{2FEDCF45-77BE-4D63-982F-46659DAFE036}"
	ProjectSection(ProjectDependencies) = postProject
	EndProjectSection
EndProject
Global
	GlobalSection(SolutionConfiguration) = preSolution
		Debug = Debug
		Release = Release
	EndGlobalSection
	GlobalSection(ProjectConfiguration) = postSolution
		{8EC463A6-A9FB-4B43-9AF4-19F3979FC827}.Debug.ActiveCfg = Debug|Win32
		{8EC463A6-A9FB-4B43-9AF4-19F3979FC827}.Debug.Build.0 = Debug|Win32
		{8EC463A6-A9FB-4B43-9AF4-19F3979FC827}.Release.ActiveCfg = Release|Win32
		{8EC463A6-A9FB-4B43-9AF4-19F3979FC827}.Release.Build.0 = Release|Win32
		{2FEDCF45-77BE-4D63-982F-46659DAFE036}.Debug.ActiveCfg = Debug|Win32
		{2FEDCF45-77BE-4D63-982F-46659DAFE036}.Debug.Build.0 = Debug|Win32
		{2FEDCF45-77BE-4D63-982F-46659DAFE036}.Release.ActiveCfg = Release|Win32
		{2FEDCF45-77BE-4D63-982F-46659DAFE036}.Release.Build.0 = Release|Win32
	EndGlobalSection
	GlobalSection(ExtensibilityGlobals) = postSolution
	EndGlobalSection
	GlobalSection(ExtensibilityAddIns) = postSolution
	EndGlobalSection
EndGlobal
