Microsoft Visual Studio Solution File, Format Version 9.00
# Visual C++ Express 2005
Project("{8BC9CEB8-8B4A-11D0-8D11-00A0C91BC942}") = "icmm", "..\..\..\Include\icmm\VC8\icmm.vcproj", "{4AF575DB-8075-40A3-801C-D1F20C94D930}"
EndProject
Project("{8BC9CEB8-8B4A-11D0-8D11-00A0C91BC942}") = "imath", "..\..\..\Include\imath\VC8\imath.vcproj", "{9C62C8D0-009F-4B81-BFDA-B10006727697}"
EndProject
Project("{8BC9CEB8-8B4A-11D0-8D11-00A0C91BC942}") = "istd", "..\..\..\Include\istd\VC8\istd.vcproj", "{126B67F7-B779-4A80-A651-1111D5EDF583}"
EndProject
Project("{8BC9CEB8-8B4A-11D0-8D11-00A0C91BC942}") = "iser", "..\..\..\Include\iser\VC8\iser.vcproj", "{0935A895-45FD-4996-A109-79440B8A4F46}"
EndProject
Project("{8BC9CEB8-8B4A-11D0-8D11-00A0C91BC942}") = "iqt", "..\..\..\Include\iqt\VC8\iqt.vcproj", "{FB8AA493-6CFD-4E1B-ABF8-09E4BE6CDD59}"
EndProject
Global
	GlobalSection(SolutionConfigurationPlatforms) = preSolution
		Debug|Win32 = Debug|Win32
		Release|Win32 = Release|Win32
	EndGlobalSection
	GlobalSection(ProjectConfigurationPlatforms) = postSolution
		{4AF575DB-8075-40A3-801C-D1F20C94D930}.Debug|Win32.ActiveCfg = Debug|Win32
		{4AF575DB-8075-40A3-801C-D1F20C94D930}.Debug|Win32.Build.0 = Debug|Win32
		{4AF575DB-8075-40A3-801C-D1F20C94D930}.Release|Win32.ActiveCfg = Release|Win32
		{4AF575DB-8075-40A3-801C-D1F20C94D930}.Release|Win32.Build.0 = Release|Win32
		{9C62C8D0-009F-4B81-BFDA-B10006727697}.Debug|Win32.ActiveCfg = Debug|Win32
		{9C62C8D0-009F-4B81-BFDA-B10006727697}.Debug|Win32.Build.0 = Debug|Win32
		{9C62C8D0-009F-4B81-BFDA-B10006727697}.Release|Win32.ActiveCfg = Release|Win32
		{9C62C8D0-009F-4B81-BFDA-B10006727697}.Release|Win32.Build.0 = Release|Win32
		{126B67F7-B779-4A80-A651-1111D5EDF583}.Debug|Win32.ActiveCfg = Debug|Win32
		{126B67F7-B779-4A80-A651-1111D5EDF583}.Debug|Win32.Build.0 = Debug|Win32
		{126B67F7-B779-4A80-A651-1111D5EDF583}.Release|Win32.ActiveCfg = Release|Win32
		{126B67F7-B779-4A80-A651-1111D5EDF583}.Release|Win32.Build.0 = Release|Win32
		{0935A895-45FD-4996-A109-79440B8A4F46}.Debug|Win32.ActiveCfg = Debug|Win32
		{0935A895-45FD-4996-A109-79440B8A4F46}.Debug|Win32.Build.0 = Debug|Win32
		{0935A895-45FD-4996-A109-79440B8A4F46}.Release|Win32.ActiveCfg = Release|Win32
		{0935A895-45FD-4996-A109-79440B8A4F46}.Release|Win32.Build.0 = Release|Win32
		{FB8AA493-6CFD-4E1B-ABF8-09E4BE6CDD59}.Debug|Win32.ActiveCfg = Debug|Win32
		{FB8AA493-6CFD-4E1B-ABF8-09E4BE6CDD59}.Debug|Win32.Build.0 = Debug|Win32
		{FB8AA493-6CFD-4E1B-ABF8-09E4BE6CDD59}.Release|Win32.ActiveCfg = Release|Win32
		{FB8AA493-6CFD-4E1B-ABF8-09E4BE6CDD59}.Release|Win32.Build.0 = Release|Win32
	EndGlobalSection
	GlobalSection(SolutionProperties) = preSolution
		HideSolutionNode = FALSE
	EndGlobalSection
EndGlobal
