Microsoft Visual Studio Solution File, Format Version 8.00
Project("{8BC9CEB8-8B4A-11D0-8D11-00A0C91BC942}") = "iwin", "..\..\..\Include\iwin\VC7\iwin.vcproj", "{633B67F7-B154-4A80-A651-1111D5EDF583}"
	GlobalSection(Qt) = preSolution
		Integration = True
	EndGlobalSection
	ProjectSection(ProjectDependencies) = postProject
	EndProjectSection
EndProject
Project("{8BC9CEB8-8B4A-11D0-8D11-00A0C91BC942}") = "istd", "..\..\..\Include\istd\VC7\istd.vcproj", "{126B67F7-B779-4A80-A651-1111D5EDF583}"
	GlobalSection(Qt) = preSolution
		Integration = True
	EndGlobalSection
	ProjectSection(ProjectDependencies) = postProject
	EndProjectSection
EndProject
Project("{8BC9CEB8-8B4A-11D0-8D11-00A0C91BC942}") = "isys", "..\..\..\Include\isys\VC7\isys.vcproj", "{633B67F7-B154-4A80-A651-0243D5EDF583}"
	GlobalSection(Qt) = preSolution
		Integration = True
	EndGlobalSection
	ProjectSection(ProjectDependencies) = postProject
	EndProjectSection
EndProject
Project("{8BC9CEB8-8B4A-11D0-8D11-00A0C91BC942}") = "icmm", "..\..\..\Include\icmm\VC7\icmm.vcproj", "{FE2B4D42-47B8-4656-9A43-36C8CBF6B09D}"
	GlobalSection(Qt) = preSolution
		Integration = True
	EndGlobalSection
	ProjectSection(ProjectDependencies) = postProject
	EndProjectSection
EndProject
Project("{8BC9CEB8-8B4A-11D0-8D11-00A0C91BC942}") = "imath", "..\..\..\Include\imath\VC7\imath.vcproj", "{7F855A37-4741-472A-82B5-5F57C4B6F2D1}"
	GlobalSection(Qt) = preSolution
		Integration = True
	EndGlobalSection
	ProjectSection(ProjectDependencies) = postProject
	EndProjectSection
EndProject
Project("{8BC9CEB8-8B4A-11D0-8D11-00A0C91BC942}") = "iser", "..\..\..\Include\iser\VC7\iser.vcproj", "{6DFD9DED-F84C-43C5-953A-9713464D7D15}"
	GlobalSection(Qt) = preSolution
		Integration = True
	EndGlobalSection
	ProjectSection(ProjectDependencies) = postProject
	EndProjectSection
EndProject
Project("{8BC9CEB8-8B4A-11D0-8D11-00A0C91BC942}") = "ibase", "..\..\..\Include\ibase\VC7\ibase.vcproj", "{C30159C1-C8F9-49F4-AE32-C014F87B12BD}"
	GlobalSection(Qt) = preSolution
		Integration = True
	EndGlobalSection
	ProjectSection(ProjectDependencies) = postProject
	EndProjectSection
EndProject
Project("{8BC9CEB8-8B4A-11D0-8D11-00A0C91BC942}") = "idb", "..\..\..\Include\idb\VC7\idb.vcproj", "{136B67F7-B779-5A80-A651-1111D5EDF583}"
	GlobalSection(Qt) = preSolution
		Integration = True
	EndGlobalSection
	ProjectSection(ProjectDependencies) = postProject
	EndProjectSection
EndProject
Project("{8BC9CEB8-8B4A-11D0-8D11-00A0C91BC942}") = "imeas", "..\..\..\Include\imeas\VC7\imeas.vcproj", "{621B67F7-B779-3A80-B651-1111D5EDF583}"
	GlobalSection(Qt) = preSolution
		Integration = True
	EndGlobalSection
	ProjectSection(ProjectDependencies) = postProject
	EndProjectSection
EndProject
Project("{8BC9CEB8-8B4A-11D0-8D11-00A0C91BC942}") = "icomp", "..\..\..\Include\icomp\VC7\icomp.vcproj", "{F3A159CA-14B5-4800-8039-0157CF31EA27}"
	GlobalSection(Qt) = preSolution
		Integration = True
	EndGlobalSection
	ProjectSection(ProjectDependencies) = postProject
	EndProjectSection
EndProject
Project("{8BC9CEB8-8B4A-11D0-8D11-00A0C91BC942}") = "StdPck", "..\..\StdPck\VC7\StdPck.vcproj", "{D9AF8740-99C4-4628-B600-4CC36BB9B39A}"
	GlobalSection(Qt) = preSolution
		Integration = True
	EndGlobalSection
	ProjectSection(ProjectDependencies) = postProject
		{7F855A37-4741-472A-82B5-5F57C4B6F2D1} = {7F855A37-4741-472A-82B5-5F57C4B6F2D1}
		{FE2B4D42-47B8-4656-9A43-36C8CBF6B09D} = {FE2B4D42-47B8-4656-9A43-36C8CBF6B09D}
		{F3A159CA-14B5-4800-8039-0157CF31EA27} = {F3A159CA-14B5-4800-8039-0157CF31EA27}
		{6DFD9DED-F84C-43C5-953A-9713464D7D15} = {6DFD9DED-F84C-43C5-953A-9713464D7D15}
		{621B67F7-B779-3A80-B651-1111D5EDF583} = {621B67F7-B779-3A80-B651-1111D5EDF583}
		{126B67F7-B779-4A80-A651-1111D5EDF583} = {126B67F7-B779-4A80-A651-1111D5EDF583}
	EndProjectSection
EndProject
Project("{8BC9CEB8-8B4A-11D0-8D11-00A0C91BC942}") = "ixln", "..\..\..\Include\ixln\VC7\ixln.vcproj", "{D5379D78-3D01-491F-B477-EC8F2A35ED2E}"
	GlobalSection(Qt) = preSolution
		Integration = True
	EndGlobalSection
	ProjectSection(ProjectDependencies) = postProject
	EndProjectSection
EndProject
Project("{8BC9CEB8-8B4A-11D0-8D11-00A0C91BC942}") = "AcfStd", "..\..\AcfStd\VC7\AcfStd.vcproj", "{AA94C676-48A9-4FCF-BC0F-96B0E910F463}"
	GlobalSection(Qt) = preSolution
		Integration = True
	EndGlobalSection
	ProjectSection(ProjectDependencies) = postProject
		{7F855A37-4741-472A-82B5-5F57C4B6F2D1} = {7F855A37-4741-472A-82B5-5F57C4B6F2D1}
		{FE2B4D42-47B8-4656-9A43-36C8CBF6B09D} = {FE2B4D42-47B8-4656-9A43-36C8CBF6B09D}
		{AA16B362-CE5A-48C6-9322-42620FE1006D} = {AA16B362-CE5A-48C6-9322-42620FE1006D}
		{F3A159CA-14B5-4800-8039-0157CF31EA27} = {F3A159CA-14B5-4800-8039-0157CF31EA27}
		{6DFD9DED-F84C-43C5-953A-9713464D7D15} = {6DFD9DED-F84C-43C5-953A-9713464D7D15}
		{126B67F7-B779-4A80-A651-1111D5EDF583} = {126B67F7-B779-4A80-A651-1111D5EDF583}
	EndProjectSection
EndProject
Project("{8BC9CEB8-8B4A-11D0-8D11-00A0C91BC942}") = "iqt", "..\..\..\Include\iqt\VC7\iqt.vcproj", "{FB8AA493-6CFD-4E1B-ABF8-09E4BE6CDD59}"
	GlobalSection(Qt) = preSolution
		Integration = True
	EndGlobalSection
	ProjectSection(ProjectDependencies) = postProject
	EndProjectSection
EndProject
Project("{8BC9CEB8-8B4A-11D0-8D11-00A0C91BC942}") = "imod", "..\..\..\Include\imod\VC7\imod.vcproj", "{AA16B362-CE5A-48C6-9322-42620FE1006D}"
	GlobalSection(Qt) = preSolution
		Integration = True
	EndGlobalSection
	ProjectSection(ProjectDependencies) = postProject
	EndProjectSection
EndProject
Global
	GlobalSection(Qt) = preSolution
		Integration = True
	EndGlobalSection
	GlobalSection(SolutionConfiguration) = preSolution
		Debug = Debug
		NemoDebug = NemoDebug
		NemoRelease = NemoRelease
		Release = Release
	EndGlobalSection
	GlobalSection(ProjectConfiguration) = postSolution
		{633B67F7-B154-4A80-A651-1111D5EDF583}.Debug.ActiveCfg = Debug|Win32
		{633B67F7-B154-4A80-A651-1111D5EDF583}.Debug.Build.0 = Debug|Win32
		{633B67F7-B154-4A80-A651-1111D5EDF583}.NemoDebug.ActiveCfg = Debug|Win32
		{633B67F7-B154-4A80-A651-1111D5EDF583}.NemoDebug.Build.0 = Debug|Win32
		{633B67F7-B154-4A80-A651-1111D5EDF583}.NemoRelease.ActiveCfg = Release|Win32
		{633B67F7-B154-4A80-A651-1111D5EDF583}.NemoRelease.Build.0 = Release|Win32
		{633B67F7-B154-4A80-A651-1111D5EDF583}.Release.ActiveCfg = Release|Win32
		{633B67F7-B154-4A80-A651-1111D5EDF583}.Release.Build.0 = Release|Win32
		{126B67F7-B779-4A80-A651-1111D5EDF583}.Debug.ActiveCfg = Debug|Win32
		{126B67F7-B779-4A80-A651-1111D5EDF583}.Debug.Build.0 = Debug|Win32
		{126B67F7-B779-4A80-A651-1111D5EDF583}.NemoDebug.ActiveCfg = NemoDebug|Win32
		{126B67F7-B779-4A80-A651-1111D5EDF583}.NemoDebug.Build.0 = NemoDebug|Win32
		{126B67F7-B779-4A80-A651-1111D5EDF583}.NemoRelease.ActiveCfg = NemoRelease|Win32
		{126B67F7-B779-4A80-A651-1111D5EDF583}.NemoRelease.Build.0 = NemoRelease|Win32
		{126B67F7-B779-4A80-A651-1111D5EDF583}.Release.ActiveCfg = Release|Win32
		{126B67F7-B779-4A80-A651-1111D5EDF583}.Release.Build.0 = Release|Win32
		{633B67F7-B154-4A80-A651-0243D5EDF583}.Debug.ActiveCfg = Debug|Win32
		{633B67F7-B154-4A80-A651-0243D5EDF583}.Debug.Build.0 = Debug|Win32
		{633B67F7-B154-4A80-A651-0243D5EDF583}.NemoDebug.ActiveCfg = Debug|Win32
		{633B67F7-B154-4A80-A651-0243D5EDF583}.NemoDebug.Build.0 = Debug|Win32
		{633B67F7-B154-4A80-A651-0243D5EDF583}.NemoRelease.ActiveCfg = Release|Win32
		{633B67F7-B154-4A80-A651-0243D5EDF583}.NemoRelease.Build.0 = Release|Win32
		{633B67F7-B154-4A80-A651-0243D5EDF583}.Release.ActiveCfg = Release|Win32
		{633B67F7-B154-4A80-A651-0243D5EDF583}.Release.Build.0 = Release|Win32
		{FE2B4D42-47B8-4656-9A43-36C8CBF6B09D}.Debug.ActiveCfg = Debug|Win32
		{FE2B4D42-47B8-4656-9A43-36C8CBF6B09D}.Debug.Build.0 = Debug|Win32
		{FE2B4D42-47B8-4656-9A43-36C8CBF6B09D}.NemoDebug.ActiveCfg = Debug|Win32
		{FE2B4D42-47B8-4656-9A43-36C8CBF6B09D}.NemoDebug.Build.0 = Debug|Win32
		{FE2B4D42-47B8-4656-9A43-36C8CBF6B09D}.NemoRelease.ActiveCfg = Release|Win32
		{FE2B4D42-47B8-4656-9A43-36C8CBF6B09D}.NemoRelease.Build.0 = Release|Win32
		{FE2B4D42-47B8-4656-9A43-36C8CBF6B09D}.Release.ActiveCfg = Release|Win32
		{FE2B4D42-47B8-4656-9A43-36C8CBF6B09D}.Release.Build.0 = Release|Win32
		{7F855A37-4741-472A-82B5-5F57C4B6F2D1}.Debug.ActiveCfg = Debug|Win32
		{7F855A37-4741-472A-82B5-5F57C4B6F2D1}.Debug.Build.0 = Debug|Win32
		{7F855A37-4741-472A-82B5-5F57C4B6F2D1}.NemoDebug.ActiveCfg = Debug|Win32
		{7F855A37-4741-472A-82B5-5F57C4B6F2D1}.NemoDebug.Build.0 = Debug|Win32
		{7F855A37-4741-472A-82B5-5F57C4B6F2D1}.NemoRelease.ActiveCfg = Release|Win32
		{7F855A37-4741-472A-82B5-5F57C4B6F2D1}.NemoRelease.Build.0 = Release|Win32
		{7F855A37-4741-472A-82B5-5F57C4B6F2D1}.Release.ActiveCfg = Release|Win32
		{7F855A37-4741-472A-82B5-5F57C4B6F2D1}.Release.Build.0 = Release|Win32
		{6DFD9DED-F84C-43C5-953A-9713464D7D15}.Debug.ActiveCfg = Debug|Win32
		{6DFD9DED-F84C-43C5-953A-9713464D7D15}.Debug.Build.0 = Debug|Win32
		{6DFD9DED-F84C-43C5-953A-9713464D7D15}.NemoDebug.ActiveCfg = Debug|Win32
		{6DFD9DED-F84C-43C5-953A-9713464D7D15}.NemoDebug.Build.0 = Debug|Win32
		{6DFD9DED-F84C-43C5-953A-9713464D7D15}.NemoRelease.ActiveCfg = Release|Win32
		{6DFD9DED-F84C-43C5-953A-9713464D7D15}.NemoRelease.Build.0 = Release|Win32
		{6DFD9DED-F84C-43C5-953A-9713464D7D15}.Release.ActiveCfg = Release|Win32
		{6DFD9DED-F84C-43C5-953A-9713464D7D15}.Release.Build.0 = Release|Win32
		{C30159C1-C8F9-49F4-AE32-C014F87B12BD}.Debug.ActiveCfg = Debug|Win32
		{C30159C1-C8F9-49F4-AE32-C014F87B12BD}.Debug.Build.0 = Debug|Win32
		{C30159C1-C8F9-49F4-AE32-C014F87B12BD}.NemoDebug.ActiveCfg = Debug|Win32
		{C30159C1-C8F9-49F4-AE32-C014F87B12BD}.NemoDebug.Build.0 = Debug|Win32
		{C30159C1-C8F9-49F4-AE32-C014F87B12BD}.NemoRelease.ActiveCfg = Release|Win32
		{C30159C1-C8F9-49F4-AE32-C014F87B12BD}.NemoRelease.Build.0 = Release|Win32
		{C30159C1-C8F9-49F4-AE32-C014F87B12BD}.Release.ActiveCfg = Release|Win32
		{C30159C1-C8F9-49F4-AE32-C014F87B12BD}.Release.Build.0 = Release|Win32
		{136B67F7-B779-5A80-A651-1111D5EDF583}.Debug.ActiveCfg = Debug|Win32
		{136B67F7-B779-5A80-A651-1111D5EDF583}.Debug.Build.0 = Debug|Win32
		{136B67F7-B779-5A80-A651-1111D5EDF583}.NemoDebug.ActiveCfg = Debug|Win32
		{136B67F7-B779-5A80-A651-1111D5EDF583}.NemoDebug.Build.0 = Debug|Win32
		{136B67F7-B779-5A80-A651-1111D5EDF583}.NemoRelease.ActiveCfg = Release|Win32
		{136B67F7-B779-5A80-A651-1111D5EDF583}.NemoRelease.Build.0 = Release|Win32
		{136B67F7-B779-5A80-A651-1111D5EDF583}.Release.ActiveCfg = Release|Win32
		{136B67F7-B779-5A80-A651-1111D5EDF583}.Release.Build.0 = Release|Win32
		{621B67F7-B779-3A80-B651-1111D5EDF583}.Debug.ActiveCfg = Debug|Win32
		{621B67F7-B779-3A80-B651-1111D5EDF583}.Debug.Build.0 = Debug|Win32
		{621B67F7-B779-3A80-B651-1111D5EDF583}.NemoDebug.ActiveCfg = NemoDebug|Win32
		{621B67F7-B779-3A80-B651-1111D5EDF583}.NemoDebug.Build.0 = NemoDebug|Win32
		{621B67F7-B779-3A80-B651-1111D5EDF583}.NemoRelease.ActiveCfg = NemoRelease|Win32
		{621B67F7-B779-3A80-B651-1111D5EDF583}.NemoRelease.Build.0 = NemoRelease|Win32
		{621B67F7-B779-3A80-B651-1111D5EDF583}.Release.ActiveCfg = Release|Win32
		{621B67F7-B779-3A80-B651-1111D5EDF583}.Release.Build.0 = Release|Win32
		{F3A159CA-14B5-4800-8039-0157CF31EA27}.Debug.ActiveCfg = Debug|Win32
		{F3A159CA-14B5-4800-8039-0157CF31EA27}.Debug.Build.0 = Debug|Win32
		{F3A159CA-14B5-4800-8039-0157CF31EA27}.NemoDebug.ActiveCfg = Debug|Win32
		{F3A159CA-14B5-4800-8039-0157CF31EA27}.NemoDebug.Build.0 = Debug|Win32
		{F3A159CA-14B5-4800-8039-0157CF31EA27}.NemoRelease.ActiveCfg = Release|Win32
		{F3A159CA-14B5-4800-8039-0157CF31EA27}.NemoRelease.Build.0 = Release|Win32
		{F3A159CA-14B5-4800-8039-0157CF31EA27}.Release.ActiveCfg = Release|Win32
		{F3A159CA-14B5-4800-8039-0157CF31EA27}.Release.Build.0 = Release|Win32
		{D9AF8740-99C4-4628-B600-4CC36BB9B39A}.Debug.ActiveCfg = Debug|Win32
		{D9AF8740-99C4-4628-B600-4CC36BB9B39A}.Debug.Build.0 = Debug|Win32
		{D9AF8740-99C4-4628-B600-4CC36BB9B39A}.NemoDebug.ActiveCfg = NemoDebug|Win32
		{D9AF8740-99C4-4628-B600-4CC36BB9B39A}.NemoDebug.Build.0 = NemoDebug|Win32
		{D9AF8740-99C4-4628-B600-4CC36BB9B39A}.NemoRelease.ActiveCfg = NemoRelease|Win32
		{D9AF8740-99C4-4628-B600-4CC36BB9B39A}.NemoRelease.Build.0 = NemoRelease|Win32
		{D9AF8740-99C4-4628-B600-4CC36BB9B39A}.Release.ActiveCfg = Release|Win32
		{D9AF8740-99C4-4628-B600-4CC36BB9B39A}.Release.Build.0 = Release|Win32
		{D5379D78-3D01-491F-B477-EC8F2A35ED2E}.Debug.ActiveCfg = Debug|Win32
		{D5379D78-3D01-491F-B477-EC8F2A35ED2E}.Debug.Build.0 = Debug|Win32
		{D5379D78-3D01-491F-B477-EC8F2A35ED2E}.NemoDebug.ActiveCfg = Debug|Win32
		{D5379D78-3D01-491F-B477-EC8F2A35ED2E}.NemoDebug.Build.0 = Debug|Win32
		{D5379D78-3D01-491F-B477-EC8F2A35ED2E}.NemoRelease.ActiveCfg = Release|Win32
		{D5379D78-3D01-491F-B477-EC8F2A35ED2E}.NemoRelease.Build.0 = Release|Win32
		{D5379D78-3D01-491F-B477-EC8F2A35ED2E}.Release.ActiveCfg = Release|Win32
		{D5379D78-3D01-491F-B477-EC8F2A35ED2E}.Release.Build.0 = Release|Win32
		{AA94C676-48A9-4FCF-BC0F-96B0E910F463}.Debug.ActiveCfg = Debug|Win32
		{AA94C676-48A9-4FCF-BC0F-96B0E910F463}.Debug.Build.0 = Debug|Win32
		{AA94C676-48A9-4FCF-BC0F-96B0E910F463}.NemoDebug.ActiveCfg = Debug|Win32
		{AA94C676-48A9-4FCF-BC0F-96B0E910F463}.NemoDebug.Build.0 = Debug|Win32
		{AA94C676-48A9-4FCF-BC0F-96B0E910F463}.NemoRelease.ActiveCfg = Release|Win32
		{AA94C676-48A9-4FCF-BC0F-96B0E910F463}.NemoRelease.Build.0 = Release|Win32
		{AA94C676-48A9-4FCF-BC0F-96B0E910F463}.Release.ActiveCfg = Release|Win32
		{AA94C676-48A9-4FCF-BC0F-96B0E910F463}.Release.Build.0 = Release|Win32
		{FB8AA493-6CFD-4E1B-ABF8-09E4BE6CDD59}.Debug.ActiveCfg = Debug|Win32
		{FB8AA493-6CFD-4E1B-ABF8-09E4BE6CDD59}.Debug.Build.0 = Debug|Win32
		{FB8AA493-6CFD-4E1B-ABF8-09E4BE6CDD59}.NemoDebug.ActiveCfg = NemoDebug|Win32
		{FB8AA493-6CFD-4E1B-ABF8-09E4BE6CDD59}.NemoDebug.Build.0 = NemoDebug|Win32
		{FB8AA493-6CFD-4E1B-ABF8-09E4BE6CDD59}.NemoRelease.ActiveCfg = NemoRelease|Win32
		{FB8AA493-6CFD-4E1B-ABF8-09E4BE6CDD59}.NemoRelease.Build.0 = NemoRelease|Win32
		{FB8AA493-6CFD-4E1B-ABF8-09E4BE6CDD59}.Release.ActiveCfg = Release|Win32
		{FB8AA493-6CFD-4E1B-ABF8-09E4BE6CDD59}.Release.Build.0 = Release|Win32
		{AA16B362-CE5A-48C6-9322-42620FE1006D}.Debug.ActiveCfg = Debug|Win32
		{AA16B362-CE5A-48C6-9322-42620FE1006D}.Debug.Build.0 = Debug|Win32
		{AA16B362-CE5A-48C6-9322-42620FE1006D}.NemoDebug.ActiveCfg = NemoDebug|Win32
		{AA16B362-CE5A-48C6-9322-42620FE1006D}.NemoDebug.Build.0 = NemoDebug|Win32
		{AA16B362-CE5A-48C6-9322-42620FE1006D}.NemoRelease.ActiveCfg = NemoRelease|Win32
		{AA16B362-CE5A-48C6-9322-42620FE1006D}.NemoRelease.Build.0 = NemoRelease|Win32
		{AA16B362-CE5A-48C6-9322-42620FE1006D}.Release.ActiveCfg = Release|Win32
		{AA16B362-CE5A-48C6-9322-42620FE1006D}.Release.Build.0 = Release|Win32
	EndGlobalSection
	GlobalSection(ExtensibilityGlobals) = postSolution
	EndGlobalSection
	GlobalSection(ExtensibilityAddIns) = postSolution
	EndGlobalSection
EndGlobal
