// !$*UTF8*$!
{
	archiveVersion = 1;
	classes = {
	};
	objectVersion = 44;
	objects = {

/* Begin PBXBuildFile section */
		EA283C2E0EF00E830044F226 /* moc_CAttributeEditorComp.cpp in Sources */ = {isa = PBXBuildFile; fileRef = EA283C260EF00E830044F226 /* moc_CAttributeEditorComp.cpp */; };
		EA283C2F0EF00E830044F226 /* moc_CComponentView.cpp in Sources */ = {isa = PBXBuildFile; fileRef = EA283C270EF00E830044F226 /* moc_CComponentView.cpp */; };
		EA283C300EF00E830044F226 /* moc_CPackageOverviewComp.cpp in Sources */ = {isa = PBXBuildFile; fileRef = EA283C280EF00E830044F226 /* moc_CPackageOverviewComp.cpp */; };
		EA283C310EF00E830044F226 /* moc_CRegistryPreviewComp.cpp in Sources */ = {isa = PBXBuildFile; fileRef = EA283C290EF00E830044F226 /* moc_CRegistryPreviewComp.cpp */; };
		EA283C320EF00E830044F226 /* moc_CRegistryViewComp.cpp in Sources */ = {isa = PBXBuildFile; fileRef = EA283C2A0EF00E830044F226 /* moc_CRegistryViewComp.cpp */; };
		EA283C330EF00E830044F226 /* qrc_Compositor.cpp in Sources */ = {isa = PBXBuildFile; fileRef = EA283C2B0EF00E830044F226 /* qrc_Compositor.cpp */; };
		EA6647B70EED496B006773C7 /* QtCore.framework in Frameworks */ = {isa = PBXBuildFile; fileRef = EA6647A60EED496B006773C7 /* QtCore.framework */; };
		EA6647BB0EED496B006773C7 /* QtGui.framework in Frameworks */ = {isa = PBXBuildFile; fileRef = EA6647AA0EED496B006773C7 /* QtGui.framework */; };
		EA6647BD0EED496B006773C7 /* QtNetwork.framework in Frameworks */ = {isa = PBXBuildFile; fileRef = EA6647AC0EED496B006773C7 /* QtNetwork.framework */; };
		EA6647BF0EED496B006773C7 /* QtScript.framework in Frameworks */ = {isa = PBXBuildFile; fileRef = EA6647AE0EED496B006773C7 /* QtScript.framework */; };
		EA6647C40EED496B006773C7 /* QtXml.framework in Frameworks */ = {isa = PBXBuildFile; fileRef = EA6647B30EED496B006773C7 /* QtXml.framework */; };
		EA9968820F026A6700FEFB5A /* CAttributeEditorComp.cpp in Sources */ = {isa = PBXBuildFile; fileRef = EA9968760F026A6700FEFB5A /* CAttributeEditorComp.cpp */; };
		EA9968830F026A6700FEFB5A /* CComponentView.cpp in Sources */ = {isa = PBXBuildFile; fileRef = EA9968770F026A6700FEFB5A /* CComponentView.cpp */; };
		EA9968840F026A6700FEFB5A /* CComponentNoteView.cpp in Sources */ = {isa = PBXBuildFile; fileRef = EA9968780F026A6700FEFB5A /* CComponentNoteView.cpp */; };
		EA9968850F026A6700FEFB5A /* CRegistryPreviewComp.cpp in Sources */ = {isa = PBXBuildFile; fileRef = EA9968790F026A6700FEFB5A /* CRegistryPreviewComp.cpp */; };
		EA9968860F026A6700FEFB5A /* CRegistryViewComp.cpp in Sources */ = {isa = PBXBuildFile; fileRef = EA99687A0F026A6700FEFB5A /* CRegistryViewComp.cpp */; };
		EA9968870F026A6700FEFB5A /* CComponentNote.cpp in Sources */ = {isa = PBXBuildFile; fileRef = EA99687B0F026A6700FEFB5A /* CComponentNote.cpp */; };
		EA9968880F026A6700FEFB5A /* Main.cpp in Sources */ = {isa = PBXBuildFile; fileRef = EA99687C0F026A6700FEFB5A /* Main.cpp */; };
		EA9968890F026A6700FEFB5A /* CPackageOverviewComp.cpp in Sources */ = {isa = PBXBuildFile; fileRef = EA99687D0F026A6700FEFB5A /* CPackageOverviewComp.cpp */; };
		EA99688A0F026A6700FEFB5A /* CRegistryLoaderComp.cpp in Sources */ = {isa = PBXBuildFile; fileRef = EA99687E0F026A6700FEFB5A /* CRegistryLoaderComp.cpp */; };
		EA99688B0F026A6700FEFB5A /* CRegistryModelComp.cpp in Sources */ = {isa = PBXBuildFile; fileRef = EA99687F0F026A6700FEFB5A /* CRegistryModelComp.cpp */; };
		EA99688C0F026A6700FEFB5A /* CComponentConnector.cpp in Sources */ = {isa = PBXBuildFile; fileRef = EA9968800F026A6700FEFB5A /* CComponentConnector.cpp */; };
		EA99688D0F026A6700FEFB5A /* CRegistryView.cpp in Sources */ = {isa = PBXBuildFile; fileRef = EA9968810F026A6700FEFB5A /* CRegistryView.cpp */; };
		EA9968910F02730900FEFB5A /* moc_CRegistryView.cpp in Sources */ = {isa = PBXBuildFile; fileRef = EA9968900F02730900FEFB5A /* moc_CRegistryView.cpp */; };
		EA99CB920F04514D003471A1 /* libacfstd.a in Frameworks */ = {isa = PBXBuildFile; fileRef = EA99CB150F0450A8003471A1 /* libacfstd.a */; };
		EA99CB930F045151003471A1 /* libacfqt.a in Frameworks */ = {isa = PBXBuildFile; fileRef = EA99CB220F0450AF003471A1 /* libacfqt.a */; };
/* End PBXBuildFile section */

/* Begin PBXContainerItemProxy section */
		EA99CB140F0450A8003471A1 /* PBXContainerItemProxy */ = {
			isa = PBXContainerItemProxy;
			containerPortal = EA2842CC0EF026D50044F226 /* AcfStd.xcodeproj */;
			proxyType = 2;
			remoteGlobalIDString = D2AAC046055464E500DB518D;
			remoteInfo = acfstd;
		};
		EA99CB210F0450AF003471A1 /* PBXContainerItemProxy */ = {
			isa = PBXContainerItemProxy;
			containerPortal = EA2842D80EF026EE0044F226 /* AcfQt.xcodeproj */;
			proxyType = 2;
			remoteGlobalIDString = D2AAC046055464E500DB518D;
			remoteInfo = acfqt;
		};
		EA99CB230F0450CC003471A1 /* PBXContainerItemProxy */ = {
			isa = PBXContainerItemProxy;
			containerPortal = EA2842D80EF026EE0044F226 /* AcfQt.xcodeproj */;
			proxyType = 1;
			remoteGlobalIDString = D2AAC045055464E500DB518D;
			remoteInfo = acfqt;
		};
		EA99CB250F0450CC003471A1 /* PBXContainerItemProxy */ = {
			isa = PBXContainerItemProxy;
			containerPortal = EA2842CC0EF026D50044F226 /* AcfStd.xcodeproj */;
			proxyType = 1;
			remoteGlobalIDString = D2AAC045055464E500DB518D;
			remoteInfo = acfstd;
		};
/* End PBXContainerItemProxy section */

/* Begin PBXFileReference section */
		123456910ED2E572006EC826 /* CAttributeEditorComp.moc */ = {isa = PBXFileReference; fileEncoding = 4; lastKnownFileType = sourcecode.cpp.cpp; name = CAttributeEditorComp.moc; path = ../CAttributeEditorComp.moc; sourceTree = SOURCE_ROOT; };
		123456960ED2E572006EC826 /* CComponentView.moc */ = {isa = PBXFileReference; fileEncoding = 4; lastKnownFileType = sourcecode.cpp.cpp; name = CComponentView.moc; path = ../CComponentView.moc; sourceTree = SOURCE_ROOT; };
		123456980ED2E572006EC826 /* CPackageOverviewComp.moc */ = {isa = PBXFileReference; fileEncoding = 4; lastKnownFileType = sourcecode.cpp.cpp; name = CPackageOverviewComp.moc; path = ../CPackageOverviewComp.moc; sourceTree = SOURCE_ROOT; };
		123457020ED2E572006EC826 /* CRegistryPreviewComp.moc */ = {isa = PBXFileReference; fileEncoding = 4; lastKnownFileType = sourcecode.cpp.cpp; name = CRegistryPreviewComp.moc; path = ../CRegistryPreviewComp.moc; sourceTree = SOURCE_ROOT; };
		123457040ED2E572006EC826 /* CRegistryViewComp.moc */ = {isa = PBXFileReference; fileEncoding = 4; lastKnownFileType = sourcecode.cpp.cpp; name = CRegistryViewComp.moc; path = ../CRegistryViewComp.moc; sourceTree = SOURCE_ROOT; };
		123457080ED2E572006EC826 /* CAttributeEditorComp.ui */ = {isa = PBXFileReference; fileEncoding = 4; lastKnownFileType = sourcecode.cpp.cpp; name = CAttributeEditorComp.ui; path = ../CAttributeEditorComp.ui; sourceTree = SOURCE_ROOT; };
		123457090ED2E572006EC826 /* CPackageOverviewComp.ui */ = {isa = PBXFileReference; fileEncoding = 4; lastKnownFileType = sourcecode.cpp.cpp; name = CPackageOverviewComp.ui; path = ../CPackageOverviewComp.ui; sourceTree = SOURCE_ROOT; };
		123457180ED2E572006EC826 /* Compositor.qrc */ = {isa = PBXFileReference; fileEncoding = 4; lastKnownFileType = sourcecode.cpp.cpp; name = Compositor.qrc; path = ../Compositor.qrc; sourceTree = SOURCE_ROOT; };
		EA283C260EF00E830044F226 /* moc_CAttributeEditorComp.cpp */ = {isa = PBXFileReference; fileEncoding = 4; lastKnownFileType = sourcecode.cpp.cpp; name = moc_CAttributeEditorComp.cpp; path = ../Generated/moc_CAttributeEditorComp.cpp; sourceTree = SOURCE_ROOT; };
		EA283C270EF00E830044F226 /* moc_CComponentView.cpp */ = {isa = PBXFileReference; fileEncoding = 4; lastKnownFileType = sourcecode.cpp.cpp; name = moc_CComponentView.cpp; path = ../Generated/moc_CComponentView.cpp; sourceTree = SOURCE_ROOT; };
		EA283C280EF00E830044F226 /* moc_CPackageOverviewComp.cpp */ = {isa = PBXFileReference; fileEncoding = 4; lastKnownFileType = sourcecode.cpp.cpp; name = moc_CPackageOverviewComp.cpp; path = ../Generated/moc_CPackageOverviewComp.cpp; sourceTree = SOURCE_ROOT; };
		EA283C290EF00E830044F226 /* moc_CRegistryPreviewComp.cpp */ = {isa = PBXFileReference; fileEncoding = 4; lastKnownFileType = sourcecode.cpp.cpp; name = moc_CRegistryPreviewComp.cpp; path = ../Generated/moc_CRegistryPreviewComp.cpp; sourceTree = SOURCE_ROOT; };
		EA283C2A0EF00E830044F226 /* moc_CRegistryViewComp.cpp */ = {isa = PBXFileReference; fileEncoding = 4; lastKnownFileType = sourcecode.cpp.cpp; name = moc_CRegistryViewComp.cpp; path = ../Generated/moc_CRegistryViewComp.cpp; sourceTree = SOURCE_ROOT; };
		EA283C2B0EF00E830044F226 /* qrc_Compositor.cpp */ = {isa = PBXFileReference; fileEncoding = 4; lastKnownFileType = sourcecode.cpp.cpp; name = qrc_Compositor.cpp; path = ../Generated/qrc_Compositor.cpp; sourceTree = SOURCE_ROOT; };
		EA283C2C0EF00E830044F226 /* ui_CAttributeEditorComp.h */ = {isa = PBXFileReference; fileEncoding = 4; lastKnownFileType = sourcecode.c.h; name = ui_CAttributeEditorComp.h; path = ../Generated/ui_CAttributeEditorComp.h; sourceTree = SOURCE_ROOT; };
		EA283C2D0EF00E830044F226 /* ui_CPackageOverviewComp.h */ = {isa = PBXFileReference; fileEncoding = 4; lastKnownFileType = sourcecode.c.h; name = ui_CPackageOverviewComp.h; path = ../Generated/ui_CPackageOverviewComp.h; sourceTree = SOURCE_ROOT; };
		EA2842CC0EF026D50044F226 /* AcfStd.xcodeproj */ = {isa = PBXFileReference; lastKnownFileType = "wrapper.pb-project"; name = AcfStd.xcodeproj; path = Impl/AcfStd/Xcd/AcfStd.xcodeproj; sourceTree = ACFDIR; };
		EA2842D80EF026EE0044F226 /* AcfQt.xcodeproj */ = {isa = PBXFileReference; lastKnownFileType = "wrapper.pb-project"; name = AcfQt.xcodeproj; path = Impl/AcfQt/Xcd/AcfQt.xcodeproj; sourceTree = ACFDIR; };
		EA5A98680EEC34FD00FD019A /* Compositor */ = {isa = PBXFileReference; explicitFileType = "compiled.mach-o.executable"; includeInIndex = 0; path = Compositor; sourceTree = BUILT_PRODUCTS_DIR; };
		EA6647A60EED496B006773C7 /* QtCore.framework */ = {isa = PBXFileReference; lastKnownFileType = wrapper.framework; name = QtCore.framework; path = lib/QtCore.framework; sourceTree = QTDIR; };
		EA6647AA0EED496B006773C7 /* QtGui.framework */ = {isa = PBXFileReference; lastKnownFileType = wrapper.framework; name = QtGui.framework; path = lib/QtGui.framework; sourceTree = QTDIR; };
		EA6647AC0EED496B006773C7 /* QtNetwork.framework */ = {isa = PBXFileReference; lastKnownFileType = wrapper.framework; name = QtNetwork.framework; path = lib/QtNetwork.framework; sourceTree = QTDIR; };
		EA6647AE0EED496B006773C7 /* QtScript.framework */ = {isa = PBXFileReference; lastKnownFileType = wrapper.framework; name = QtScript.framework; path = lib/QtScript.framework; sourceTree = QTDIR; };
		EA6647B30EED496B006773C7 /* QtXml.framework */ = {isa = PBXFileReference; lastKnownFileType = wrapper.framework; name = QtXml.framework; path = lib/QtXml.framework; sourceTree = QTDIR; };
		EA9968670F026A2D00FEFB5A /* CRegistryPreviewComp.h */ = {isa = PBXFileReference; fileEncoding = 4; lastKnownFileType = sourcecode.c.h; name = CRegistryPreviewComp.h; path = ../CRegistryPreviewComp.h; sourceTree = SOURCE_ROOT; };
		EA9968680F026A2D00FEFB5A /* CComponentView.h */ = {isa = PBXFileReference; fileEncoding = 4; lastKnownFileType = sourcecode.c.h; name = CComponentView.h; path = ../CComponentView.h; sourceTree = SOURCE_ROOT; };
		EA9968690F026A2D00FEFB5A /* IRegistryPreview.h */ = {isa = PBXFileReference; fileEncoding = 4; lastKnownFileType = sourcecode.c.h; name = IRegistryPreview.h; path = ../IRegistryPreview.h; sourceTree = SOURCE_ROOT; };
		EA99686A0F026A2D00FEFB5A /* CAttributeEditorComp.h */ = {isa = PBXFileReference; fileEncoding = 4; lastKnownFileType = sourcecode.c.h; name = CAttributeEditorComp.h; path = ../CAttributeEditorComp.h; sourceTree = SOURCE_ROOT; };
		EA99686B0F026A2E00FEFB5A /* CRegistryModelComp.h */ = {isa = PBXFileReference; fileEncoding = 4; lastKnownFileType = sourcecode.c.h; name = CRegistryModelComp.h; path = ../CRegistryModelComp.h; sourceTree = SOURCE_ROOT; };
		EA99686C0F026A2E00FEFB5A /* CComponentNoteView.h */ = {isa = PBXFileReference; fileEncoding = 4; lastKnownFileType = sourcecode.c.h; name = CComponentNoteView.h; path = ../CComponentNoteView.h; sourceTree = SOURCE_ROOT; };
		EA99686D0F026A2E00FEFB5A /* IAttributeSelectionObserver.h */ = {isa = PBXFileReference; fileEncoding = 4; lastKnownFileType = sourcecode.c.h; name = IAttributeSelectionObserver.h; path = ../IAttributeSelectionObserver.h; sourceTree = SOURCE_ROOT; };
		EA99686E0F026A2E00FEFB5A /* CRegistryViewComp.h */ = {isa = PBXFileReference; fileEncoding = 4; lastKnownFileType = sourcecode.c.h; name = CRegistryViewComp.h; path = ../CRegistryViewComp.h; sourceTree = SOURCE_ROOT; };
		EA99686F0F026A2E00FEFB5A /* CComponentNote.h */ = {isa = PBXFileReference; fileEncoding = 4; lastKnownFileType = sourcecode.c.h; name = CComponentNote.h; path = ../CComponentNote.h; sourceTree = SOURCE_ROOT; };
		EA9968700F026A2E00FEFB5A /* CRegistryLoaderComp.h */ = {isa = PBXFileReference; fileEncoding = 4; lastKnownFileType = sourcecode.c.h; name = CRegistryLoaderComp.h; path = ../CRegistryLoaderComp.h; sourceTree = SOURCE_ROOT; };
		EA9968710F026A2E00FEFB5A /* CComponentConnector.h */ = {isa = PBXFileReference; fileEncoding = 4; lastKnownFileType = sourcecode.c.h; name = CComponentConnector.h; path = ../CComponentConnector.h; sourceTree = SOURCE_ROOT; };
		EA9968720F026A2E00FEFB5A /* CRegistryView.h */ = {isa = PBXFileReference; fileEncoding = 4; lastKnownFileType = sourcecode.c.h; name = CRegistryView.h; path = ../CRegistryView.h; sourceTree = SOURCE_ROOT; };
		EA9968730F026A2E00FEFB5A /* IComponentNote.h */ = {isa = PBXFileReference; fileEncoding = 4; lastKnownFileType = sourcecode.c.h; name = IComponentNote.h; path = ../IComponentNote.h; sourceTree = SOURCE_ROOT; };
		EA9968740F026A2E00FEFB5A /* CPackageOverviewComp.h */ = {isa = PBXFileReference; fileEncoding = 4; lastKnownFileType = sourcecode.c.h; name = CPackageOverviewComp.h; path = ../CPackageOverviewComp.h; sourceTree = SOURCE_ROOT; };
		EA9968760F026A6700FEFB5A /* CAttributeEditorComp.cpp */ = {isa = PBXFileReference; fileEncoding = 4; lastKnownFileType = sourcecode.cpp.cpp; name = CAttributeEditorComp.cpp; path = ../CAttributeEditorComp.cpp; sourceTree = SOURCE_ROOT; };
		EA9968770F026A6700FEFB5A /* CComponentView.cpp */ = {isa = PBXFileReference; fileEncoding = 4; lastKnownFileType = sourcecode.cpp.cpp; name = CComponentView.cpp; path = ../CComponentView.cpp; sourceTree = SOURCE_ROOT; };
		EA9968780F026A6700FEFB5A /* CComponentNoteView.cpp */ = {isa = PBXFileReference; fileEncoding = 4; lastKnownFileType = sourcecode.cpp.cpp; name = CComponentNoteView.cpp; path = ../CComponentNoteView.cpp; sourceTree = SOURCE_ROOT; };
		EA9968790F026A6700FEFB5A /* CRegistryPreviewComp.cpp */ = {isa = PBXFileReference; fileEncoding = 4; lastKnownFileType = sourcecode.cpp.cpp; name = CRegistryPreviewComp.cpp; path = ../CRegistryPreviewComp.cpp; sourceTree = SOURCE_ROOT; };
		EA99687A0F026A6700FEFB5A /* CRegistryViewComp.cpp */ = {isa = PBXFileReference; fileEncoding = 4; lastKnownFileType = sourcecode.cpp.cpp; name = CRegistryViewComp.cpp; path = ../CRegistryViewComp.cpp; sourceTree = SOURCE_ROOT; };
		EA99687B0F026A6700FEFB5A /* CComponentNote.cpp */ = {isa = PBXFileReference; fileEncoding = 4; lastKnownFileType = sourcecode.cpp.cpp; name = CComponentNote.cpp; path = ../CComponentNote.cpp; sourceTree = SOURCE_ROOT; };
		EA99687C0F026A6700FEFB5A /* Main.cpp */ = {isa = PBXFileReference; fileEncoding = 4; lastKnownFileType = sourcecode.cpp.cpp; name = Main.cpp; path = ../Main.cpp; sourceTree = SOURCE_ROOT; };
		EA99687D0F026A6700FEFB5A /* CPackageOverviewComp.cpp */ = {isa = PBXFileReference; fileEncoding = 4; lastKnownFileType = sourcecode.cpp.cpp; name = CPackageOverviewComp.cpp; path = ../CPackageOverviewComp.cpp; sourceTree = SOURCE_ROOT; };
		EA99687E0F026A6700FEFB5A /* CRegistryLoaderComp.cpp */ = {isa = PBXFileReference; fileEncoding = 4; lastKnownFileType = sourcecode.cpp.cpp; name = CRegistryLoaderComp.cpp; path = ../CRegistryLoaderComp.cpp; sourceTree = SOURCE_ROOT; };
		EA99687F0F026A6700FEFB5A /* CRegistryModelComp.cpp */ = {isa = PBXFileReference; fileEncoding = 4; lastKnownFileType = sourcecode.cpp.cpp; name = CRegistryModelComp.cpp; path = ../CRegistryModelComp.cpp; sourceTree = SOURCE_ROOT; };
		EA9968800F026A6700FEFB5A /* CComponentConnector.cpp */ = {isa = PBXFileReference; fileEncoding = 4; lastKnownFileType = sourcecode.cpp.cpp; name = CComponentConnector.cpp; path = ../CComponentConnector.cpp; sourceTree = SOURCE_ROOT; };
		EA9968810F026A6700FEFB5A /* CRegistryView.cpp */ = {isa = PBXFileReference; fileEncoding = 4; lastKnownFileType = sourcecode.cpp.cpp; name = CRegistryView.cpp; path = ../CRegistryView.cpp; sourceTree = SOURCE_ROOT; };
		EA9968900F02730900FEFB5A /* moc_CRegistryView.cpp */ = {isa = PBXFileReference; fileEncoding = 4; lastKnownFileType = sourcecode.cpp.cpp; name = moc_CRegistryView.cpp; path = ../Generated/moc_CRegistryView.cpp; sourceTree = SOURCE_ROOT; };
/* End PBXFileReference section */

/* Begin PBXFrameworksBuildPhase section */
		EA5A98660EEC34FD00FD019A /* Frameworks */ = {
			isa = PBXFrameworksBuildPhase;
			buildActionMask = 2147483647;
			files = (
				EA6647B70EED496B006773C7 /* QtCore.framework in Frameworks */,
				EA6647BB0EED496B006773C7 /* QtGui.framework in Frameworks */,
				EA6647BD0EED496B006773C7 /* QtNetwork.framework in Frameworks */,
				EA6647BF0EED496B006773C7 /* QtScript.framework in Frameworks */,
				EA6647C40EED496B006773C7 /* QtXml.framework in Frameworks */,
				EA99CB920F04514D003471A1 /* libacfstd.a in Frameworks */,
				EA99CB930F045151003471A1 /* libacfqt.a in Frameworks */,
			);
			runOnlyForDeploymentPostprocessing = 0;
		};
/* End PBXFrameworksBuildPhase section */

/* Begin PBXGroup section */
		08FB7794FE84155DC02AAC07 /* compositor */ = {
			isa = PBXGroup;
			children = (
				EA2842CC0EF026D50044F226 /* AcfStd.xcodeproj */,
				EA2842D80EF026EE0044F226 /* AcfQt.xcodeproj */,
				EA6647A10EED48A5006773C7 /* QT Libs */,
				EAB5AC950ED2E587006EC826 /* Header */,
				08FB7795FE84155DC02AAC07 /* Source */,
				EA9856A50EEABE3D00C738EF /* Generated */,
				EA9856AA0EEABE3D00C738EF /* Resources */,
				EA9856A60EEABE5300C738EF /* Garbages */,
				C6A0FF2B0290797F04C91782 /* Forms */,
				1AB674ADFE9D54B511CA2CBB /* Products */,
			);
			name = compositor;
			sourceTree = "<group>";
		};
		08FB7795FE84155DC02AAC07 /* Source */ = {
			isa = PBXGroup;
			children = (
				EA9968760F026A6700FEFB5A /* CAttributeEditorComp.cpp */,
				EA9968770F026A6700FEFB5A /* CComponentView.cpp */,
				EA9968780F026A6700FEFB5A /* CComponentNoteView.cpp */,
				EA9968790F026A6700FEFB5A /* CRegistryPreviewComp.cpp */,
				EA99687A0F026A6700FEFB5A /* CRegistryViewComp.cpp */,
				EA99687B0F026A6700FEFB5A /* CComponentNote.cpp */,
				EA99687C0F026A6700FEFB5A /* Main.cpp */,
				EA99687D0F026A6700FEFB5A /* CPackageOverviewComp.cpp */,
				EA99687E0F026A6700FEFB5A /* CRegistryLoaderComp.cpp */,
				EA99687F0F026A6700FEFB5A /* CRegistryModelComp.cpp */,
				EA9968800F026A6700FEFB5A /* CComponentConnector.cpp */,
				EA9968810F026A6700FEFB5A /* CRegistryView.cpp */,
			);
			name = Source;
			sourceTree = "<group>";
		};
		1AB674ADFE9D54B511CA2CBB /* Products */ = {
			isa = PBXGroup;
			children = (
				EA5A98680EEC34FD00FD019A /* Compositor */,
			);
			name = Products;
			sourceTree = "<group>";
		};
		C6A0FF2B0290797F04C91782 /* Forms */ = {
			isa = PBXGroup;
			children = (
				123457080ED2E572006EC826 /* CAttributeEditorComp.ui */,
				123457090ED2E572006EC826 /* CPackageOverviewComp.ui */,
			);
			name = Forms;
			sourceTree = "<group>";
		};
		EA6647A10EED48A5006773C7 /* QT Libs */ = {
			isa = PBXGroup;
			children = (
				EA6647A60EED496B006773C7 /* QtCore.framework */,
				EA6647AA0EED496B006773C7 /* QtGui.framework */,
				EA6647AC0EED496B006773C7 /* QtNetwork.framework */,
				EA6647AE0EED496B006773C7 /* QtScript.framework */,
				EA6647B30EED496B006773C7 /* QtXml.framework */,
			);
			name = "QT Libs";
			sourceTree = "<group>";
		};
		EA9856A50EEABE3D00C738EF /* Generated */ = {
			isa = PBXGroup;
			children = (
				EA9968900F02730900FEFB5A /* moc_CRegistryView.cpp */,
				EA283C260EF00E830044F226 /* moc_CAttributeEditorComp.cpp */,
				EA283C270EF00E830044F226 /* moc_CComponentView.cpp */,
				EA283C280EF00E830044F226 /* moc_CPackageOverviewComp.cpp */,
				EA283C290EF00E830044F226 /* moc_CRegistryPreviewComp.cpp */,
				EA283C2A0EF00E830044F226 /* moc_CRegistryViewComp.cpp */,
				EA283C2B0EF00E830044F226 /* qrc_Compositor.cpp */,
				EA283C2C0EF00E830044F226 /* ui_CAttributeEditorComp.h */,
				EA283C2D0EF00E830044F226 /* ui_CPackageOverviewComp.h */,
			);
			name = Generated;
			sourceTree = "<group>";
		};
		EA9856A60EEABE5300C738EF /* Garbages */ = {
			isa = PBXGroup;
			children = (
				123456910ED2E572006EC826 /* CAttributeEditorComp.moc */,
				123456960ED2E572006EC826 /* CComponentView.moc */,
				123456980ED2E572006EC826 /* CPackageOverviewComp.moc */,
				123457020ED2E572006EC826 /* CRegistryPreviewComp.moc */,
				123457040ED2E572006EC826 /* CRegistryViewComp.moc */,
			);
			name = Garbages;
			sourceTree = "<group>";
		};
		EA9856AA0EEABE3D00C738EF /* Resources */ = {
			isa = PBXGroup;
			children = (
				123457180ED2E572006EC826 /* Compositor.qrc */,
			);
			name = Resources;
			sourceTree = "<group>";
		};
		EA99CB110F0450A8003471A1 /* Products */ = {
			isa = PBXGroup;
			children = (
				EA99CB150F0450A8003471A1 /* libacfstd.a */,
			);
			name = Products;
			sourceTree = "<group>";
		};
		EA99CB1E0F0450AF003471A1 /* Products */ = {
			isa = PBXGroup;
			children = (
				EA99CB220F0450AF003471A1 /* libacfqt.a */,
			);
			name = Products;
			sourceTree = "<group>";
		};
		EAB5AC950ED2E587006EC826 /* Header */ = {
			isa = PBXGroup;
			children = (
				EA9968670F026A2D00FEFB5A /* CRegistryPreviewComp.h */,
				EA9968680F026A2D00FEFB5A /* CComponentView.h */,
				EA9968690F026A2D00FEFB5A /* IRegistryPreview.h */,
				EA99686A0F026A2D00FEFB5A /* CAttributeEditorComp.h */,
				EA99686B0F026A2E00FEFB5A /* CRegistryModelComp.h */,
				EA99686C0F026A2E00FEFB5A /* CComponentNoteView.h */,
				EA99686D0F026A2E00FEFB5A /* IAttributeSelectionObserver.h */,
				EA99686E0F026A2E00FEFB5A /* CRegistryViewComp.h */,
				EA99686F0F026A2E00FEFB5A /* CComponentNote.h */,
				EA9968700F026A2E00FEFB5A /* CRegistryLoaderComp.h */,
				EA9968710F026A2E00FEFB5A /* CComponentConnector.h */,
				EA9968720F026A2E00FEFB5A /* CRegistryView.h */,
				EA9968730F026A2E00FEFB5A /* IComponentNote.h */,
				EA9968740F026A2E00FEFB5A /* CPackageOverviewComp.h */,
			);
			name = Header;
			sourceTree = "<group>";
		};
/* End PBXGroup section */

/* Begin PBXNativeTarget section */
		EA5A98670EEC34FD00FD019A /* Compositor */ = {
			isa = PBXNativeTarget;
			buildConfigurationList = EA5A98720EEC354300FD019A /* Build configuration list for PBXNativeTarget "Compositor" */;
			buildPhases = (
				EA6981130EEBF38E00FE4110 /* ShellScript */,
				EA5A98650EEC34FD00FD019A /* Sources */,
				EA5A98660EEC34FD00FD019A /* Frameworks */,
			);
			buildRules = (
			);
			dependencies = (
				EA99CB240F0450CC003471A1 /* PBXTargetDependency */,
				EA99CB260F0450CC003471A1 /* PBXTargetDependency */,
			);
			name = Compositor;
			productName = Compositor;
			productReference = EA5A98680EEC34FD00FD019A /* Compositor */;
			productType = "com.apple.product-type.tool";
		};
/* End PBXNativeTarget section */

/* Begin PBXProject section */
		08FB7793FE84155DC02AAC07 /* Project object */ = {
			isa = PBXProject;
			buildConfigurationList = 1DEB91EF08733DB70010E9CD /* Build configuration list for PBXProject "Compositor" */;
			compatibilityVersion = "Xcode 3.0";
			hasScannedForEncodings = 1;
			mainGroup = 08FB7794FE84155DC02AAC07 /* compositor */;
			projectDirPath = "";
			projectReferences = (
				{
					ProductGroup = EA99CB1E0F0450AF003471A1 /* Products */;
					ProjectRef = EA2842D80EF026EE0044F226 /* AcfQt.xcodeproj */;
				},
				{
					ProductGroup = EA99CB110F0450A8003471A1 /* Products */;
					ProjectRef = EA2842CC0EF026D50044F226 /* AcfStd.xcodeproj */;
				},
			);
			projectRoot = "";
			targets = (
				EA5A98670EEC34FD00FD019A /* Compositor */,
			);
		};
/* End PBXProject section */

/* Begin PBXReferenceProxy section */
		EA99CB150F0450A8003471A1 /* libacfstd.a */ = {
			isa = PBXReferenceProxy;
			fileType = archive.ar;
			path = libacfstd.a;
			remoteRef = EA99CB140F0450A8003471A1 /* PBXContainerItemProxy */;
			sourceTree = BUILT_PRODUCTS_DIR;
		};
		EA99CB220F0450AF003471A1 /* libacfqt.a */ = {
			isa = PBXReferenceProxy;
			fileType = archive.ar;
			path = libacfqt.a;
			remoteRef = EA99CB210F0450AF003471A1 /* PBXContainerItemProxy */;
			sourceTree = BUILT_PRODUCTS_DIR;
		};
/* End PBXReferenceProxy section */

/* Begin PBXShellScriptBuildPhase section */
		EA6981130EEBF38E00FE4110 /* ShellScript */ = {
			isa = PBXShellScriptBuildPhase;
			buildActionMask = 2147483647;
			comments = "UIC'ing...";
			files = (
			);
			inputPaths = (
				../CAttributeEditorComp.h,
				../CComponentView.h,
				../CPackageOverviewComp.h,
				../CRegistryPreviewComp.h,
				../CRegistryViewComp.h,
				../CAttributeEditorComp.ui,
				../CPackageOverviewComp.ui,
				../Compositor.qrc,
			);
			outputPaths = (
				../Generated/moc_CAttributeEditorComp.cpp,
				../Generated/moc_CComponentView.cpp,
				../Generated/moc_CPackageOverviewComp.cpp,
				../Generated/moc_CRegistryPreviewComp.cpp,
				../Generated/moc_CRegistryViewComp.cpp,
				../Generated/ui_CAttributeEditorComp.h,
				../Generated/ui_CPackageOverviewComp.h,
				../Generated/qrc_Compositor.cpp,
			);
			runOnlyForDeploymentPostprocessing = 0;
			shellPath = /bin/sh;
			shellScript = "moc -o ../Generated/moc_CAttributeEditorComp.cpp ../CAttributeEditorComp.h\nmoc -o ../Generated/moc_CComponentView.cpp ../CComponentView.h\nmoc -o ../Generated/moc_CPackageOverviewComp.cpp ../CPackageOverviewComp.h\nmoc -o ../Generated/moc_CRegistryPreviewComp.cpp ../CRegistryPreviewComp.h\nmoc -o ../Generated/moc_CRegistryView.cpp ../CRegistryView.h\nmoc -o ../Generated/moc_CRegistryViewComp.cpp ../CRegistryViewComp.h\nuic -o ../Generated/ui_CAttributeEditorComp.h ../CAttributeEditorComp.ui\nuic -o ../Generated/ui_CPackageOverviewComp.h ../CPackageOverviewComp.ui\nrcc -name Compositor -o ../Generated/qrc_Compositor.cpp ../Compositor.qrc\n";
		};
/* End PBXShellScriptBuildPhase section */

/* Begin PBXSourcesBuildPhase section */
		EA5A98650EEC34FD00FD019A /* Sources */ = {
			isa = PBXSourcesBuildPhase;
			buildActionMask = 2147483647;
			files = (
				EA283C2E0EF00E830044F226 /* moc_CAttributeEditorComp.cpp in Sources */,
				EA283C2F0EF00E830044F226 /* moc_CComponentView.cpp in Sources */,
				EA283C300EF00E830044F226 /* moc_CPackageOverviewComp.cpp in Sources */,
				EA283C310EF00E830044F226 /* moc_CRegistryPreviewComp.cpp in Sources */,
				EA283C320EF00E830044F226 /* moc_CRegistryViewComp.cpp in Sources */,
				EA283C330EF00E830044F226 /* qrc_Compositor.cpp in Sources */,
				EA9968820F026A6700FEFB5A /* CAttributeEditorComp.cpp in Sources */,
				EA9968830F026A6700FEFB5A /* CComponentView.cpp in Sources */,
				EA9968840F026A6700FEFB5A /* CComponentNoteView.cpp in Sources */,
				EA9968850F026A6700FEFB5A /* CRegistryPreviewComp.cpp in Sources */,
				EA9968860F026A6700FEFB5A /* CRegistryViewComp.cpp in Sources */,
				EA9968870F026A6700FEFB5A /* CComponentNote.cpp in Sources */,
				EA9968880F026A6700FEFB5A /* Main.cpp in Sources */,
				EA9968890F026A6700FEFB5A /* CPackageOverviewComp.cpp in Sources */,
				EA99688A0F026A6700FEFB5A /* CRegistryLoaderComp.cpp in Sources */,
				EA99688B0F026A6700FEFB5A /* CRegistryModelComp.cpp in Sources */,
				EA99688C0F026A6700FEFB5A /* CComponentConnector.cpp in Sources */,
				EA99688D0F026A6700FEFB5A /* CRegistryView.cpp in Sources */,
				EA9968910F02730900FEFB5A /* moc_CRegistryView.cpp in Sources */,
			);
			runOnlyForDeploymentPostprocessing = 0;
		};
/* End PBXSourcesBuildPhase section */

/* Begin PBXTargetDependency section */
		EA99CB240F0450CC003471A1 /* PBXTargetDependency */ = {
			isa = PBXTargetDependency;
			name = acfqt;
			targetProxy = EA99CB230F0450CC003471A1 /* PBXContainerItemProxy */;
		};
		EA99CB260F0450CC003471A1 /* PBXTargetDependency */ = {
			isa = PBXTargetDependency;
			name = acfstd;
			targetProxy = EA99CB250F0450CC003471A1 /* PBXContainerItemProxy */;
		};
/* End PBXTargetDependency section */

/* Begin XCBuildConfiguration section */
		1DEB91F008733DB70010E9CD /* Debug */ = {
			isa = XCBuildConfiguration;
			buildSettings = {
				GCC_INLINES_ARE_PRIVATE_EXTERN = YES;
				GCC_SYMBOLS_PRIVATE_EXTERN = YES;
				GCC_WARN_ABOUT_RETURN_TYPE = YES;
				GCC_WARN_UNUSED_VARIABLE = YES;
				HEADER_SEARCH_PATHS = (
					../../../Include,
					../..,
					"${QTDIR}/include",
					"${QTDIR}/include/QtCore",
					"${QTDIR}/include/QtGui",
					"${QTDIR}/include/QtNetwork",
					"${QTDIR}/include/QtScript",
					"${QTDIR}/include/QtXml",
				);
				PREBINDING = NO;
				SDKROOT = "$(DEVELOPER_SDK_DIR)/MacOSX10.5.sdk";
			};
			name = Debug;
		};
		1DEB91F108733DB70010E9CD /* Release */ = {
			isa = XCBuildConfiguration;
			buildSettings = {
				ARCHS = (
					ppc,
					i386,
				);
				GCC_INLINES_ARE_PRIVATE_EXTERN = YES;
				GCC_SYMBOLS_PRIVATE_EXTERN = YES;
				GCC_WARN_ABOUT_RETURN_TYPE = YES;
				GCC_WARN_UNUSED_VARIABLE = YES;
				HEADER_SEARCH_PATHS = (
					../../../Include,
					../..,
					"${QTDIR}/include",
					"${QTDIR}/include/QtCore",
					"${QTDIR}/include/QtGui",
					"${QTDIR}/include/QtNetwork",
					"${QTDIR}/include/QtScript",
					"${QTDIR}/include/QtXml",
				);
				PREBINDING = NO;
				SDKROOT = "$(DEVELOPER_SDK_DIR)/MacOSX10.5.sdk";
			};
			name = Release;
		};
		EA5A986A0EEC34FD00FD019A /* Debug */ = {
			isa = XCBuildConfiguration;
			buildSettings = {
				ARCHS = "$(NATIVE_ARCH)";
				CONFIGURATION_BUILD_DIR = "../../../Bin/$(CONFIGURATION)Xcd";
				COPY_PHASE_STRIP = NO;
				EXECUTABLE_EXTENSION = app;
				FRAMEWORK_SEARCH_PATHS = "${QTDIR}/lib";
				GCC_DYNAMIC_NO_PIC = NO;
				GCC_ENABLE_FIX_AND_CONTINUE = YES;
				GCC_MODEL_TUNING = G5;
				GCC_OPTIMIZATION_LEVEL = 0;
				HEADER_SEARCH_PATHS = (
					../../../Include,
					../..,
					"${QTDIR}/include",
					"${QTDIR}/include/QtCore",
					"${QTDIR}/include/QtGui",
					"${QTDIR}/include/QtNetwork",
					"${QTDIR}/include/QtScript",
					"${QTDIR}/include/QtXml",
				);
				INSTALL_PATH = /usr/local/bin;
				LIBRARY_SEARCH_PATHS = (
					"../../../Lib/$(CONFIGURATION)Xcd",
					"\"$(SRCROOT)/../../../Lib/DebugXcd\"",
				);
				MACH_O_TYPE = mh_execute;
				OBJROOT = "$(SYMROOT)";
				OTHER_CFLAGS = "-fvisibility=default";
				PREBINDING = NO;
				PRELINK_LIBS = "";
				PRODUCT_NAME = Compositor;
				SYMROOT = build;
				WARNING_LDFLAGS = "-no_arch_warnings";
				ZERO_LINK = YES;
			};
			name = Debug;
		};
		EA5A986B0EEC34FD00FD019A /* Release */ = {
			isa = XCBuildConfiguration;
			buildSettings = {
				CONFIGURATION_BUILD_DIR = "../../../Bin/$(CONFIGURATION)Xcd";
				COPY_PHASE_STRIP = YES;
				DEBUG_INFORMATION_FORMAT = "dwarf-with-dsym";
				EXECUTABLE_EXTENSION = app;
				FRAMEWORK_SEARCH_PATHS = "${QTDIR}/lib";
				GCC_ENABLE_FIX_AND_CONTINUE = NO;
				GCC_MODEL_TUNING = G5;
				HEADER_SEARCH_PATHS = (
					../../../Include,
					../..,
					"${QTDIR}/include",
					"${QTDIR}/include/QtCore",
					"${QTDIR}/include/QtGui",
					"${QTDIR}/include/QtNetwork",
					"${QTDIR}/include/QtScript",
					"${QTDIR}/include/QtXml",
				);
				INSTALL_PATH = /usr/local/bin;
				LIBRARY_SEARCH_PATHS = (
					"../../../Lib/$(CONFIGURATION)Xcd",
					"\"$(SRCROOT)/../../../Lib/DebugXcd\"",
				);
				MACH_O_TYPE = mh_execute;
				OBJROOT = "$(SYMROOT)";
				PREBINDING = NO;
				PRELINK_LIBS = "";
				PRODUCT_NAME = Compositor;
				SYMROOT = build;
				ZERO_LINK = NO;
			};
			name = Release;
		};
/* End XCBuildConfiguration section */

/* Begin XCConfigurationList section */
		1DEB91EF08733DB70010E9CD /* Build configuration list for PBXProject "Compositor" */ = {
			isa = XCConfigurationList;
			buildConfigurations = (
				1DEB91F008733DB70010E9CD /* Debug */,
				1DEB91F108733DB70010E9CD /* Release */,
			);
			defaultConfigurationIsVisible = 0;
			defaultConfigurationName = Release;
		};
		EA5A98720EEC354300FD019A /* Build configuration list for PBXNativeTarget "Compositor" */ = {
			isa = XCConfigurationList;
			buildConfigurations = (
				EA5A986A0EEC34FD00FD019A /* Debug */,
				EA5A986B0EEC34FD00FD019A /* Release */,
			);
			defaultConfigurationIsVisible = 0;
			defaultConfigurationName = Release;
		};
/* End XCConfigurationList section */
	};
	rootObject = 08FB7793FE84155DC02AAC07 /* Project object */;
}
