// !$*UTF8*$!
{
	archiveVersion = 1;
	classes = {
	};
	objectVersion = 44;
	objects = {

/* Begin PBXBuildFile section */
		EA6646920EED30CB006773C7 /* Main.cpp in Sources */ = {isa = PBXBuildFile; fileRef = 123456890ED2E572006EC826 /* Main.cpp */; };
		EA6646930EED30E0006773C7 /* CRegistryPreviewComp.cpp in Sources */ = {isa = PBXBuildFile; fileRef = 123456870ED2E572006EC826 /* CRegistryPreviewComp.cpp */; };
		EA6646940EED30E1006773C7 /* CPackageOverviewComp.cpp in Sources */ = {isa = PBXBuildFile; fileRef = 123456840ED2E572006EC826 /* CPackageOverviewComp.cpp */; };
		EA6646950EED30E2006773C7 /* CComponentConnector.cpp in Sources */ = {isa = PBXBuildFile; fileRef = 123456800ED2E572006EC826 /* CComponentConnector.cpp */; };
		EA6646960EED30E2006773C7 /* CComponentView.cpp in Sources */ = {isa = PBXBuildFile; fileRef = 123456830ED2E572006EC826 /* CComponentView.cpp */; };
		EA6646970EED30E3006773C7 /* CRegistryViewComp.cpp in Sources */ = {isa = PBXBuildFile; fileRef = 123456880ED2E572006EC826 /* CRegistryViewComp.cpp */; };
		EA6646980EED30E3006773C7 /* CRegistryModelComp.cpp in Sources */ = {isa = PBXBuildFile; fileRef = 123456860ED2E572006EC826 /* CRegistryModelComp.cpp */; };
		EA6646990EED30E3006773C7 /* CComponentNoteView.cpp in Sources */ = {isa = PBXBuildFile; fileRef = 123456820ED2E572006EC826 /* CComponentNoteView.cpp */; };
		EA66469A0EED30E4006773C7 /* CComponentNote.cpp in Sources */ = {isa = PBXBuildFile; fileRef = 123456810ED2E572006EC826 /* CComponentNote.cpp */; };
		EA66469B0EED30E4006773C7 /* CRegistryLoaderComp.cpp in Sources */ = {isa = PBXBuildFile; fileRef = 123456850ED2E572006EC826 /* CRegistryLoaderComp.cpp */; };
		EA66469C0EED30E4006773C7 /* CAttributeEditorComp.cpp in Sources */ = {isa = PBXBuildFile; fileRef = 123456790ED2E572006EC826 /* CAttributeEditorComp.cpp */; };
		EA6647B70EED496B006773C7 /* QtCore.framework in Frameworks */ = {isa = PBXBuildFile; fileRef = EA6647A60EED496B006773C7 /* QtCore.framework */; };
		EA6647BB0EED496B006773C7 /* QtGui.framework in Frameworks */ = {isa = PBXBuildFile; fileRef = EA6647AA0EED496B006773C7 /* QtGui.framework */; };
		EA6647BC0EED496B006773C7 /* QtHelp.framework in Frameworks */ = {isa = PBXBuildFile; fileRef = EA6647AB0EED496B006773C7 /* QtHelp.framework */; };
		EA6647BD0EED496B006773C7 /* QtNetwork.framework in Frameworks */ = {isa = PBXBuildFile; fileRef = EA6647AC0EED496B006773C7 /* QtNetwork.framework */; };
		EA6647BE0EED496B006773C7 /* QtOpenGL.framework in Frameworks */ = {isa = PBXBuildFile; fileRef = EA6647AD0EED496B006773C7 /* QtOpenGL.framework */; };
		EA6647BF0EED496B006773C7 /* QtScript.framework in Frameworks */ = {isa = PBXBuildFile; fileRef = EA6647AE0EED496B006773C7 /* QtScript.framework */; };
		EA6647C00EED496B006773C7 /* QtSql.framework in Frameworks */ = {isa = PBXBuildFile; fileRef = EA6647AF0EED496B006773C7 /* QtSql.framework */; };
		EA6647C10EED496B006773C7 /* QtSvg.framework in Frameworks */ = {isa = PBXBuildFile; fileRef = EA6647B00EED496B006773C7 /* QtSvg.framework */; };
		EA6647C40EED496B006773C7 /* QtXml.framework in Frameworks */ = {isa = PBXBuildFile; fileRef = EA6647B30EED496B006773C7 /* QtXml.framework */; };
		EABA3C980EEFF383009058A6 /* libacfqt.a in Frameworks */ = {isa = PBXBuildFile; fileRef = EABA3C960EEFF383009058A6 /* libacfqt.a */; };
		EABA3C990EEFF383009058A6 /* libacfstd.a in Frameworks */ = {isa = PBXBuildFile; fileRef = EABA3C970EEFF383009058A6 /* libacfstd.a */; };
/* End PBXBuildFile section */

/* Begin PBXFileReference section */
		123456790ED2E572006EC826 /* CAttributeEditorComp.cpp */ = {isa = PBXFileReference; fileEncoding = 4; lastKnownFileType = sourcecode.cpp.cpp; name = CAttributeEditorComp.cpp; path = ../CAttributeEditorComp.cpp; sourceTree = SOURCE_ROOT; };
		123456800ED2E572006EC826 /* CComponentConnector.cpp */ = {isa = PBXFileReference; fileEncoding = 4; lastKnownFileType = sourcecode.cpp.cpp; name = CComponentConnector.cpp; path = ../CComponentConnector.cpp; sourceTree = SOURCE_ROOT; };
		123456810ED2E572006EC826 /* CComponentNote.cpp */ = {isa = PBXFileReference; fileEncoding = 4; lastKnownFileType = sourcecode.cpp.cpp; name = CComponentNote.cpp; path = ../CComponentNote.cpp; sourceTree = SOURCE_ROOT; };
		123456820ED2E572006EC826 /* CComponentNoteView.cpp */ = {isa = PBXFileReference; fileEncoding = 4; lastKnownFileType = sourcecode.cpp.cpp; name = CComponentNoteView.cpp; path = ../CComponentNoteView.cpp; sourceTree = SOURCE_ROOT; };
		123456830ED2E572006EC826 /* CComponentView.cpp */ = {isa = PBXFileReference; fileEncoding = 4; lastKnownFileType = sourcecode.cpp.cpp; name = CComponentView.cpp; path = ../CComponentView.cpp; sourceTree = SOURCE_ROOT; };
		123456840ED2E572006EC826 /* CPackageOverviewComp.cpp */ = {isa = PBXFileReference; fileEncoding = 4; lastKnownFileType = sourcecode.cpp.cpp; name = CPackageOverviewComp.cpp; path = ../CPackageOverviewComp.cpp; sourceTree = SOURCE_ROOT; };
		123456850ED2E572006EC826 /* CRegistryLoaderComp.cpp */ = {isa = PBXFileReference; fileEncoding = 4; lastKnownFileType = sourcecode.cpp.cpp; name = CRegistryLoaderComp.cpp; path = ../CRegistryLoaderComp.cpp; sourceTree = SOURCE_ROOT; };
		123456860ED2E572006EC826 /* CRegistryModelComp.cpp */ = {isa = PBXFileReference; fileEncoding = 4; lastKnownFileType = sourcecode.cpp.cpp; name = CRegistryModelComp.cpp; path = ../CRegistryModelComp.cpp; sourceTree = SOURCE_ROOT; };
		123456870ED2E572006EC826 /* CRegistryPreviewComp.cpp */ = {isa = PBXFileReference; fileEncoding = 4; lastKnownFileType = sourcecode.cpp.cpp; name = CRegistryPreviewComp.cpp; path = ../CRegistryPreviewComp.cpp; sourceTree = SOURCE_ROOT; };
		123456880ED2E572006EC826 /* CRegistryViewComp.cpp */ = {isa = PBXFileReference; fileEncoding = 4; lastKnownFileType = sourcecode.cpp.cpp; name = CRegistryViewComp.cpp; path = ../CRegistryViewComp.cpp; sourceTree = SOURCE_ROOT; };
		123456890ED2E572006EC826 /* Main.cpp */ = {isa = PBXFileReference; fileEncoding = 4; lastKnownFileType = sourcecode.cpp.cpp; name = Main.cpp; path = ../Main.cpp; sourceTree = SOURCE_ROOT; };
		123456900ED2E572006EC826 /* CAttributeEditorComp.h */ = {isa = PBXFileReference; fileEncoding = 4; lastKnownFileType = sourcecode.cpp.cpp; name = CAttributeEditorComp.h; path = ../CAttributeEditorComp.h; sourceTree = SOURCE_ROOT; };
		123456910ED2E572006EC826 /* CAttributeEditorComp.moc */ = {isa = PBXFileReference; fileEncoding = 4; lastKnownFileType = sourcecode.cpp.cpp; name = CAttributeEditorComp.moc; path = ../CAttributeEditorComp.moc; sourceTree = SOURCE_ROOT; };
		123456920ED2E572006EC826 /* CComponentConnector.h */ = {isa = PBXFileReference; fileEncoding = 4; lastKnownFileType = sourcecode.cpp.cpp; name = CComponentConnector.h; path = ../CComponentConnector.h; sourceTree = SOURCE_ROOT; };
		123456930ED2E572006EC826 /* CComponentNote.h */ = {isa = PBXFileReference; fileEncoding = 4; lastKnownFileType = sourcecode.cpp.cpp; name = CComponentNote.h; path = ../CComponentNote.h; sourceTree = SOURCE_ROOT; };
		123456940ED2E572006EC826 /* CComponentNoteView.h */ = {isa = PBXFileReference; fileEncoding = 4; lastKnownFileType = sourcecode.cpp.cpp; name = CComponentNoteView.h; path = ../CComponentNoteView.h; sourceTree = SOURCE_ROOT; };
		123456950ED2E572006EC826 /* CComponentView.h */ = {isa = PBXFileReference; fileEncoding = 4; lastKnownFileType = sourcecode.cpp.cpp; name = CComponentView.h; path = ../CComponentView.h; sourceTree = SOURCE_ROOT; };
		123456960ED2E572006EC826 /* CComponentView.moc */ = {isa = PBXFileReference; fileEncoding = 4; lastKnownFileType = sourcecode.cpp.cpp; name = CComponentView.moc; path = ../CComponentView.moc; sourceTree = SOURCE_ROOT; };
		123456970ED2E572006EC826 /* CPackageOverviewComp.h */ = {isa = PBXFileReference; fileEncoding = 4; lastKnownFileType = sourcecode.cpp.cpp; name = CPackageOverviewComp.h; path = ../CPackageOverviewComp.h; sourceTree = SOURCE_ROOT; };
		123456980ED2E572006EC826 /* CPackageOverviewComp.moc */ = {isa = PBXFileReference; fileEncoding = 4; lastKnownFileType = sourcecode.cpp.cpp; name = CPackageOverviewComp.moc; path = ../CPackageOverviewComp.moc; sourceTree = SOURCE_ROOT; };
		123456990ED2E572006EC826 /* CRegistryLoaderComp.h */ = {isa = PBXFileReference; fileEncoding = 4; lastKnownFileType = sourcecode.cpp.cpp; name = CRegistryLoaderComp.h; path = ../CRegistryLoaderComp.h; sourceTree = SOURCE_ROOT; };
		123457000ED2E572006EC826 /* CRegistryModelComp.h */ = {isa = PBXFileReference; fileEncoding = 4; lastKnownFileType = sourcecode.cpp.cpp; name = CRegistryModelComp.h; path = ../CRegistryModelComp.h; sourceTree = SOURCE_ROOT; };
		123457010ED2E572006EC826 /* CRegistryPreviewComp.h */ = {isa = PBXFileReference; fileEncoding = 4; lastKnownFileType = sourcecode.cpp.cpp; name = CRegistryPreviewComp.h; path = ../CRegistryPreviewComp.h; sourceTree = SOURCE_ROOT; };
		123457020ED2E572006EC826 /* CRegistryPreviewComp.moc */ = {isa = PBXFileReference; fileEncoding = 4; lastKnownFileType = sourcecode.cpp.cpp; name = CRegistryPreviewComp.moc; path = ../CRegistryPreviewComp.moc; sourceTree = SOURCE_ROOT; };
		123457030ED2E572006EC826 /* CRegistryViewComp.h */ = {isa = PBXFileReference; fileEncoding = 4; lastKnownFileType = sourcecode.cpp.cpp; name = CRegistryViewComp.h; path = ../CRegistryViewComp.h; sourceTree = SOURCE_ROOT; };
		123457040ED2E572006EC826 /* CRegistryViewComp.moc */ = {isa = PBXFileReference; fileEncoding = 4; lastKnownFileType = sourcecode.cpp.cpp; name = CRegistryViewComp.moc; path = ../CRegistryViewComp.moc; sourceTree = SOURCE_ROOT; };
		123457050ED2E572006EC826 /* IAttributeSelectionObserver.h */ = {isa = PBXFileReference; fileEncoding = 4; lastKnownFileType = sourcecode.cpp.cpp; name = IAttributeSelectionObserver.h; path = ../IAttributeSelectionObserver.h; sourceTree = SOURCE_ROOT; };
		123457060ED2E572006EC826 /* IComponentNote.h */ = {isa = PBXFileReference; fileEncoding = 4; lastKnownFileType = sourcecode.cpp.cpp; name = IComponentNote.h; path = ../IComponentNote.h; sourceTree = SOURCE_ROOT; };
		123457070ED2E572006EC826 /* IRegistryPreview.h */ = {isa = PBXFileReference; fileEncoding = 4; lastKnownFileType = sourcecode.cpp.cpp; name = IRegistryPreview.h; path = ../IRegistryPreview.h; sourceTree = SOURCE_ROOT; };
		123457080ED2E572006EC826 /* CAttributeEditorComp.ui */ = {isa = PBXFileReference; fileEncoding = 4; lastKnownFileType = sourcecode.cpp.cpp; name = CAttributeEditorComp.ui; path = ../CAttributeEditorComp.ui; sourceTree = SOURCE_ROOT; };
		123457090ED2E572006EC826 /* CPackageOverviewComp.ui */ = {isa = PBXFileReference; fileEncoding = 4; lastKnownFileType = sourcecode.cpp.cpp; name = CPackageOverviewComp.ui; path = ../CPackageOverviewComp.ui; sourceTree = SOURCE_ROOT; };
		123457100ED2E572006EC826 /* moc_CAttributeEditorComp.cpp */ = {isa = PBXFileReference; fileEncoding = 4; lastKnownFileType = sourcecode.cpp.cpp; name = moc_CAttributeEditorComp.cpp; path = ../Generated/moc_CAttributeEditorComp.cpp; sourceTree = SOURCE_ROOT; };
		123457110ED2E572006EC826 /* moc_CComponentView.cpp */ = {isa = PBXFileReference; fileEncoding = 4; lastKnownFileType = sourcecode.cpp.cpp; name = moc_CComponentView.cpp; path = ../Generated/moc_CComponentView.cpp; sourceTree = SOURCE_ROOT; };
		123457120ED2E572006EC826 /* moc_CPackageOverviewComp.cpp */ = {isa = PBXFileReference; fileEncoding = 4; lastKnownFileType = sourcecode.cpp.cpp; name = moc_CPackageOverviewComp.cpp; path = ../Generated/moc_CPackageOverviewComp.cpp; sourceTree = SOURCE_ROOT; };
		123457130ED2E572006EC826 /* moc_CRegistryPreviewComp.cpp */ = {isa = PBXFileReference; fileEncoding = 4; lastKnownFileType = sourcecode.cpp.cpp; name = moc_CRegistryPreviewComp.cpp; path = ../Generated/moc_CRegistryPreviewComp.cpp; sourceTree = SOURCE_ROOT; };
		123457140ED2E572006EC826 /* moc_CRegistryViewComp.cpp */ = {isa = PBXFileReference; fileEncoding = 4; lastKnownFileType = sourcecode.cpp.cpp; name = moc_CRegistryViewComp.cpp; path = ../Generated/moc_CRegistryViewComp.cpp; sourceTree = SOURCE_ROOT; };
		123457150ED2E572006EC826 /* qrc_Compositor.cpp */ = {isa = PBXFileReference; fileEncoding = 4; lastKnownFileType = sourcecode.cpp.cpp; name = qrc_Compositor.cpp; path = ../Generated/qrc_Compositor.cpp; sourceTree = SOURCE_ROOT; };
		123457160ED2E572006EC826 /* ui_CAttributeEditorComp.h */ = {isa = PBXFileReference; fileEncoding = 4; lastKnownFileType = sourcecode.cpp.cpp; name = ui_CAttributeEditorComp.h; path = ../Generated/ui_CAttributeEditorComp.h; sourceTree = SOURCE_ROOT; };
		123457170ED2E572006EC826 /* ui_CPackageOverviewComp.h */ = {isa = PBXFileReference; fileEncoding = 4; lastKnownFileType = sourcecode.cpp.cpp; name = ui_CPackageOverviewComp.h; path = ../Generated/ui_CPackageOverviewComp.h; sourceTree = SOURCE_ROOT; };
		123457180ED2E572006EC826 /* Compositor.qrc */ = {isa = PBXFileReference; fileEncoding = 4; lastKnownFileType = sourcecode.cpp.cpp; name = Compositor.qrc; path = ../Compositor.qrc; sourceTree = SOURCE_ROOT; };
		EA5A98680EEC34FD00FD019A /* Compositor */ = {isa = PBXFileReference; explicitFileType = "compiled.mach-o.executable"; includeInIndex = 0; path = Compositor; sourceTree = BUILT_PRODUCTS_DIR; };
		EA6647A40EED496B006773C7 /* Qt3Support.framework */ = {isa = PBXFileReference; lastKnownFileType = wrapper.framework; name = Qt3Support.framework; path = /Library/Frameworks/Qt3Support.framework; sourceTree = "<absolute>"; };
		EA6647A50EED496B006773C7 /* QtAssistant.framework */ = {isa = PBXFileReference; lastKnownFileType = wrapper.framework; name = QtAssistant.framework; path = /Library/Frameworks/QtAssistant.framework; sourceTree = "<absolute>"; };
		EA6647A60EED496B006773C7 /* QtCore.framework */ = {isa = PBXFileReference; lastKnownFileType = wrapper.framework; name = QtCore.framework; path = /Library/Frameworks/QtCore.framework; sourceTree = "<absolute>"; };
		EA6647A70EED496B006773C7 /* QtDBus.framework */ = {isa = PBXFileReference; lastKnownFileType = wrapper.framework; name = QtDBus.framework; path = /Library/Frameworks/QtDBus.framework; sourceTree = "<absolute>"; };
		EA6647A80EED496B006773C7 /* QtDesigner.framework */ = {isa = PBXFileReference; lastKnownFileType = wrapper.framework; name = QtDesigner.framework; path = /Library/Frameworks/QtDesigner.framework; sourceTree = "<absolute>"; };
		EA6647A90EED496B006773C7 /* QtDesignerComponents.framework */ = {isa = PBXFileReference; lastKnownFileType = wrapper.framework; name = QtDesignerComponents.framework; path = /Library/Frameworks/QtDesignerComponents.framework; sourceTree = "<absolute>"; };
		EA6647AA0EED496B006773C7 /* QtGui.framework */ = {isa = PBXFileReference; lastKnownFileType = wrapper.framework; name = QtGui.framework; path = /Library/Frameworks/QtGui.framework; sourceTree = "<absolute>"; };
		EA6647AB0EED496B006773C7 /* QtHelp.framework */ = {isa = PBXFileReference; lastKnownFileType = wrapper.framework; name = QtHelp.framework; path = /Library/Frameworks/QtHelp.framework; sourceTree = "<absolute>"; };
		EA6647AC0EED496B006773C7 /* QtNetwork.framework */ = {isa = PBXFileReference; lastKnownFileType = wrapper.framework; name = QtNetwork.framework; path = /Library/Frameworks/QtNetwork.framework; sourceTree = "<absolute>"; };
		EA6647AD0EED496B006773C7 /* QtOpenGL.framework */ = {isa = PBXFileReference; lastKnownFileType = wrapper.framework; name = QtOpenGL.framework; path = /Library/Frameworks/QtOpenGL.framework; sourceTree = "<absolute>"; };
		EA6647AE0EED496B006773C7 /* QtScript.framework */ = {isa = PBXFileReference; lastKnownFileType = wrapper.framework; name = QtScript.framework; path = /Library/Frameworks/QtScript.framework; sourceTree = "<absolute>"; };
		EA6647AF0EED496B006773C7 /* QtSql.framework */ = {isa = PBXFileReference; lastKnownFileType = wrapper.framework; name = QtSql.framework; path = /Library/Frameworks/QtSql.framework; sourceTree = "<absolute>"; };
		EA6647B00EED496B006773C7 /* QtSvg.framework */ = {isa = PBXFileReference; lastKnownFileType = wrapper.framework; name = QtSvg.framework; path = /Library/Frameworks/QtSvg.framework; sourceTree = "<absolute>"; };
		EA6647B10EED496B006773C7 /* QtTest.framework */ = {isa = PBXFileReference; lastKnownFileType = wrapper.framework; name = QtTest.framework; path = /Library/Frameworks/QtTest.framework; sourceTree = "<absolute>"; };
		EA6647B20EED496B006773C7 /* QtWebKit.framework */ = {isa = PBXFileReference; lastKnownFileType = wrapper.framework; name = QtWebKit.framework; path = /Library/Frameworks/QtWebKit.framework; sourceTree = "<absolute>"; };
		EA6647B30EED496B006773C7 /* QtXml.framework */ = {isa = PBXFileReference; lastKnownFileType = wrapper.framework; name = QtXml.framework; path = /Library/Frameworks/QtXml.framework; sourceTree = "<absolute>"; };
		EA6647B40EED496B006773C7 /* QtXmlPatterns.framework */ = {isa = PBXFileReference; lastKnownFileType = wrapper.framework; name = QtXmlPatterns.framework; path = /Library/Frameworks/QtXmlPatterns.framework; sourceTree = "<absolute>"; };
		EA66486F0EED551F006773C7 /* Compositor_Test_Export.txt */ = {isa = PBXFileReference; fileEncoding = 4; lastKnownFileType = text; path = Compositor_Test_Export.txt; sourceTree = "<group>"; };
		EABA3C960EEFF383009058A6 /* libacfqt.a */ = {isa = PBXFileReference; lastKnownFileType = archive.ar; name = libacfqt.a; path = ../../../Lib/DebugXcd/libacfqt.a; sourceTree = SOURCE_ROOT; };
		EABA3C970EEFF383009058A6 /* libacfstd.a */ = {isa = PBXFileReference; lastKnownFileType = archive.ar; name = libacfstd.a; path = ../../../Lib/DebugXcd/libacfstd.a; sourceTree = SOURCE_ROOT; };
/* End PBXFileReference section */

/* Begin PBXFrameworksBuildPhase section */
		EA5A98660EEC34FD00FD019A /* Frameworks */ = {
			isa = PBXFrameworksBuildPhase;
			buildActionMask = 2147483647;
			files = (
				EA6647B70EED496B006773C7 /* QtCore.framework in Frameworks */,
				EA6647BB0EED496B006773C7 /* QtGui.framework in Frameworks */,
				EA6647BC0EED496B006773C7 /* QtHelp.framework in Frameworks */,
				EA6647BD0EED496B006773C7 /* QtNetwork.framework in Frameworks */,
				EA6647BE0EED496B006773C7 /* QtOpenGL.framework in Frameworks */,
				EA6647BF0EED496B006773C7 /* QtScript.framework in Frameworks */,
				EA6647C00EED496B006773C7 /* QtSql.framework in Frameworks */,
				EA6647C10EED496B006773C7 /* QtSvg.framework in Frameworks */,
				EA6647C40EED496B006773C7 /* QtXml.framework in Frameworks */,
				EABA3C980EEFF383009058A6 /* libacfqt.a in Frameworks */,
				EABA3C990EEFF383009058A6 /* libacfstd.a in Frameworks */,
			);
			runOnlyForDeploymentPostprocessing = 0;
		};
/* End PBXFrameworksBuildPhase section */

/* Begin PBXGroup section */
		08FB7794FE84155DC02AAC07 /* compositor */ = {
			isa = PBXGroup;
			children = (
				EABA3C960EEFF383009058A6 /* libacfqt.a */,
				EABA3C970EEFF383009058A6 /* libacfstd.a */,
				EA66486E0EED54FB006773C7 /* Export FIle */,
				EA6647A10EED48A5006773C7 /* QT Libs */,
				EAB5AC950ED2E587006EC826 /* Header */,
				08FB7795FE84155DC02AAC07 /* Source */,
				EA9856A50EEABE3D00C738EF /* Generated */,
				EA9856AA0EEABE3D00C738EF /* Resources */,
				EA9856A60EEABE5300C738EF /* Garbages */,
				C6A0FF2B0290797F04C91782 /* Forms */,
				1AB674ADFE9D54B511CA2CBB /* Products */,
			);
			name = compositor;
			sourceTree = "<group>";
		};
		08FB7795FE84155DC02AAC07 /* Source */ = {
			isa = PBXGroup;
			children = (
				123456790ED2E572006EC826 /* CAttributeEditorComp.cpp */,
				123456800ED2E572006EC826 /* CComponentConnector.cpp */,
				123456810ED2E572006EC826 /* CComponentNote.cpp */,
				123456820ED2E572006EC826 /* CComponentNoteView.cpp */,
				123456830ED2E572006EC826 /* CComponentView.cpp */,
				123456840ED2E572006EC826 /* CPackageOverviewComp.cpp */,
				123456850ED2E572006EC826 /* CRegistryLoaderComp.cpp */,
				123456860ED2E572006EC826 /* CRegistryModelComp.cpp */,
				123456870ED2E572006EC826 /* CRegistryPreviewComp.cpp */,
				123456880ED2E572006EC826 /* CRegistryViewComp.cpp */,
				123456890ED2E572006EC826 /* Main.cpp */,
			);
			name = Source;
			sourceTree = "<group>";
		};
		1AB674ADFE9D54B511CA2CBB /* Products */ = {
			isa = PBXGroup;
			children = (
				EA5A98680EEC34FD00FD019A /* Compositor */,
			);
			name = Products;
			sourceTree = "<group>";
		};
		C6A0FF2B0290797F04C91782 /* Forms */ = {
			isa = PBXGroup;
			children = (
				123457080ED2E572006EC826 /* CAttributeEditorComp.ui */,
				123457090ED2E572006EC826 /* CPackageOverviewComp.ui */,
			);
			name = Forms;
			sourceTree = "<group>";
		};
		EA6647A10EED48A5006773C7 /* QT Libs */ = {
			isa = PBXGroup;
			children = (
				EA6647A40EED496B006773C7 /* Qt3Support.framework */,
				EA6647A50EED496B006773C7 /* QtAssistant.framework */,
				EA6647A60EED496B006773C7 /* QtCore.framework */,
				EA6647A70EED496B006773C7 /* QtDBus.framework */,
				EA6647A80EED496B006773C7 /* QtDesigner.framework */,
				EA6647A90EED496B006773C7 /* QtDesignerComponents.framework */,
				EA6647AA0EED496B006773C7 /* QtGui.framework */,
				EA6647AB0EED496B006773C7 /* QtHelp.framework */,
				EA6647AC0EED496B006773C7 /* QtNetwork.framework */,
				EA6647AD0EED496B006773C7 /* QtOpenGL.framework */,
				EA6647AE0EED496B006773C7 /* QtScript.framework */,
				EA6647AF0EED496B006773C7 /* QtSql.framework */,
				EA6647B00EED496B006773C7 /* QtSvg.framework */,
				EA6647B10EED496B006773C7 /* QtTest.framework */,
				EA6647B20EED496B006773C7 /* QtWebKit.framework */,
				EA6647B30EED496B006773C7 /* QtXml.framework */,
				EA6647B40EED496B006773C7 /* QtXmlPatterns.framework */,
			);
			name = "QT Libs";
			sourceTree = "<group>";
		};
		EA66486E0EED54FB006773C7 /* Export FIle */ = {
			isa = PBXGroup;
			children = (
				EA66486F0EED551F006773C7 /* Compositor_Test_Export.txt */,
			);
			name = "Export FIle";
			sourceTree = "<group>";
		};
		EA9856A50EEABE3D00C738EF /* Generated */ = {
			isa = PBXGroup;
			children = (
				123457100ED2E572006EC826 /* moc_CAttributeEditorComp.cpp */,
				123457110ED2E572006EC826 /* moc_CComponentView.cpp */,
				123457120ED2E572006EC826 /* moc_CPackageOverviewComp.cpp */,
				123457130ED2E572006EC826 /* moc_CRegistryPreviewComp.cpp */,
				123457140ED2E572006EC826 /* moc_CRegistryViewComp.cpp */,
				123457150ED2E572006EC826 /* qrc_Compositor.cpp */,
				123457160ED2E572006EC826 /* ui_CAttributeEditorComp.h */,
				123457170ED2E572006EC826 /* ui_CPackageOverviewComp.h */,
			);
			name = Generated;
			sourceTree = "<group>";
		};
		EA9856A60EEABE5300C738EF /* Garbages */ = {
			isa = PBXGroup;
			children = (
				123456910ED2E572006EC826 /* CAttributeEditorComp.moc */,
				123456960ED2E572006EC826 /* CComponentView.moc */,
				123456980ED2E572006EC826 /* CPackageOverviewComp.moc */,
				123457020ED2E572006EC826 /* CRegistryPreviewComp.moc */,
				123457040ED2E572006EC826 /* CRegistryViewComp.moc */,
			);
			name = Garbages;
			sourceTree = "<group>";
		};
		EA9856AA0EEABE3D00C738EF /* Resources */ = {
			isa = PBXGroup;
			children = (
				123457180ED2E572006EC826 /* Compositor.qrc */,
			);
			name = Resources;
			sourceTree = "<group>";
		};
		EAB5AC950ED2E587006EC826 /* Header */ = {
			isa = PBXGroup;
			children = (
				123456900ED2E572006EC826 /* CAttributeEditorComp.h */,
				123456920ED2E572006EC826 /* CComponentConnector.h */,
				123456930ED2E572006EC826 /* CComponentNote.h */,
				123456940ED2E572006EC826 /* CComponentNoteView.h */,
				123456950ED2E572006EC826 /* CComponentView.h */,
				123456970ED2E572006EC826 /* CPackageOverviewComp.h */,
				123456990ED2E572006EC826 /* CRegistryLoaderComp.h */,
				123457000ED2E572006EC826 /* CRegistryModelComp.h */,
				123457010ED2E572006EC826 /* CRegistryPreviewComp.h */,
				123457030ED2E572006EC826 /* CRegistryViewComp.h */,
				123457050ED2E572006EC826 /* IAttributeSelectionObserver.h */,
				123457060ED2E572006EC826 /* IComponentNote.h */,
				123457070ED2E572006EC826 /* IRegistryPreview.h */,
			);
			name = Header;
			sourceTree = "<group>";
		};
/* End PBXGroup section */

/* Begin PBXNativeTarget section */
		EA5A98670EEC34FD00FD019A /* Compositor */ = {
			isa = PBXNativeTarget;
			buildConfigurationList = EA5A98720EEC354300FD019A /* Build configuration list for PBXNativeTarget "Compositor" */;
			buildPhases = (
				EA6981130EEBF38E00FE4110 /* ShellScript */,
				EA5A98650EEC34FD00FD019A /* Sources */,
				EA5A98660EEC34FD00FD019A /* Frameworks */,
			);
			buildRules = (
			);
			dependencies = (
			);
			name = Compositor;
			productName = Compositor;
			productReference = EA5A98680EEC34FD00FD019A /* Compositor */;
			productType = "com.apple.product-type.tool";
		};
/* End PBXNativeTarget section */

/* Begin PBXProject section */
		08FB7793FE84155DC02AAC07 /* Project object */ = {
			isa = PBXProject;
			buildConfigurationList = 1DEB91EF08733DB70010E9CD /* Build configuration list for PBXProject "Compositor" */;
			compatibilityVersion = "Xcode 3.0";
			hasScannedForEncodings = 1;
			mainGroup = 08FB7794FE84155DC02AAC07 /* compositor */;
			projectDirPath = "";
			projectRoot = "";
			targets = (
				EA5A98670EEC34FD00FD019A /* Compositor */,
			);
		};
/* End PBXProject section */

/* Begin PBXShellScriptBuildPhase section */
		EA6981130EEBF38E00FE4110 /* ShellScript */ = {
			isa = PBXShellScriptBuildPhase;
			buildActionMask = 2147483647;
			comments = "UIC'ing...";
			files = (
			);
			inputPaths = (
				../CAttributeEditorComp.h,
				../CComponentView.h,
				../CPackageOverviewComp.h,
				../CRegistryPreviewComp.h,
				../CRegistryViewComp.h,
				../CAttributeEditorComp.ui,
				../CPackageOverviewComp.ui,
				../Compositor.qrc,
			);
			outputPaths = (
				../Generated/moc_CAttributeEditorComp.cpp,
				../Generated/moc_CComponentView.cpp,
				../Generated/moc_CPackageOverviewComp.cpp,
				../Generated/moc_CRegistryPreviewComp.cpp,
				../Generated/moc_CRegistryViewComp.cpp,
				../Generated/ui_CAttributeEditorComp.h,
				../Generated/ui_CPackageOverviewComp.h,
				../Generated/qrc_Compositor.cpp,
			);
			runOnlyForDeploymentPostprocessing = 0;
			shellPath = /bin/sh;
			shellScript = "moc -o ../Generated/moc_CAttributeEditorComp.cpp ../CAttributeEditorComp.h\nmoc -o ../Generated/moc_CComponentView.cpp ../CComponentView.h\nmoc -o ../Generated/moc_CPackageOverviewComp.cpp ../CPackageOverviewComp.h\nmoc -o ../Generated/moc_CRegistryPreviewComp.cpp ../CRegistryPreviewComp.h\nmoc -o ../Generated/moc_CRegistryViewComp.cpp ../CRegistryViewComp.h\nuic -o ../Generated/ui_CAttributeEditorComp.h ../CAttributeEditorComp.ui\nuic -o ../Generated/ui_CPackageOverviewComp.h ../CPackageOverviewComp.ui\nrcc -name Compositor -o ../Generated/qrc_Compositor.cpp ../Compositor.qrc\n";
		};
/* End PBXShellScriptBuildPhase section */

/* Begin PBXSourcesBuildPhase section */
		EA5A98650EEC34FD00FD019A /* Sources */ = {
			isa = PBXSourcesBuildPhase;
			buildActionMask = 2147483647;
			files = (
				EA6646920EED30CB006773C7 /* Main.cpp in Sources */,
				EA6646930EED30E0006773C7 /* CRegistryPreviewComp.cpp in Sources */,
				EA6646940EED30E1006773C7 /* CPackageOverviewComp.cpp in Sources */,
				EA6646950EED30E2006773C7 /* CComponentConnector.cpp in Sources */,
				EA6646960EED30E2006773C7 /* CComponentView.cpp in Sources */,
				EA6646970EED30E3006773C7 /* CRegistryViewComp.cpp in Sources */,
				EA6646980EED30E3006773C7 /* CRegistryModelComp.cpp in Sources */,
				EA6646990EED30E3006773C7 /* CComponentNoteView.cpp in Sources */,
				EA66469A0EED30E4006773C7 /* CComponentNote.cpp in Sources */,
				EA66469B0EED30E4006773C7 /* CRegistryLoaderComp.cpp in Sources */,
				EA66469C0EED30E4006773C7 /* CAttributeEditorComp.cpp in Sources */,
			);
			runOnlyForDeploymentPostprocessing = 0;
		};
/* End PBXSourcesBuildPhase section */

/* Begin XCBuildConfiguration section */
		1DEB91F008733DB70010E9CD /* Debug */ = {
			isa = XCBuildConfiguration;
			buildSettings = {
				GCC_INLINES_ARE_PRIVATE_EXTERN = YES;
				GCC_SYMBOLS_PRIVATE_EXTERN = YES;
				GCC_WARN_ABOUT_RETURN_TYPE = YES;
				GCC_WARN_UNUSED_VARIABLE = YES;
				HEADER_SEARCH_PATHS = (
					../../../Include,
					../..,
					/Library/Frameworks/QtCore.framework/Headers,
					/Library/Frameworks/QtGui.framework/Headers,
					/Library/Frameworks/QtNetwork.framework/Headers,
					/Library/Frameworks/QtScript.framework/Headers,
					/Library/Frameworks/QtXml.framework/Headers,
				);
				PREBINDING = NO;
				SDKROOT = "$(DEVELOPER_SDK_DIR)/MacOSX10.5.sdk";
			};
			name = Debug;
		};
		1DEB91F108733DB70010E9CD /* Release */ = {
			isa = XCBuildConfiguration;
			buildSettings = {
				ARCHS = (
					ppc,
					i386,
				);
				GCC_INLINES_ARE_PRIVATE_EXTERN = YES;
				GCC_SYMBOLS_PRIVATE_EXTERN = YES;
				GCC_WARN_ABOUT_RETURN_TYPE = YES;
				GCC_WARN_UNUSED_VARIABLE = YES;
				HEADER_SEARCH_PATHS = (
					../../../Include,
					../..,
					/Library/Frameworks/QtCore.framework/Headers,
					/Library/Frameworks/QtGui.framework/Headers,
					/Library/Frameworks/QtNetwork.framework/Headers,
					/Library/Frameworks/QtScript.framework/Headers,
					/Library/Frameworks/QtXml.framework/Headers,
				);
				PREBINDING = NO;
				SDKROOT = "$(DEVELOPER_SDK_DIR)/MacOSX10.5.sdk";
			};
			name = Release;
		};
		EA5A986A0EEC34FD00FD019A /* Debug */ = {
			isa = XCBuildConfiguration;
			buildSettings = {
				ARCHS = "$(NATIVE_ARCH)";
				CONFIGURATION_BUILD_DIR = "../../../Bin/$(CONFIGURATION)Xcd";
				COPY_PHASE_STRIP = NO;
				EXECUTABLE_EXTENSION = app;
				GCC_DYNAMIC_NO_PIC = NO;
				GCC_ENABLE_FIX_AND_CONTINUE = YES;
				GCC_MODEL_TUNING = G5;
				GCC_OPTIMIZATION_LEVEL = 0;
				HEADER_SEARCH_PATHS = (
					../../../Include,
					../..,
					/Library/Frameworks/QtCore.framework/Headers,
					/Library/Frameworks/QtGui.framework/Headers,
					/Library/Frameworks/QtNetwork.framework/Headers,
					/Library/Frameworks/QtScript.framework/Headers,
					/Library/Frameworks/QtXml.framework/Headers,
				);
				INSTALL_PATH = /usr/local/bin;
				LIBRARY_SEARCH_PATHS = (
					"../../../Lib/$(CONFIGURATION)Xcd",
					"\"$(SRCROOT)/../../../Lib/DebugXcd\"",
				);
				MACH_O_TYPE = mh_execute;
				OBJROOT = "$(SYMROOT)";
				OTHER_CFLAGS = "-fvisibility=default";
				PREBINDING = NO;
				PRELINK_LIBS = "";
				PRODUCT_NAME = Compositor;
				SYMROOT = build;
				WARNING_LDFLAGS = "-no_arch_warnings";
				ZERO_LINK = YES;
			};
			name = Debug;
		};
		EA5A986B0EEC34FD00FD019A /* Release */ = {
			isa = XCBuildConfiguration;
			buildSettings = {
				CONFIGURATION_BUILD_DIR = "../../../Bin/$(CONFIGURATION)Xcd";
				COPY_PHASE_STRIP = YES;
				DEBUG_INFORMATION_FORMAT = "dwarf-with-dsym";
				EXECUTABLE_EXTENSION = app;
				GCC_ENABLE_FIX_AND_CONTINUE = NO;
				GCC_MODEL_TUNING = G5;
				HEADER_SEARCH_PATHS = (
					../../../Include,
					../..,
					/Library/Frameworks/QtCore.framework/Headers,
					/Library/Frameworks/QtGui.framework/Headers,
					/Library/Frameworks/QtNetwork.framework/Headers,
					/Library/Frameworks/QtScript.framework/Headers,
					/Library/Frameworks/QtXml.framework/Headers,
				);
				INSTALL_PATH = /usr/local/bin;
				LIBRARY_SEARCH_PATHS = (
					"../../../Lib/$(CONFIGURATION)Xcd",
					"\"$(SRCROOT)/../../../Lib/DebugXcd\"",
				);
				MACH_O_TYPE = mh_execute;
				OBJROOT = "$(SYMROOT)";
				PREBINDING = NO;
				PRELINK_LIBS = "";
				PRODUCT_NAME = Compositor;
				SYMROOT = build;
				ZERO_LINK = NO;
			};
			name = Release;
		};
/* End XCBuildConfiguration section */

/* Begin XCConfigurationList section */
		1DEB91EF08733DB70010E9CD /* Build configuration list for PBXProject "Compositor" */ = {
			isa = XCConfigurationList;
			buildConfigurations = (
				1DEB91F008733DB70010E9CD /* Debug */,
				1DEB91F108733DB70010E9CD /* Release */,
			);
			defaultConfigurationIsVisible = 0;
			defaultConfigurationName = Release;
		};
		EA5A98720EEC354300FD019A /* Build configuration list for PBXNativeTarget "Compositor" */ = {
			isa = XCConfigurationList;
			buildConfigurations = (
				EA5A986A0EEC34FD00FD019A /* Debug */,
				EA5A986B0EEC34FD00FD019A /* Release */,
			);
			defaultConfigurationIsVisible = 0;
			defaultConfigurationName = Release;
		};
/* End XCConfigurationList section */
	};
	rootObject = 08FB7793FE84155DC02AAC07 /* Project object */;
}
