// !$*UTF8*$!
{
	archiveVersion = 1;
	classes = {
	};
	objectVersion = 42;
	objects = {

/* Begin PBXAggregateTarget section */
		EA668A460EF2EDA4006C46C0 /* AcfAll */ = {
			isa = PBXAggregateTarget;
			buildConfigurationList = EA668A510EF2EDD6006C46C0 /* Build configuration list for PBXAggregateTarget "AcfAll" */;
			buildPhases = (
			);
			dependencies = (
				EA668A4A0EF2EDB8006C46C0 /* PBXTargetDependency */,
				EA668A4C0EF2EDB8006C46C0 /* PBXTargetDependency */,
				EA668A4E0EF2EDB8006C46C0 /* PBXTargetDependency */,
				EA668A500EF2EDB8006C46C0 /* PBXTargetDependency */,
			);
			name = AcfAll;
			productName = AcfAll;
		};
/* End PBXAggregateTarget section */

/* Begin PBXContainerItemProxy section */
		EA6689D20EF2ED29006C46C0 /* PBXContainerItemProxy */ = {
			isa = PBXContainerItemProxy;
			containerPortal = EA6689CA0EF2ED29006C46C0 /* Acf.xcodeproj */;
			proxyType = 2;
			remoteGlobalIDString = D2AAC046055464E500DB518D;
			remoteInfo = Acf;
		};
		EA6689DC0EF2ED4E006C46C0 /* PBXContainerItemProxy */ = {
			isa = PBXContainerItemProxy;
			containerPortal = EA6689D40EF2ED4E006C46C0 /* BasePck.xcodeproj */;
			proxyType = 2;
			remoteGlobalIDString = EA283C4B0EF011670044F226;
			remoteInfo = BasePck;
		};
		EA668A210EF2ED5B006C46C0 /* PBXContainerItemProxy */ = {
			isa = PBXContainerItemProxy;
			containerPortal = EA668A170EF2ED5B006C46C0 /* Compositor.xcodeproj */;
			proxyType = 2;
			remoteGlobalIDString = EA5A98680EEC34FD00FD019A;
			remoteInfo = Compositor;
		};
		EA668A430EF2ED73006C46C0 /* PBXContainerItemProxy */ = {
			isa = PBXContainerItemProxy;
			containerPortal = EA668A3A0EF2ED73006C46C0 /* QtPck.xcodeproj */;
			proxyType = 2;
			remoteGlobalIDString = EA283D070EF023D00044F226;
			remoteInfo = QtPck;
		};
		EA668A490EF2EDB8006C46C0 /* PBXContainerItemProxy */ = {
			isa = PBXContainerItemProxy;
			containerPortal = EA668A170EF2ED5B006C46C0 /* Compositor.xcodeproj */;
			proxyType = 1;
			remoteGlobalIDString = EA5A98670EEC34FD00FD019A;
			remoteInfo = Compositor;
		};
		EA668A4B0EF2EDB8006C46C0 /* PBXContainerItemProxy */ = {
			isa = PBXContainerItemProxy;
			containerPortal = EA668A3A0EF2ED73006C46C0 /* QtPck.xcodeproj */;
			proxyType = 1;
			remoteGlobalIDString = EA283D060EF023CF0044F226;
			remoteInfo = QtPck;
		};
		EA668A4D0EF2EDB8006C46C0 /* PBXContainerItemProxy */ = {
			isa = PBXContainerItemProxy;
			containerPortal = EA6689D40EF2ED4E006C46C0 /* BasePck.xcodeproj */;
			proxyType = 1;
			remoteGlobalIDString = EA283C4A0EF011670044F226;
			remoteInfo = BasePck;
		};
		EA668A4F0EF2EDB8006C46C0 /* PBXContainerItemProxy */ = {
			isa = PBXContainerItemProxy;
			containerPortal = EA6689CA0EF2ED29006C46C0 /* Acf.xcodeproj */;
			proxyType = 1;
			remoteGlobalIDString = D2AAC045055464E500DB518D;
			remoteInfo = Acf;
		};
/* End PBXContainerItemProxy section */

/* Begin PBXFileReference section */
		EA6689CA0EF2ED29006C46C0 /* Acf.xcodeproj */ = {isa = PBXFileReference; lastKnownFileType = "wrapper.pb-project"; name = Acf.xcodeproj; path = ../AcfExe/Xcd/Acf.xcodeproj; sourceTree = SOURCE_ROOT; };
		EA6689D40EF2ED4E006C46C0 /* BasePck.xcodeproj */ = {isa = PBXFileReference; lastKnownFileType = "wrapper.pb-project"; name = BasePck.xcodeproj; path = ../BasePck/Xcd/BasePck.xcodeproj; sourceTree = SOURCE_ROOT; };
		EA668A170EF2ED5B006C46C0 /* Compositor.xcodeproj */ = {isa = PBXFileReference; lastKnownFileType = "wrapper.pb-project"; name = Compositor.xcodeproj; path = ../CompositorExe/Xcd/Compositor.xcodeproj; sourceTree = SOURCE_ROOT; };
		EA668A3A0EF2ED73006C46C0 /* QtPck.xcodeproj */ = {isa = PBXFileReference; lastKnownFileType = "wrapper.pb-project"; name = QtPck.xcodeproj; path = ../QtPck/Xcd/QtPck.xcodeproj; sourceTree = SOURCE_ROOT; };
/* End PBXFileReference section */

/* Begin PBXGroup section */
		EA6689B90EF2EC9E006C46C0 = {
			isa = PBXGroup;
			children = (
				EA668A3A0EF2ED73006C46C0 /* QtPck.xcodeproj */,
				EA668A170EF2ED5B006C46C0 /* Compositor.xcodeproj */,
				EA6689D40EF2ED4E006C46C0 /* BasePck.xcodeproj */,
				EA6689CA0EF2ED29006C46C0 /* Acf.xcodeproj */,
			);
			sourceTree = "<group>";
		};
		EA6689CB0EF2ED29006C46C0 /* Products */ = {
			isa = PBXGroup;
			children = (
				EA6689D30EF2ED29006C46C0 /* Acf */,
			);
			name = Products;
			sourceTree = "<group>";
		};
		EA6689D50EF2ED4E006C46C0 /* Products */ = {
			isa = PBXGroup;
			children = (
				EA6689DD0EF2ED4E006C46C0 /* BasePck.arp */,
			);
			name = Products;
			sourceTree = "<group>";
		};
		EA668A180EF2ED5B006C46C0 /* Products */ = {
			isa = PBXGroup;
			children = (
				EA668A220EF2ED5B006C46C0 /* Compositor */,
			);
			name = Products;
			sourceTree = "<group>";
		};
		EA668A3B0EF2ED73006C46C0 /* Products */ = {
			isa = PBXGroup;
			children = (
				EA668A440EF2ED73006C46C0 /* QtPck.arp */,
			);
			name = Products;
			sourceTree = "<group>";
		};
/* End PBXGroup section */

/* Begin PBXProject section */
		EA6689BB0EF2EC9E006C46C0 /* Project object */ = {
			isa = PBXProject;
			buildConfigurationList = EA6689BE0EF2EC9E006C46C0 /* Build configuration list for PBXProject "AcfAll" */;
			compatibilityVersion = "Xcode 2.4";
			hasScannedForEncodings = 0;
			mainGroup = EA6689B90EF2EC9E006C46C0;
			projectDirPath = "";
			projectReferences = (
				{
					ProductGroup = EA6689CB0EF2ED29006C46C0 /* Products */;
					ProjectRef = EA6689CA0EF2ED29006C46C0 /* Acf.xcodeproj */;
				},
				{
					ProductGroup = EA6689D50EF2ED4E006C46C0 /* Products */;
					ProjectRef = EA6689D40EF2ED4E006C46C0 /* BasePck.xcodeproj */;
				},
				{
					ProductGroup = EA668A180EF2ED5B006C46C0 /* Products */;
					ProjectRef = EA668A170EF2ED5B006C46C0 /* Compositor.xcodeproj */;
				},
				{
					ProductGroup = EA668A3B0EF2ED73006C46C0 /* Products */;
					ProjectRef = EA668A3A0EF2ED73006C46C0 /* QtPck.xcodeproj */;
				},
			);
			projectRoot = "";
			targets = (
				EA668A460EF2EDA4006C46C0 /* AcfAll */,
			);
		};
/* End PBXProject section */

/* Begin PBXReferenceProxy section */
		EA6689D30EF2ED29006C46C0 /* Acf */ = {
			isa = PBXReferenceProxy;
			fileType = "compiled.mach-o.executable";
			path = Acf;
			remoteRef = EA6689D20EF2ED29006C46C0 /* PBXContainerItemProxy */;
			sourceTree = BUILT_PRODUCTS_DIR;
		};
		EA6689DD0EF2ED4E006C46C0 /* BasePck.arp */ = {
			isa = PBXReferenceProxy;
			fileType = "compiled.mach-o.dylib";
			path = BasePck.arp;
			remoteRef = EA6689DC0EF2ED4E006C46C0 /* PBXContainerItemProxy */;
			sourceTree = BUILT_PRODUCTS_DIR;
		};
		EA668A220EF2ED5B006C46C0 /* Compositor */ = {
			isa = PBXReferenceProxy;
			fileType = "compiled.mach-o.executable";
			path = Compositor;
			remoteRef = EA668A210EF2ED5B006C46C0 /* PBXContainerItemProxy */;
			sourceTree = BUILT_PRODUCTS_DIR;
		};
		EA668A440EF2ED73006C46C0 /* QtPck.arp */ = {
			isa = PBXReferenceProxy;
			fileType = "compiled.mach-o.dylib";
			path = QtPck.arp;
			remoteRef = EA668A430EF2ED73006C46C0 /* PBXContainerItemProxy */;
			sourceTree = BUILT_PRODUCTS_DIR;
		};
/* End PBXReferenceProxy section */

/* Begin PBXTargetDependency section */
		EA668A4A0EF2EDB8006C46C0 /* PBXTargetDependency */ = {
			isa = PBXTargetDependency;
			name = Compositor;
			targetProxy = EA668A490EF2EDB8006C46C0 /* PBXContainerItemProxy */;
		};
		EA668A4C0EF2EDB8006C46C0 /* PBXTargetDependency */ = {
			isa = PBXTargetDependency;
			name = QtPck;
			targetProxy = EA668A4B0EF2EDB8006C46C0 /* PBXContainerItemProxy */;
		};
		EA668A4E0EF2EDB8006C46C0 /* PBXTargetDependency */ = {
			isa = PBXTargetDependency;
			name = BasePck;
			targetProxy = EA668A4D0EF2EDB8006C46C0 /* PBXContainerItemProxy */;
		};
		EA668A500EF2EDB8006C46C0 /* PBXTargetDependency */ = {
			isa = PBXTargetDependency;
			name = Acf;
			targetProxy = EA668A4F0EF2EDB8006C46C0 /* PBXContainerItemProxy */;
		};
/* End PBXTargetDependency section */

/* Begin XCBuildConfiguration section */
		EA6689BC0EF2EC9E006C46C0 /* Debug */ = {
			isa = XCBuildConfiguration;
			buildSettings = {
				COPY_PHASE_STRIP = NO;
			};
			name = Debug;
		};
		EA6689BD0EF2EC9E006C46C0 /* Release */ = {
			isa = XCBuildConfiguration;
			buildSettings = {
				COPY_PHASE_STRIP = YES;
			};
			name = Release;
		};
		EA668A470EF2EDA4006C46C0 /* Debug */ = {
			isa = XCBuildConfiguration;
			buildSettings = {
				COPY_PHASE_STRIP = NO;
				GCC_DYNAMIC_NO_PIC = NO;
				GCC_OPTIMIZATION_LEVEL = 0;
				PRODUCT_NAME = AcfAll;
			};
			name = Debug;
		};
		EA668A480EF2EDA4006C46C0 /* Release */ = {
			isa = XCBuildConfiguration;
			buildSettings = {
				COPY_PHASE_STRIP = YES;
				DEBUG_INFORMATION_FORMAT = "dwarf-with-dsym";
				GCC_ENABLE_FIX_AND_CONTINUE = NO;
				PRODUCT_NAME = AcfAll;
				ZERO_LINK = NO;
			};
			name = Release;
		};
/* End XCBuildConfiguration section */

/* Begin XCConfigurationList section */
		EA6689BE0EF2EC9E006C46C0 /* Build configuration list for PBXProject "AcfAll" */ = {
			isa = XCConfigurationList;
			buildConfigurations = (
				EA6689BC0EF2EC9E006C46C0 /* Debug */,
				EA6689BD0EF2EC9E006C46C0 /* Release */,
			);
			defaultConfigurationIsVisible = 0;
			defaultConfigurationName = Release;
		};
		EA668A510EF2EDD6006C46C0 /* Build configuration list for PBXAggregateTarget "AcfAll" */ = {
			isa = XCConfigurationList;
			buildConfigurations = (
				EA668A470EF2EDA4006C46C0 /* Debug */,
				EA668A480EF2EDA4006C46C0 /* Release */,
			);
			defaultConfigurationIsVisible = 0;
			defaultConfigurationName = Release;
		};
/* End XCConfigurationList section */
	};
	rootObject = EA6689BB0EF2EC9E006C46C0 /* Project object */;
}
