// !$*UTF8*$!
{
	archiveVersion = 1;
	classes = {
	};
	objectVersion = 44;
	objects = {

/* Begin PBXBuildFile section */
		223456790ED2E572006EC826 /* CBaseComponentStaticInfo.cpp in Sources */ = {isa = PBXBuildFile; fileRef = 123456790ED2E572006EC826 /* CBaseComponentStaticInfo.cpp */; };
		223456800ED2E572006EC826 /* CComponentAddress.cpp in Sources */ = {isa = PBXBuildFile; fileRef = 123456800ED2E572006EC826 /* CComponentAddress.cpp */; };
		223456810ED2E572006EC826 /* CComponentBase.cpp in Sources */ = {isa = PBXBuildFile; fileRef = 123456810ED2E572006EC826 /* CComponentBase.cpp */; };
		223456820ED2E572006EC826 /* CComponentContext.cpp in Sources */ = {isa = PBXBuildFile; fileRef = 123456820ED2E572006EC826 /* CComponentContext.cpp */; };
		223456830ED2E572006EC826 /* CComponentStaticInfoBase.cpp in Sources */ = {isa = PBXBuildFile; fileRef = 123456830ED2E572006EC826 /* CComponentStaticInfoBase.cpp */; };
		223456840ED2E572006EC826 /* CCompositeComponent.cpp in Sources */ = {isa = PBXBuildFile; fileRef = 123456840ED2E572006EC826 /* CCompositeComponent.cpp */; };
		223456850ED2E572006EC826 /* CCompositeComponentContext.cpp in Sources */ = {isa = PBXBuildFile; fileRef = 123456850ED2E572006EC826 /* CCompositeComponentContext.cpp */; };
		223456860ED2E572006EC826 /* CCompositeComponentStaticInfo.cpp in Sources */ = {isa = PBXBuildFile; fileRef = 123456860ED2E572006EC826 /* CCompositeComponentStaticInfo.cpp */; };
		223456870ED2E572006EC826 /* CCompositePackageStaticInfo.cpp in Sources */ = {isa = PBXBuildFile; fileRef = 123456870ED2E572006EC826 /* CCompositePackageStaticInfo.cpp */; };
		223456880ED2E572006EC826 /* CPackageStaticInfo.cpp in Sources */ = {isa = PBXBuildFile; fileRef = 123456880ED2E572006EC826 /* CPackageStaticInfo.cpp */; };
		223456890ED2E572006EC826 /* CRegistry.cpp in Sources */ = {isa = PBXBuildFile; fileRef = 123456890ED2E572006EC826 /* CRegistry.cpp */; };
		223456900ED2E572006EC826 /* CRegistryElement.cpp in Sources */ = {isa = PBXBuildFile; fileRef = 123456900ED2E572006EC826 /* CRegistryElement.cpp */; };
		223456910ED2E572006EC826 /* CSimComponentContextBase.cpp in Sources */ = {isa = PBXBuildFile; fileRef = 123456910ED2E572006EC826 /* CSimComponentContextBase.cpp */; };
		223456920ED2E572006EC826 /* CBaseComponentStaticInfo.h in Headers */ = {isa = PBXBuildFile; fileRef = 123456920ED2E572006EC826 /* CBaseComponentStaticInfo.h */; };
		223456930ED2E572006EC826 /* CComponentAddress.h in Headers */ = {isa = PBXBuildFile; fileRef = 123456930ED2E572006EC826 /* CComponentAddress.h */; };
		223456940ED2E572006EC826 /* CComponentBase.h in Headers */ = {isa = PBXBuildFile; fileRef = 123456940ED2E572006EC826 /* CComponentBase.h */; };
		223456950ED2E572006EC826 /* CComponentContext.h in Headers */ = {isa = PBXBuildFile; fileRef = 123456950ED2E572006EC826 /* CComponentContext.h */; };
		223456960ED2E572006EC826 /* CComponentStaticInfoBase.h in Headers */ = {isa = PBXBuildFile; fileRef = 123456960ED2E572006EC826 /* CComponentStaticInfoBase.h */; };
		223456970ED2E572006EC826 /* CCompositeComponent.h in Headers */ = {isa = PBXBuildFile; fileRef = 123456970ED2E572006EC826 /* CCompositeComponent.h */; };
		223456980ED2E572006EC826 /* CCompositeComponentContext.h in Headers */ = {isa = PBXBuildFile; fileRef = 123456980ED2E572006EC826 /* CCompositeComponentContext.h */; };
		223456990ED2E572006EC826 /* CCompositeComponentStaticInfo.h in Headers */ = {isa = PBXBuildFile; fileRef = 123456990ED2E572006EC826 /* CCompositeComponentStaticInfo.h */; };
		223457000ED2E572006EC826 /* CCompositePackageStaticInfo.h in Headers */ = {isa = PBXBuildFile; fileRef = 123457000ED2E572006EC826 /* CCompositePackageStaticInfo.h */; };
		223457010ED2E572006EC826 /* CFactoryAttribute.h in Headers */ = {isa = PBXBuildFile; fileRef = 123457010ED2E572006EC826 /* CFactoryAttribute.h */; };
		223457020ED2E572006EC826 /* CMultiFactoryAttribute.h in Headers */ = {isa = PBXBuildFile; fileRef = 123457020ED2E572006EC826 /* CMultiFactoryAttribute.h */; };
		223457030ED2E572006EC826 /* CMultiReferenceAttribute.h in Headers */ = {isa = PBXBuildFile; fileRef = 123457030ED2E572006EC826 /* CMultiReferenceAttribute.h */; };
		223457040ED2E572006EC826 /* CPackageStaticInfo.h in Headers */ = {isa = PBXBuildFile; fileRef = 123457040ED2E572006EC826 /* CPackageStaticInfo.h */; };
		223457050ED2E572006EC826 /* CReferenceAttribute.h in Headers */ = {isa = PBXBuildFile; fileRef = 123457050ED2E572006EC826 /* CReferenceAttribute.h */; };
		223457060ED2E572006EC826 /* CRegistry.h in Headers */ = {isa = PBXBuildFile; fileRef = 123457060ED2E572006EC826 /* CRegistry.h */; };
		223457070ED2E572006EC826 /* CRegistryElement.h in Headers */ = {isa = PBXBuildFile; fileRef = 123457070ED2E572006EC826 /* CRegistryElement.h */; };
		223457080ED2E572006EC826 /* CSimComponentContextBase.h in Headers */ = {isa = PBXBuildFile; fileRef = 123457080ED2E572006EC826 /* CSimComponentContextBase.h */; };
		223457090ED2E572006EC826 /* export.h in Headers */ = {isa = PBXBuildFile; fileRef = 123457090ED2E572006EC826 /* export.h */; };
		223457100ED2E572006EC826 /* IAttributeStaticInfo.h in Headers */ = {isa = PBXBuildFile; fileRef = 123457100ED2E572006EC826 /* IAttributeStaticInfo.h */; };
		223457110ED2E572006EC826 /* icomp.h in Headers */ = {isa = PBXBuildFile; fileRef = 123457110ED2E572006EC826 /* icomp.h */; };
		223457120ED2E572006EC826 /* IComponent.h in Headers */ = {isa = PBXBuildFile; fileRef = 123457120ED2E572006EC826 /* IComponent.h */; };
		223457130ED2E572006EC826 /* IComponentContext.h in Headers */ = {isa = PBXBuildFile; fileRef = 123457130ED2E572006EC826 /* IComponentContext.h */; };
		223457140ED2E572006EC826 /* IComponentStaticInfo.h in Headers */ = {isa = PBXBuildFile; fileRef = 123457140ED2E572006EC826 /* IComponentStaticInfo.h */; };
		223457150ED2E572006EC826 /* IRealAttributeStaticInfo.h in Headers */ = {isa = PBXBuildFile; fileRef = 123457150ED2E572006EC826 /* IRealAttributeStaticInfo.h */; };
		223457160ED2E572006EC826 /* IRegistriesManager.h in Headers */ = {isa = PBXBuildFile; fileRef = 123457160ED2E572006EC826 /* IRegistriesManager.h */; };
		223457170ED2E572006EC826 /* IRegistry.h in Headers */ = {isa = PBXBuildFile; fileRef = 123457170ED2E572006EC826 /* IRegistry.h */; };
		223457180ED2E572006EC826 /* IRegistryElement.h in Headers */ = {isa = PBXBuildFile; fileRef = 123457180ED2E572006EC826 /* IRegistryElement.h */; };
		223457190ED2E572006EC826 /* IRegistryGeometryProvider.h in Headers */ = {isa = PBXBuildFile; fileRef = 123457190ED2E572006EC826 /* IRegistryGeometryProvider.h */; };
		223457200ED2E572006EC826 /* IRegistryNotesProvider.h in Headers */ = {isa = PBXBuildFile; fileRef = 123457200ED2E572006EC826 /* IRegistryNotesProvider.h */; };
		223457210ED2E572006EC826 /* TAttributeStaticInfo.h in Headers */ = {isa = PBXBuildFile; fileRef = 123457210ED2E572006EC826 /* TAttributeStaticInfo.h */; };
		223457220ED2E572006EC826 /* TComponentRegistrator.h in Headers */ = {isa = PBXBuildFile; fileRef = 123457220ED2E572006EC826 /* TComponentRegistrator.h */; };
		223457230ED2E572006EC826 /* TComponentStaticInfo.h in Headers */ = {isa = PBXBuildFile; fileRef = 123457230ED2E572006EC826 /* TComponentStaticInfo.h */; };
		223457240ED2E572006EC826 /* TComponentWrap.h in Headers */ = {isa = PBXBuildFile; fileRef = 123457240ED2E572006EC826 /* TComponentWrap.h */; };
		223457250ED2E572006EC826 /* TFactoryMember.h in Headers */ = {isa = PBXBuildFile; fileRef = 123457250ED2E572006EC826 /* TFactoryMember.h */; };
		223457260ED2E572006EC826 /* TInterfaceManipBase.h in Headers */ = {isa = PBXBuildFile; fileRef = 123457260ED2E572006EC826 /* TInterfaceManipBase.h */; };
		223457270ED2E572006EC826 /* TInterfaceRegistrator.h in Headers */ = {isa = PBXBuildFile; fileRef = 123457270ED2E572006EC826 /* TInterfaceRegistrator.h */; };
		223457280ED2E572006EC826 /* TMakeComponentWrap.h in Headers */ = {isa = PBXBuildFile; fileRef = 123457280ED2E572006EC826 /* TMakeComponentWrap.h */; };
		223457290ED2E572006EC826 /* TModelCompWrap.h in Headers */ = {isa = PBXBuildFile; fileRef = 123457290ED2E572006EC826 /* TModelCompWrap.h */; };
		223457300ED2E572006EC826 /* TMultiAttribute.h in Headers */ = {isa = PBXBuildFile; fileRef = 123457300ED2E572006EC826 /* TMultiAttribute.h */; };
		223457310ED2E572006EC826 /* TMultiAttributePtr.h in Headers */ = {isa = PBXBuildFile; fileRef = 123457310ED2E572006EC826 /* TMultiAttributePtr.h */; };
		223457320ED2E572006EC826 /* TMultiFactoryMember.h in Headers */ = {isa = PBXBuildFile; fileRef = 123457320ED2E572006EC826 /* TMultiFactoryMember.h */; };
		223457330ED2E572006EC826 /* TMultiReferencePtr.h in Headers */ = {isa = PBXBuildFile; fileRef = 123457330ED2E572006EC826 /* TMultiReferencePtr.h */; };
		223457340ED2E572006EC826 /* TReferencePtr.h in Headers */ = {isa = PBXBuildFile; fileRef = 123457340ED2E572006EC826 /* TReferencePtr.h */; };
		223457350ED2E572006EC826 /* TSelectableAttribute.h in Headers */ = {isa = PBXBuildFile; fileRef = 123457350ED2E572006EC826 /* TSelectableAttribute.h */; };
		223457360ED2E572006EC826 /* TSimComponentsFactory.h in Headers */ = {isa = PBXBuildFile; fileRef = 123457360ED2E572006EC826 /* TSimComponentsFactory.h */; };
		223457370ED2E572006EC826 /* TSimComponentWrap.h in Headers */ = {isa = PBXBuildFile; fileRef = 123457370ED2E572006EC826 /* TSimComponentWrap.h */; };
		223457380ED2E572006EC826 /* TSingleAttribute.h in Headers */ = {isa = PBXBuildFile; fileRef = 123457380ED2E572006EC826 /* TSingleAttribute.h */; };
		223457390ED2E572006EC826 /* TSingleAttributePtr.h in Headers */ = {isa = PBXBuildFile; fileRef = 123457390ED2E572006EC826 /* TSingleAttributePtr.h */; };
/* End PBXBuildFile section */

/* Begin PBXFileReference section */
		123456790ED2E572006EC826 /* CBaseComponentStaticInfo.cpp */ = {isa = PBXFileReference; fileEncoding = 4; lastKnownFileType = sourcecode.cpp.cpp; name = CBaseComponentStaticInfo.cpp; path = ../CBaseComponentStaticInfo.cpp; sourceTree = SOURCE_ROOT; };
		123456800ED2E572006EC826 /* CComponentAddress.cpp */ = {isa = PBXFileReference; fileEncoding = 4; lastKnownFileType = sourcecode.cpp.cpp; name = CComponentAddress.cpp; path = ../CComponentAddress.cpp; sourceTree = SOURCE_ROOT; };
		123456810ED2E572006EC826 /* CComponentBase.cpp */ = {isa = PBXFileReference; fileEncoding = 4; lastKnownFileType = sourcecode.cpp.cpp; name = CComponentBase.cpp; path = ../CComponentBase.cpp; sourceTree = SOURCE_ROOT; };
		123456820ED2E572006EC826 /* CComponentContext.cpp */ = {isa = PBXFileReference; fileEncoding = 4; lastKnownFileType = sourcecode.cpp.cpp; name = CComponentContext.cpp; path = ../CComponentContext.cpp; sourceTree = SOURCE_ROOT; };
		123456830ED2E572006EC826 /* CComponentStaticInfoBase.cpp */ = {isa = PBXFileReference; fileEncoding = 4; lastKnownFileType = sourcecode.cpp.cpp; name = CComponentStaticInfoBase.cpp; path = ../CComponentStaticInfoBase.cpp; sourceTree = SOURCE_ROOT; };
		123456840ED2E572006EC826 /* CCompositeComponent.cpp */ = {isa = PBXFileReference; fileEncoding = 4; lastKnownFileType = sourcecode.cpp.cpp; name = CCompositeComponent.cpp; path = ../CCompositeComponent.cpp; sourceTree = SOURCE_ROOT; };
		123456850ED2E572006EC826 /* CCompositeComponentContext.cpp */ = {isa = PBXFileReference; fileEncoding = 4; lastKnownFileType = sourcecode.cpp.cpp; name = CCompositeComponentContext.cpp; path = ../CCompositeComponentContext.cpp; sourceTree = SOURCE_ROOT; };
		123456860ED2E572006EC826 /* CCompositeComponentStaticInfo.cpp */ = {isa = PBXFileReference; fileEncoding = 4; lastKnownFileType = sourcecode.cpp.cpp; name = CCompositeComponentStaticInfo.cpp; path = ../CCompositeComponentStaticInfo.cpp; sourceTree = SOURCE_ROOT; };
		123456870ED2E572006EC826 /* CCompositePackageStaticInfo.cpp */ = {isa = PBXFileReference; fileEncoding = 4; lastKnownFileType = sourcecode.cpp.cpp; name = CCompositePackageStaticInfo.cpp; path = ../CCompositePackageStaticInfo.cpp; sourceTree = SOURCE_ROOT; };
		123456880ED2E572006EC826 /* CPackageStaticInfo.cpp */ = {isa = PBXFileReference; fileEncoding = 4; lastKnownFileType = sourcecode.cpp.cpp; name = CPackageStaticInfo.cpp; path = ../CPackageStaticInfo.cpp; sourceTree = SOURCE_ROOT; };
		123456890ED2E572006EC826 /* CRegistry.cpp */ = {isa = PBXFileReference; fileEncoding = 4; lastKnownFileType = sourcecode.cpp.cpp; name = CRegistry.cpp; path = ../CRegistry.cpp; sourceTree = SOURCE_ROOT; };
		123456900ED2E572006EC826 /* CRegistryElement.cpp */ = {isa = PBXFileReference; fileEncoding = 4; lastKnownFileType = sourcecode.cpp.cpp; name = CRegistryElement.cpp; path = ../CRegistryElement.cpp; sourceTree = SOURCE_ROOT; };
		123456910ED2E572006EC826 /* CSimComponentContextBase.cpp */ = {isa = PBXFileReference; fileEncoding = 4; lastKnownFileType = sourcecode.cpp.cpp; name = CSimComponentContextBase.cpp; path = ../CSimComponentContextBase.cpp; sourceTree = SOURCE_ROOT; };
		123456920ED2E572006EC826 /* CBaseComponentStaticInfo.h */ = {isa = PBXFileReference; fileEncoding = 4; lastKnownFileType = sourcecode.cpp.cpp; name = CBaseComponentStaticInfo.h; path = ../CBaseComponentStaticInfo.h; sourceTree = SOURCE_ROOT; };
		123456930ED2E572006EC826 /* CComponentAddress.h */ = {isa = PBXFileReference; fileEncoding = 4; lastKnownFileType = sourcecode.cpp.cpp; name = CComponentAddress.h; path = ../CComponentAddress.h; sourceTree = SOURCE_ROOT; };
		123456940ED2E572006EC826 /* CComponentBase.h */ = {isa = PBXFileReference; fileEncoding = 4; lastKnownFileType = sourcecode.cpp.cpp; name = CComponentBase.h; path = ../CComponentBase.h; sourceTree = SOURCE_ROOT; };
		123456950ED2E572006EC826 /* CComponentContext.h */ = {isa = PBXFileReference; fileEncoding = 4; lastKnownFileType = sourcecode.cpp.cpp; name = CComponentContext.h; path = ../CComponentContext.h; sourceTree = SOURCE_ROOT; };
		123456960ED2E572006EC826 /* CComponentStaticInfoBase.h */ = {isa = PBXFileReference; fileEncoding = 4; lastKnownFileType = sourcecode.cpp.cpp; name = CComponentStaticInfoBase.h; path = ../CComponentStaticInfoBase.h; sourceTree = SOURCE_ROOT; };
		123456970ED2E572006EC826 /* CCompositeComponent.h */ = {isa = PBXFileReference; fileEncoding = 4; lastKnownFileType = sourcecode.cpp.cpp; name = CCompositeComponent.h; path = ../CCompositeComponent.h; sourceTree = SOURCE_ROOT; };
		123456980ED2E572006EC826 /* CCompositeComponentContext.h */ = {isa = PBXFileReference; fileEncoding = 4; lastKnownFileType = sourcecode.cpp.cpp; name = CCompositeComponentContext.h; path = ../CCompositeComponentContext.h; sourceTree = SOURCE_ROOT; };
		123456990ED2E572006EC826 /* CCompositeComponentStaticInfo.h */ = {isa = PBXFileReference; fileEncoding = 4; lastKnownFileType = sourcecode.cpp.cpp; name = CCompositeComponentStaticInfo.h; path = ../CCompositeComponentStaticInfo.h; sourceTree = SOURCE_ROOT; };
		123457000ED2E572006EC826 /* CCompositePackageStaticInfo.h */ = {isa = PBXFileReference; fileEncoding = 4; lastKnownFileType = sourcecode.cpp.cpp; name = CCompositePackageStaticInfo.h; path = ../CCompositePackageStaticInfo.h; sourceTree = SOURCE_ROOT; };
		123457010ED2E572006EC826 /* CFactoryAttribute.h */ = {isa = PBXFileReference; fileEncoding = 4; lastKnownFileType = sourcecode.cpp.cpp; name = CFactoryAttribute.h; path = ../CFactoryAttribute.h; sourceTree = SOURCE_ROOT; };
		123457020ED2E572006EC826 /* CMultiFactoryAttribute.h */ = {isa = PBXFileReference; fileEncoding = 4; lastKnownFileType = sourcecode.cpp.cpp; name = CMultiFactoryAttribute.h; path = ../CMultiFactoryAttribute.h; sourceTree = SOURCE_ROOT; };
		123457030ED2E572006EC826 /* CMultiReferenceAttribute.h */ = {isa = PBXFileReference; fileEncoding = 4; lastKnownFileType = sourcecode.cpp.cpp; name = CMultiReferenceAttribute.h; path = ../CMultiReferenceAttribute.h; sourceTree = SOURCE_ROOT; };
		123457040ED2E572006EC826 /* CPackageStaticInfo.h */ = {isa = PBXFileReference; fileEncoding = 4; lastKnownFileType = sourcecode.cpp.cpp; name = CPackageStaticInfo.h; path = ../CPackageStaticInfo.h; sourceTree = SOURCE_ROOT; };
		123457050ED2E572006EC826 /* CReferenceAttribute.h */ = {isa = PBXFileReference; fileEncoding = 4; lastKnownFileType = sourcecode.cpp.cpp; name = CReferenceAttribute.h; path = ../CReferenceAttribute.h; sourceTree = SOURCE_ROOT; };
		123457060ED2E572006EC826 /* CRegistry.h */ = {isa = PBXFileReference; fileEncoding = 4; lastKnownFileType = sourcecode.cpp.cpp; name = CRegistry.h; path = ../CRegistry.h; sourceTree = SOURCE_ROOT; };
		123457070ED2E572006EC826 /* CRegistryElement.h */ = {isa = PBXFileReference; fileEncoding = 4; lastKnownFileType = sourcecode.cpp.cpp; name = CRegistryElement.h; path = ../CRegistryElement.h; sourceTree = SOURCE_ROOT; };
		123457080ED2E572006EC826 /* CSimComponentContextBase.h */ = {isa = PBXFileReference; fileEncoding = 4; lastKnownFileType = sourcecode.cpp.cpp; name = CSimComponentContextBase.h; path = ../CSimComponentContextBase.h; sourceTree = SOURCE_ROOT; };
		123457090ED2E572006EC826 /* export.h */ = {isa = PBXFileReference; fileEncoding = 4; lastKnownFileType = sourcecode.cpp.cpp; name = export.h; path = ../export.h; sourceTree = SOURCE_ROOT; };
		123457100ED2E572006EC826 /* IAttributeStaticInfo.h */ = {isa = PBXFileReference; fileEncoding = 4; lastKnownFileType = sourcecode.cpp.cpp; name = IAttributeStaticInfo.h; path = ../IAttributeStaticInfo.h; sourceTree = SOURCE_ROOT; };
		123457110ED2E572006EC826 /* icomp.h */ = {isa = PBXFileReference; fileEncoding = 4; lastKnownFileType = sourcecode.cpp.cpp; name = icomp.h; path = ../icomp.h; sourceTree = SOURCE_ROOT; };
		123457120ED2E572006EC826 /* IComponent.h */ = {isa = PBXFileReference; fileEncoding = 4; lastKnownFileType = sourcecode.cpp.cpp; name = IComponent.h; path = ../IComponent.h; sourceTree = SOURCE_ROOT; };
		123457130ED2E572006EC826 /* IComponentContext.h */ = {isa = PBXFileReference; fileEncoding = 4; lastKnownFileType = sourcecode.cpp.cpp; name = IComponentContext.h; path = ../IComponentContext.h; sourceTree = SOURCE_ROOT; };
		123457140ED2E572006EC826 /* IComponentStaticInfo.h */ = {isa = PBXFileReference; fileEncoding = 4; lastKnownFileType = sourcecode.cpp.cpp; name = IComponentStaticInfo.h; path = ../IComponentStaticInfo.h; sourceTree = SOURCE_ROOT; };
		123457150ED2E572006EC826 /* IRealAttributeStaticInfo.h */ = {isa = PBXFileReference; fileEncoding = 4; lastKnownFileType = sourcecode.cpp.cpp; name = IRealAttributeStaticInfo.h; path = ../IRealAttributeStaticInfo.h; sourceTree = SOURCE_ROOT; };
		123457160ED2E572006EC826 /* IRegistriesManager.h */ = {isa = PBXFileReference; fileEncoding = 4; lastKnownFileType = sourcecode.cpp.cpp; name = IRegistriesManager.h; path = ../IRegistriesManager.h; sourceTree = SOURCE_ROOT; };
		123457170ED2E572006EC826 /* IRegistry.h */ = {isa = PBXFileReference; fileEncoding = 4; lastKnownFileType = sourcecode.cpp.cpp; name = IRegistry.h; path = ../IRegistry.h; sourceTree = SOURCE_ROOT; };
		123457180ED2E572006EC826 /* IRegistryElement.h */ = {isa = PBXFileReference; fileEncoding = 4; lastKnownFileType = sourcecode.cpp.cpp; name = IRegistryElement.h; path = ../IRegistryElement.h; sourceTree = SOURCE_ROOT; };
		123457190ED2E572006EC826 /* IRegistryGeometryProvider.h */ = {isa = PBXFileReference; fileEncoding = 4; lastKnownFileType = sourcecode.cpp.cpp; name = IRegistryGeometryProvider.h; path = ../IRegistryGeometryProvider.h; sourceTree = SOURCE_ROOT; };
		123457200ED2E572006EC826 /* IRegistryNotesProvider.h */ = {isa = PBXFileReference; fileEncoding = 4; lastKnownFileType = sourcecode.cpp.cpp; name = IRegistryNotesProvider.h; path = ../IRegistryNotesProvider.h; sourceTree = SOURCE_ROOT; };
		123457210ED2E572006EC826 /* TAttributeStaticInfo.h */ = {isa = PBXFileReference; fileEncoding = 4; lastKnownFileType = sourcecode.cpp.cpp; name = TAttributeStaticInfo.h; path = ../TAttributeStaticInfo.h; sourceTree = SOURCE_ROOT; };
		123457220ED2E572006EC826 /* TComponentRegistrator.h */ = {isa = PBXFileReference; fileEncoding = 4; lastKnownFileType = sourcecode.cpp.cpp; name = TComponentRegistrator.h; path = ../TComponentRegistrator.h; sourceTree = SOURCE_ROOT; };
		123457230ED2E572006EC826 /* TComponentStaticInfo.h */ = {isa = PBXFileReference; fileEncoding = 4; lastKnownFileType = sourcecode.cpp.cpp; name = TComponentStaticInfo.h; path = ../TComponentStaticInfo.h; sourceTree = SOURCE_ROOT; };
		123457240ED2E572006EC826 /* TComponentWrap.h */ = {isa = PBXFileReference; fileEncoding = 4; lastKnownFileType = sourcecode.cpp.cpp; name = TComponentWrap.h; path = ../TComponentWrap.h; sourceTree = SOURCE_ROOT; };
		123457250ED2E572006EC826 /* TFactoryMember.h */ = {isa = PBXFileReference; fileEncoding = 4; lastKnownFileType = sourcecode.cpp.cpp; name = TFactoryMember.h; path = ../TFactoryMember.h; sourceTree = SOURCE_ROOT; };
		123457260ED2E572006EC826 /* TInterfaceManipBase.h */ = {isa = PBXFileReference; fileEncoding = 4; lastKnownFileType = sourcecode.cpp.cpp; name = TInterfaceManipBase.h; path = ../TInterfaceManipBase.h; sourceTree = SOURCE_ROOT; };
		123457270ED2E572006EC826 /* TInterfaceRegistrator.h */ = {isa = PBXFileReference; fileEncoding = 4; lastKnownFileType = sourcecode.cpp.cpp; name = TInterfaceRegistrator.h; path = ../TInterfaceRegistrator.h; sourceTree = SOURCE_ROOT; };
		123457280ED2E572006EC826 /* TMakeComponentWrap.h */ = {isa = PBXFileReference; fileEncoding = 4; lastKnownFileType = sourcecode.cpp.cpp; name = TMakeComponentWrap.h; path = ../TMakeComponentWrap.h; sourceTree = SOURCE_ROOT; };
		123457290ED2E572006EC826 /* TModelCompWrap.h */ = {isa = PBXFileReference; fileEncoding = 4; lastKnownFileType = sourcecode.cpp.cpp; name = TModelCompWrap.h; path = ../TModelCompWrap.h; sourceTree = SOURCE_ROOT; };
		123457300ED2E572006EC826 /* TMultiAttribute.h */ = {isa = PBXFileReference; fileEncoding = 4; lastKnownFileType = sourcecode.cpp.cpp; name = TMultiAttribute.h; path = ../TMultiAttribute.h; sourceTree = SOURCE_ROOT; };
		123457310ED2E572006EC826 /* TMultiAttributePtr.h */ = {isa = PBXFileReference; fileEncoding = 4; lastKnownFileType = sourcecode.cpp.cpp; name = TMultiAttributePtr.h; path = ../TMultiAttributePtr.h; sourceTree = SOURCE_ROOT; };
		123457320ED2E572006EC826 /* TMultiFactoryMember.h */ = {isa = PBXFileReference; fileEncoding = 4; lastKnownFileType = sourcecode.cpp.cpp; name = TMultiFactoryMember.h; path = ../TMultiFactoryMember.h; sourceTree = SOURCE_ROOT; };
		123457330ED2E572006EC826 /* TMultiReferencePtr.h */ = {isa = PBXFileReference; fileEncoding = 4; lastKnownFileType = sourcecode.cpp.cpp; name = TMultiReferencePtr.h; path = ../TMultiReferencePtr.h; sourceTree = SOURCE_ROOT; };
		123457340ED2E572006EC826 /* TReferencePtr.h */ = {isa = PBXFileReference; fileEncoding = 4; lastKnownFileType = sourcecode.cpp.cpp; name = TReferencePtr.h; path = ../TReferencePtr.h; sourceTree = SOURCE_ROOT; };
		123457350ED2E572006EC826 /* TSelectableAttribute.h */ = {isa = PBXFileReference; fileEncoding = 4; lastKnownFileType = sourcecode.cpp.cpp; name = TSelectableAttribute.h; path = ../TSelectableAttribute.h; sourceTree = SOURCE_ROOT; };
		123457360ED2E572006EC826 /* TSimComponentsFactory.h */ = {isa = PBXFileReference; fileEncoding = 4; lastKnownFileType = sourcecode.cpp.cpp; name = TSimComponentsFactory.h; path = ../TSimComponentsFactory.h; sourceTree = SOURCE_ROOT; };
		123457370ED2E572006EC826 /* TSimComponentWrap.h */ = {isa = PBXFileReference; fileEncoding = 4; lastKnownFileType = sourcecode.cpp.cpp; name = TSimComponentWrap.h; path = ../TSimComponentWrap.h; sourceTree = SOURCE_ROOT; };
		123457380ED2E572006EC826 /* TSingleAttribute.h */ = {isa = PBXFileReference; fileEncoding = 4; lastKnownFileType = sourcecode.cpp.cpp; name = TSingleAttribute.h; path = ../TSingleAttribute.h; sourceTree = SOURCE_ROOT; };
		123457390ED2E572006EC826 /* TSingleAttributePtr.h */ = {isa = PBXFileReference; fileEncoding = 4; lastKnownFileType = sourcecode.cpp.cpp; name = TSingleAttributePtr.h; path = ../TSingleAttributePtr.h; sourceTree = SOURCE_ROOT; };
		D2AAC046055464E500DB518D /* libicomp.a */ = {isa = PBXFileReference; explicitFileType = archive.ar; includeInIndex = 0; path = libicomp.a; sourceTree = BUILT_PRODUCTS_DIR; };
/* End PBXFileReference section */

/* Begin PBXFrameworksBuildPhase section */
		D289987405E68DCB004EDB86 /* Frameworks */ = {
			isa = PBXFrameworksBuildPhase;
			buildActionMask = 2147483647;
			files = (
			);
			runOnlyForDeploymentPostprocessing = 0;
		};
/* End PBXFrameworksBuildPhase section */

/* Begin PBXGroup section */
		08FB7794FE84155DC02AAC07 /* icomp */ = {
			isa = PBXGroup;
			children = (
				EAB5AC950ED2E587006EC826 /* Header */,
				08FB7795FE84155DC02AAC07 /* Source */,
				C6A0FF2B0290797F04C91782 /* Forms */,
				EA9856AA0EEABE3D00C738EF /* Resources */,
				EA9856A50EEABE3D00C738EF /* Generated */,
				EA9856A60EEABE5300C738EF /* Garbages */,
				1AB674ADFE9D54B511CA2CBB /* Products */,
			);
			name = icomp;
			sourceTree = "<group>";
		};
		EAB5AC950ED2E587006EC826 /* Header */ = {
			isa = PBXGroup;
			children = (
				123456920ED2E572006EC826 /* CBaseComponentStaticInfo.h */,
				123456930ED2E572006EC826 /* CComponentAddress.h */,
				123456940ED2E572006EC826 /* CComponentBase.h */,
				123456950ED2E572006EC826 /* CComponentContext.h */,
				123456960ED2E572006EC826 /* CComponentStaticInfoBase.h */,
				123456970ED2E572006EC826 /* CCompositeComponent.h */,
				123456980ED2E572006EC826 /* CCompositeComponentContext.h */,
				123456990ED2E572006EC826 /* CCompositeComponentStaticInfo.h */,
				123457000ED2E572006EC826 /* CCompositePackageStaticInfo.h */,
				123457010ED2E572006EC826 /* CFactoryAttribute.h */,
				123457020ED2E572006EC826 /* CMultiFactoryAttribute.h */,
				123457030ED2E572006EC826 /* CMultiReferenceAttribute.h */,
				123457040ED2E572006EC826 /* CPackageStaticInfo.h */,
				123457050ED2E572006EC826 /* CReferenceAttribute.h */,
				123457060ED2E572006EC826 /* CRegistry.h */,
				123457070ED2E572006EC826 /* CRegistryElement.h */,
				123457080ED2E572006EC826 /* CSimComponentContextBase.h */,
				123457090ED2E572006EC826 /* export.h */,
				123457100ED2E572006EC826 /* IAttributeStaticInfo.h */,
				123457110ED2E572006EC826 /* icomp.h */,
				123457120ED2E572006EC826 /* IComponent.h */,
				123457130ED2E572006EC826 /* IComponentContext.h */,
				123457140ED2E572006EC826 /* IComponentStaticInfo.h */,
				123457150ED2E572006EC826 /* IRealAttributeStaticInfo.h */,
				123457160ED2E572006EC826 /* IRegistriesManager.h */,
				123457170ED2E572006EC826 /* IRegistry.h */,
				123457180ED2E572006EC826 /* IRegistryElement.h */,
				123457190ED2E572006EC826 /* IRegistryGeometryProvider.h */,
				123457200ED2E572006EC826 /* IRegistryNotesProvider.h */,
				123457210ED2E572006EC826 /* TAttributeStaticInfo.h */,
				123457220ED2E572006EC826 /* TComponentRegistrator.h */,
				123457230ED2E572006EC826 /* TComponentStaticInfo.h */,
				123457240ED2E572006EC826 /* TComponentWrap.h */,
				123457250ED2E572006EC826 /* TFactoryMember.h */,
				123457260ED2E572006EC826 /* TInterfaceManipBase.h */,
				123457270ED2E572006EC826 /* TInterfaceRegistrator.h */,
				123457280ED2E572006EC826 /* TMakeComponentWrap.h */,
				123457290ED2E572006EC826 /* TModelCompWrap.h */,
				123457300ED2E572006EC826 /* TMultiAttribute.h */,
				123457310ED2E572006EC826 /* TMultiAttributePtr.h */,
				123457320ED2E572006EC826 /* TMultiFactoryMember.h */,
				123457330ED2E572006EC826 /* TMultiReferencePtr.h */,
				123457340ED2E572006EC826 /* TReferencePtr.h */,
				123457350ED2E572006EC826 /* TSelectableAttribute.h */,
				123457360ED2E572006EC826 /* TSimComponentsFactory.h */,
				123457370ED2E572006EC826 /* TSimComponentWrap.h */,
				123457380ED2E572006EC826 /* TSingleAttribute.h */,
				123457390ED2E572006EC826 /* TSingleAttributePtr.h */,
			);
			name = Header;
			sourceTree = "<group>";
		};
		08FB7795FE84155DC02AAC07 /* Source */ = {
			isa = PBXGroup;
			children = (
				123456790ED2E572006EC826 /* CBaseComponentStaticInfo.cpp */,
				123456800ED2E572006EC826 /* CComponentAddress.cpp */,
				123456810ED2E572006EC826 /* CComponentBase.cpp */,
				123456820ED2E572006EC826 /* CComponentContext.cpp */,
				123456830ED2E572006EC826 /* CComponentStaticInfoBase.cpp */,
				123456840ED2E572006EC826 /* CCompositeComponent.cpp */,
				123456850ED2E572006EC826 /* CCompositeComponentContext.cpp */,
				123456860ED2E572006EC826 /* CCompositeComponentStaticInfo.cpp */,
				123456870ED2E572006EC826 /* CCompositePackageStaticInfo.cpp */,
				123456880ED2E572006EC826 /* CPackageStaticInfo.cpp */,
				123456890ED2E572006EC826 /* CRegistry.cpp */,
				123456900ED2E572006EC826 /* CRegistryElement.cpp */,
				123456910ED2E572006EC826 /* CSimComponentContextBase.cpp */,
			);
			name = Source;
			sourceTree = "<group>";
		};
		C6A0FF2B0290797F04C91782 /* Forms */ = {
			isa = PBXGroup;
			children = (
			);
			name = Forms;
			sourceTree = "<group>";
		};
		EA9856AA0EEABE3D00C738EF /* Resources */ = {
			isa = PBXGroup;
			children = (
			);
			name = Resources;
			sourceTree = "<group>";
		};
		EA9856A50EEABE3D00C738EF /* Generated */ = {
			isa = PBXGroup;
			children = (
			);
			name = Generated;
			sourceTree = "<group>";
		};
		EA9856A60EEABE5300C738EF /* Garbages */ = {
			isa = PBXGroup;
			children = (
			);
			name = Garbages;
			sourceTree = "<group>";
		};
		1AB674ADFE9D54B511CA2CBB /* Products */ = {
			isa = PBXGroup;
			children = (
				D2AAC046055464E500DB518D /* libicomp.a */,
			);
			name = Products;
			sourceTree = "<group>";
		};
/* End PBXGroup section */

/* Begin PBXHeadersBuildPhase section */
		D2AAC043055464E500DB518D /* Headers */ = {
			isa = PBXHeadersBuildPhase;
			buildActionMask = 2147483647;
			files = (
				223456920ED2E572006EC826 /* CBaseComponentStaticInfo.h in Headers */,
				223456930ED2E572006EC826 /* CComponentAddress.h in Headers */,
				223456940ED2E572006EC826 /* CComponentBase.h in Headers */,
				223456950ED2E572006EC826 /* CComponentContext.h in Headers */,
				223456960ED2E572006EC826 /* CComponentStaticInfoBase.h in Headers */,
				223456970ED2E572006EC826 /* CCompositeComponent.h in Headers */,
				223456980ED2E572006EC826 /* CCompositeComponentContext.h in Headers */,
				223456990ED2E572006EC826 /* CCompositeComponentStaticInfo.h in Headers */,
				223457000ED2E572006EC826 /* CCompositePackageStaticInfo.h in Headers */,
				223457010ED2E572006EC826 /* CFactoryAttribute.h in Headers */,
				223457020ED2E572006EC826 /* CMultiFactoryAttribute.h in Headers */,
				223457030ED2E572006EC826 /* CMultiReferenceAttribute.h in Headers */,
				223457040ED2E572006EC826 /* CPackageStaticInfo.h in Headers */,
				223457050ED2E572006EC826 /* CReferenceAttribute.h in Headers */,
				223457060ED2E572006EC826 /* CRegistry.h in Headers */,
				223457070ED2E572006EC826 /* CRegistryElement.h in Headers */,
				223457080ED2E572006EC826 /* CSimComponentContextBase.h in Headers */,
				223457090ED2E572006EC826 /* export.h in Headers */,
				223457100ED2E572006EC826 /* IAttributeStaticInfo.h in Headers */,
				223457110ED2E572006EC826 /* icomp.h in Headers */,
				223457120ED2E572006EC826 /* IComponent.h in Headers */,
				223457130ED2E572006EC826 /* IComponentContext.h in Headers */,
				223457140ED2E572006EC826 /* IComponentStaticInfo.h in Headers */,
				223457150ED2E572006EC826 /* IRealAttributeStaticInfo.h in Headers */,
				223457160ED2E572006EC826 /* IRegistriesManager.h in Headers */,
				223457170ED2E572006EC826 /* IRegistry.h in Headers */,
				223457180ED2E572006EC826 /* IRegistryElement.h in Headers */,
				223457190ED2E572006EC826 /* IRegistryGeometryProvider.h in Headers */,
				223457200ED2E572006EC826 /* IRegistryNotesProvider.h in Headers */,
				223457210ED2E572006EC826 /* TAttributeStaticInfo.h in Headers */,
				223457220ED2E572006EC826 /* TComponentRegistrator.h in Headers */,
				223457230ED2E572006EC826 /* TComponentStaticInfo.h in Headers */,
				223457240ED2E572006EC826 /* TComponentWrap.h in Headers */,
				223457250ED2E572006EC826 /* TFactoryMember.h in Headers */,
				223457260ED2E572006EC826 /* TInterfaceManipBase.h in Headers */,
				223457270ED2E572006EC826 /* TInterfaceRegistrator.h in Headers */,
				223457280ED2E572006EC826 /* TMakeComponentWrap.h in Headers */,
				223457290ED2E572006EC826 /* TModelCompWrap.h in Headers */,
				223457300ED2E572006EC826 /* TMultiAttribute.h in Headers */,
				223457310ED2E572006EC826 /* TMultiAttributePtr.h in Headers */,
				223457320ED2E572006EC826 /* TMultiFactoryMember.h in Headers */,
				223457330ED2E572006EC826 /* TMultiReferencePtr.h in Headers */,
				223457340ED2E572006EC826 /* TReferencePtr.h in Headers */,
				223457350ED2E572006EC826 /* TSelectableAttribute.h in Headers */,
				223457360ED2E572006EC826 /* TSimComponentsFactory.h in Headers */,
				223457370ED2E572006EC826 /* TSimComponentWrap.h in Headers */,
				223457380ED2E572006EC826 /* TSingleAttribute.h in Headers */,
				223457390ED2E572006EC826 /* TSingleAttributePtr.h in Headers */,
			);
			runOnlyForDeploymentPostprocessing = 0;
		};
/* End PBXHeadersBuildPhase section */

/* Begin PBXNativeTarget section */
		D2AAC045055464E500DB518D /* icomp */ = {
			isa = PBXNativeTarget;
			buildConfigurationList = 1DEB91EB08733DB70010E9CD /* Build configuration list for PBXNativeTarget "icomp" */;
			buildPhases = (
				EA6981130EEBF38E00FE4110 /* ShellScript */,
				D2AAC043055464E500DB518D /* Headers */,
				D2AAC044055464E500DB518D /* Sources */,
				D289987405E68DCB004EDB86 /* Frameworks */,
			);
			buildRules = (
			);
			dependencies = (
			);
			name = icomp;
			productName = icomp;
			productReference = D2AAC046055464E500DB518D /* libicomp.a */;
			productType = "com.apple.product-type.library.static";
		};
/* End PBXNativeTarget section */

/* Begin PBXProject section */
		08FB7793FE84155DC02AAC07 /* Project object */ = {
			isa = PBXProject;
			buildConfigurationList = 1DEB91EF08733DB70010E9CD /* Build configuration list for PBXProject "icomp" */;
			compatibilityVersion = "Xcode 3.0";
			hasScannedForEncodings = 1;
			mainGroup = 08FB7794FE84155DC02AAC07 /* icomp */;
			projectDirPath = "";
			projectRoot = "";
			targets = (
				D2AAC045055464E500DB518D /* icomp */,
			);
		};
/* End PBXProject section */

/* Begin PBXShellScriptBuildPhase section */
		EA6981130EEBF38E00FE4110 /* ShellScript */ = {
			isa = PBXShellScriptBuildPhase;
			buildActionMask = 2147483647;
			comments = "UIC'ing...";
			files = (
			);
			inputPaths = (
			);
			outputPaths = (
			);
			runOnlyForDeploymentPostprocessing = 0;
			shellPath = /bin/sh;
			shellScript = "";
		};
/* End PBXShellScriptBuildPhase section */

/* Begin PBXSourcesBuildPhase section */
		D2AAC044055464E500DB518D /* Sources */ = {
			isa = PBXSourcesBuildPhase;
			buildActionMask = 2147483647;
			files = (
				223456790ED2E572006EC826 /* CBaseComponentStaticInfo.cpp in Sources */,
				223456800ED2E572006EC826 /* CComponentAddress.cpp in Sources */,
				223456810ED2E572006EC826 /* CComponentBase.cpp in Sources */,
				223456820ED2E572006EC826 /* CComponentContext.cpp in Sources */,
				223456830ED2E572006EC826 /* CComponentStaticInfoBase.cpp in Sources */,
				223456840ED2E572006EC826 /* CCompositeComponent.cpp in Sources */,
				223456850ED2E572006EC826 /* CCompositeComponentContext.cpp in Sources */,
				223456860ED2E572006EC826 /* CCompositeComponentStaticInfo.cpp in Sources */,
				223456870ED2E572006EC826 /* CCompositePackageStaticInfo.cpp in Sources */,
				223456880ED2E572006EC826 /* CPackageStaticInfo.cpp in Sources */,
				223456890ED2E572006EC826 /* CRegistry.cpp in Sources */,
				223456900ED2E572006EC826 /* CRegistryElement.cpp in Sources */,
				223456910ED2E572006EC826 /* CSimComponentContextBase.cpp in Sources */,
			);
			runOnlyForDeploymentPostprocessing = 0;
		};
/* End PBXSourcesBuildPhase section */

/* Begin XCBuildConfiguration section */
		1DEB91EC08733DB70010E9CD /* Debug */ = {
			isa = XCBuildConfiguration;
			buildSettings = {
				GCC_INLINES_ARE_PRIVATE_EXTERN = YES;
				GCC_SYMBOLS_PRIVATE_EXTERN = YES;
				CONFIGURATION_BUILD_DIR = "../../../Lib/$(CONFIGURATION)Xcd";
				COPY_PHASE_STRIP = NO;
				GCC_DYNAMIC_NO_PIC = NO;
				GCC_ENABLE_FIX_AND_CONTINUE = YES;
				GCC_MODEL_TUNING = G5;
				GCC_OPTIMIZATION_LEVEL = 0;
				INSTALL_PATH = /usr/local/lib;
				PRODUCT_NAME = icomp;
				ZERO_LINK = YES;
			};
			name = Debug;
		};
		1DEB91ED08733DB70010E9CD /* Release */ = {
			isa = XCBuildConfiguration;
			buildSettings = {
				GCC_INLINES_ARE_PRIVATE_EXTERN = YES;
				GCC_SYMBOLS_PRIVATE_EXTERN = YES;
				CONFIGURATION_BUILD_DIR = "../../../Lib/$(CONFIGURATION)Xcd";
				DEBUG_INFORMATION_FORMAT = "dwarf-with-dsym";
				GCC_MODEL_TUNING = G5;
				INSTALL_PATH = /usr/local/lib;
				PRODUCT_NAME = icomp;
			};
			name = Release;
		};
		1DEB91F008733DB70010E9CD /* Debug */ = {
			isa = XCBuildConfiguration;
			buildSettings = {
				GCC_INLINES_ARE_PRIVATE_EXTERN = YES;
				GCC_SYMBOLS_PRIVATE_EXTERN = YES;
				GCC_WARN_ABOUT_RETURN_TYPE = YES;
				GCC_WARN_UNUSED_VARIABLE = YES;
				HEADER_SEARCH_PATHS = (
					"../..",
					/Library/Frameworks/QtCore.framework/Headers,
					/Library/Frameworks/QtGui.framework/Headers,
					/Library/Frameworks/QtNetwork.framework/Headers,
					/Library/Frameworks/QtScript.framework/Headers,
					/Library/Frameworks/QtXml.framework/Headers,
				);
				PREBINDING = NO;
				SDKROOT = "$(DEVELOPER_SDK_DIR)/MacOSX10.5.sdk";
			};
			name = Debug;
		};
		1DEB91F108733DB70010E9CD /* Release */ = {
			isa = XCBuildConfiguration;
			buildSettings = {
				ARCHS = (
					ppc,
					i386,
				);
				GCC_INLINES_ARE_PRIVATE_EXTERN = YES;
				GCC_SYMBOLS_PRIVATE_EXTERN = YES;
				GCC_WARN_ABOUT_RETURN_TYPE = YES;
				GCC_WARN_UNUSED_VARIABLE = YES;
				HEADER_SEARCH_PATHS = (
					"../..",
					/Library/Frameworks/QtCore.framework/Headers,
					/Library/Frameworks/QtGui.framework/Headers,
					/Library/Frameworks/QtNetwork.framework/Headers,
					/Library/Frameworks/QtScript.framework/Headers,
					/Library/Frameworks/QtXml.framework/Headers,
				);
				PREBINDING = NO;
				SDKROOT = "$(DEVELOPER_SDK_DIR)/MacOSX10.5.sdk";
			};
			name = Release;
		};
/* End XCBuildConfiguration section */

/* Begin XCConfigurationList section */
		1DEB91EB08733DB70010E9CD /* Build configuration list for PBXNativeTarget "icomp" */ = {
			isa = XCConfigurationList;
			buildConfigurations = (
				1DEB91EC08733DB70010E9CD /* Debug */,
				1DEB91ED08733DB70010E9CD /* Release */,
			);
			defaultConfigurationIsVisible = 0;
			defaultConfigurationName = Release;
		};
		1DEB91EF08733DB70010E9CD /* Build configuration list for PBXProject "icomp" */ = {
			isa = XCConfigurationList;
			buildConfigurations = (
				1DEB91F008733DB70010E9CD /* Debug */,
				1DEB91F108733DB70010E9CD /* Release */,
			);
			defaultConfigurationIsVisible = 0;
			defaultConfigurationName = Release;
		};
/* End XCConfigurationList section */
	};
	rootObject = 08FB7793FE84155DC02AAC07 /* Project object */;
}
