// !$*UTF8*$!
{
	archiveVersion = 1;
	classes = {
	};
	objectVersion = 44;
	objects = {

/* Begin PBXBuildFile section */
		223456790ED2E572006EC826 /* CAnnulus.cpp in Sources */ = {isa = PBXBuildFile; fileRef = 123456790ED2E572006EC826 /* CAnnulus.cpp */; };
		223456800ED2E572006EC826 /* CAnnulusSegment.cpp in Sources */ = {isa = PBXBuildFile; fileRef = 123456800ED2E572006EC826 /* CAnnulusSegment.cpp */; };
		223456810ED2E572006EC826 /* CCircle.cpp in Sources */ = {isa = PBXBuildFile; fileRef = 123456810ED2E572006EC826 /* CCircle.cpp */; };
		223456820ED2E572006EC826 /* CLine2d.cpp in Sources */ = {isa = PBXBuildFile; fileRef = 123456820ED2E572006EC826 /* CLine2d.cpp */; };
		223456830ED2E572006EC826 /* CPosition2d.cpp in Sources */ = {isa = PBXBuildFile; fileRef = 123456830ED2E572006EC826 /* CPosition2d.cpp */; };
		223456840ED2E572006EC826 /* CRectangle.cpp in Sources */ = {isa = PBXBuildFile; fileRef = 123456840ED2E572006EC826 /* CRectangle.cpp */; };
		223456850ED2E572006EC826 /* CTransform.cpp in Sources */ = {isa = PBXBuildFile; fileRef = 123456850ED2E572006EC826 /* CTransform.cpp */; };
		223456860ED2E572006EC826 /* CVector2d.cpp in Sources */ = {isa = PBXBuildFile; fileRef = 123456860ED2E572006EC826 /* CVector2d.cpp */; };
		223456870ED2E572006EC826 /* CAnnulus.h in Headers */ = {isa = PBXBuildFile; fileRef = 123456870ED2E572006EC826 /* CAnnulus.h */; };
		223456880ED2E572006EC826 /* CAnnulusSegment.h in Headers */ = {isa = PBXBuildFile; fileRef = 123456880ED2E572006EC826 /* CAnnulusSegment.h */; };
		223456890ED2E572006EC826 /* CCircle.h in Headers */ = {isa = PBXBuildFile; fileRef = 123456890ED2E572006EC826 /* CCircle.h */; };
		223456900ED2E572006EC826 /* CLine2d.h in Headers */ = {isa = PBXBuildFile; fileRef = 123456900ED2E572006EC826 /* CLine2d.h */; };
		223456910ED2E572006EC826 /* CPosition2d.h in Headers */ = {isa = PBXBuildFile; fileRef = 123456910ED2E572006EC826 /* CPosition2d.h */; };
		223456920ED2E572006EC826 /* CRectangle.h in Headers */ = {isa = PBXBuildFile; fileRef = 123456920ED2E572006EC826 /* CRectangle.h */; };
		223456930ED2E572006EC826 /* CTransform.h in Headers */ = {isa = PBXBuildFile; fileRef = 123456930ED2E572006EC826 /* CTransform.h */; };
		223456940ED2E572006EC826 /* CVector2d.h in Headers */ = {isa = PBXBuildFile; fileRef = 123456940ED2E572006EC826 /* CVector2d.h */; };
		223456950ED2E572006EC826 /* i2d.h in Headers */ = {isa = PBXBuildFile; fileRef = 123456950ED2E572006EC826 /* i2d.h */; };
		223456960ED2E572006EC826 /* IObject2d.h in Headers */ = {isa = PBXBuildFile; fileRef = 123456960ED2E572006EC826 /* IObject2d.h */; };
/* End PBXBuildFile section */

/* Begin PBXFileReference section */
		123456790ED2E572006EC826 /* CAnnulus.cpp */ = {isa = PBXFileReference; fileEncoding = 4; lastKnownFileType = sourcecode.cpp.cpp; name = CAnnulus.cpp; path = ../CAnnulus.cpp; sourceTree = SOURCE_ROOT; };
		123456800ED2E572006EC826 /* CAnnulusSegment.cpp */ = {isa = PBXFileReference; fileEncoding = 4; lastKnownFileType = sourcecode.cpp.cpp; name = CAnnulusSegment.cpp; path = ../CAnnulusSegment.cpp; sourceTree = SOURCE_ROOT; };
		123456810ED2E572006EC826 /* CCircle.cpp */ = {isa = PBXFileReference; fileEncoding = 4; lastKnownFileType = sourcecode.cpp.cpp; name = CCircle.cpp; path = ../CCircle.cpp; sourceTree = SOURCE_ROOT; };
		123456820ED2E572006EC826 /* CLine2d.cpp */ = {isa = PBXFileReference; fileEncoding = 4; lastKnownFileType = sourcecode.cpp.cpp; name = CLine2d.cpp; path = ../CLine2d.cpp; sourceTree = SOURCE_ROOT; };
		123456830ED2E572006EC826 /* CPosition2d.cpp */ = {isa = PBXFileReference; fileEncoding = 4; lastKnownFileType = sourcecode.cpp.cpp; name = CPosition2d.cpp; path = ../CPosition2d.cpp; sourceTree = SOURCE_ROOT; };
		123456840ED2E572006EC826 /* CRectangle.cpp */ = {isa = PBXFileReference; fileEncoding = 4; lastKnownFileType = sourcecode.cpp.cpp; name = CRectangle.cpp; path = ../CRectangle.cpp; sourceTree = SOURCE_ROOT; };
		123456850ED2E572006EC826 /* CTransform.cpp */ = {isa = PBXFileReference; fileEncoding = 4; lastKnownFileType = sourcecode.cpp.cpp; name = CTransform.cpp; path = ../CTransform.cpp; sourceTree = SOURCE_ROOT; };
		123456860ED2E572006EC826 /* CVector2d.cpp */ = {isa = PBXFileReference; fileEncoding = 4; lastKnownFileType = sourcecode.cpp.cpp; name = CVector2d.cpp; path = ../CVector2d.cpp; sourceTree = SOURCE_ROOT; };
		123456870ED2E572006EC826 /* CAnnulus.h */ = {isa = PBXFileReference; fileEncoding = 4; lastKnownFileType = sourcecode.cpp.cpp; name = CAnnulus.h; path = ../CAnnulus.h; sourceTree = SOURCE_ROOT; };
		123456880ED2E572006EC826 /* CAnnulusSegment.h */ = {isa = PBXFileReference; fileEncoding = 4; lastKnownFileType = sourcecode.cpp.cpp; name = CAnnulusSegment.h; path = ../CAnnulusSegment.h; sourceTree = SOURCE_ROOT; };
		123456890ED2E572006EC826 /* CCircle.h */ = {isa = PBXFileReference; fileEncoding = 4; lastKnownFileType = sourcecode.cpp.cpp; name = CCircle.h; path = ../CCircle.h; sourceTree = SOURCE_ROOT; };
		123456900ED2E572006EC826 /* CLine2d.h */ = {isa = PBXFileReference; fileEncoding = 4; lastKnownFileType = sourcecode.cpp.cpp; name = CLine2d.h; path = ../CLine2d.h; sourceTree = SOURCE_ROOT; };
		123456910ED2E572006EC826 /* CPosition2d.h */ = {isa = PBXFileReference; fileEncoding = 4; lastKnownFileType = sourcecode.cpp.cpp; name = CPosition2d.h; path = ../CPosition2d.h; sourceTree = SOURCE_ROOT; };
		123456920ED2E572006EC826 /* CRectangle.h */ = {isa = PBXFileReference; fileEncoding = 4; lastKnownFileType = sourcecode.cpp.cpp; name = CRectangle.h; path = ../CRectangle.h; sourceTree = SOURCE_ROOT; };
		123456930ED2E572006EC826 /* CTransform.h */ = {isa = PBXFileReference; fileEncoding = 4; lastKnownFileType = sourcecode.cpp.cpp; name = CTransform.h; path = ../CTransform.h; sourceTree = SOURCE_ROOT; };
		123456940ED2E572006EC826 /* CVector2d.h */ = {isa = PBXFileReference; fileEncoding = 4; lastKnownFileType = sourcecode.cpp.cpp; name = CVector2d.h; path = ../CVector2d.h; sourceTree = SOURCE_ROOT; };
		123456950ED2E572006EC826 /* i2d.h */ = {isa = PBXFileReference; fileEncoding = 4; lastKnownFileType = sourcecode.cpp.cpp; name = i2d.h; path = ../i2d.h; sourceTree = SOURCE_ROOT; };
		123456960ED2E572006EC826 /* IObject2d.h */ = {isa = PBXFileReference; fileEncoding = 4; lastKnownFileType = sourcecode.cpp.cpp; name = IObject2d.h; path = ../IObject2d.h; sourceTree = SOURCE_ROOT; };
		D2AAC046055464E500DB518D /* libi2d.a */ = {isa = PBXFileReference; explicitFileType = archive.ar; includeInIndex = 0; path = libi2d.a; sourceTree = BUILT_PRODUCTS_DIR; };
/* End PBXFileReference section */

/* Begin PBXFrameworksBuildPhase section */
		D289987405E68DCB004EDB86 /* Frameworks */ = {
			isa = PBXFrameworksBuildPhase;
			buildActionMask = 2147483647;
			files = (
			);
			runOnlyForDeploymentPostprocessing = 0;
		};
/* End PBXFrameworksBuildPhase section */

/* Begin PBXGroup section */
		08FB7794FE84155DC02AAC07 /* i2d */ = {
			isa = PBXGroup;
			children = (
				EAB5AC950ED2E587006EC826 /* Header */,
				08FB7795FE84155DC02AAC07 /* Source */,
				EA9856A50EEABE3D00C738EF /* Generated */,
				EA9856AA0EEABE3D00C738EF /* Resources */,
				EA9856A60EEABE5300C738EF /* Garbages */,
				C6A0FF2B0290797F04C91782 /* Forms */,
				1AB674ADFE9D54B511CA2CBB /* Products */,
			);
			name = i2d;
			sourceTree = "<group>";
		};
		08FB7795FE84155DC02AAC07 /* Source */ = {
			isa = PBXGroup;
			children = (
				123456790ED2E572006EC826 /* CAnnulus.cpp */,
				123456800ED2E572006EC826 /* CAnnulusSegment.cpp */,
				123456810ED2E572006EC826 /* CCircle.cpp */,
				123456820ED2E572006EC826 /* CLine2d.cpp */,
				123456830ED2E572006EC826 /* CPosition2d.cpp */,
				123456840ED2E572006EC826 /* CRectangle.cpp */,
				123456850ED2E572006EC826 /* CTransform.cpp */,
				123456860ED2E572006EC826 /* CVector2d.cpp */,
			);
			name = Source;
			sourceTree = "<group>";
		};
		1AB674ADFE9D54B511CA2CBB /* Products */ = {
			isa = PBXGroup;
			children = (
				D2AAC046055464E500DB518D /* libi2d.a */,
			);
			name = Products;
			sourceTree = "<group>";
		};
		C6A0FF2B0290797F04C91782 /* Forms */ = {
			isa = PBXGroup;
			children = (
			);
			name = Forms;
			sourceTree = "<group>";
		};
		EA9856A50EEABE3D00C738EF /* Generated */ = {
			isa = PBXGroup;
			children = (
			);
			name = Generated;
			sourceTree = "<group>";
		};
		EA9856A60EEABE5300C738EF /* Garbages */ = {
			isa = PBXGroup;
			children = (
			);
			name = Garbages;
			sourceTree = "<group>";
		};
		EA9856AA0EEABE3D00C738EF /* Resources */ = {
			isa = PBXGroup;
			children = (
			);
			name = Resources;
			sourceTree = "<group>";
		};
		EAB5AC950ED2E587006EC826 /* Header */ = {
			isa = PBXGroup;
			children = (
				123456870ED2E572006EC826 /* CAnnulus.h */,
				123456880ED2E572006EC826 /* CAnnulusSegment.h */,
				123456890ED2E572006EC826 /* CCircle.h */,
				123456900ED2E572006EC826 /* CLine2d.h */,
				123456910ED2E572006EC826 /* CPosition2d.h */,
				123456920ED2E572006EC826 /* CRectangle.h */,
				123456930ED2E572006EC826 /* CTransform.h */,
				123456940ED2E572006EC826 /* CVector2d.h */,
				123456950ED2E572006EC826 /* i2d.h */,
				123456960ED2E572006EC826 /* IObject2d.h */,
			);
			name = Header;
			sourceTree = "<group>";
		};
/* End PBXGroup section */

/* Begin PBXHeadersBuildPhase section */
		D2AAC043055464E500DB518D /* Headers */ = {
			isa = PBXHeadersBuildPhase;
			buildActionMask = 2147483647;
			files = (
				223456870ED2E572006EC826 /* CAnnulus.h in Headers */,
				223456880ED2E572006EC826 /* CAnnulusSegment.h in Headers */,
				223456890ED2E572006EC826 /* CCircle.h in Headers */,
				223456900ED2E572006EC826 /* CLine2d.h in Headers */,
				223456910ED2E572006EC826 /* CPosition2d.h in Headers */,
				223456920ED2E572006EC826 /* CRectangle.h in Headers */,
				223456930ED2E572006EC826 /* CTransform.h in Headers */,
				223456940ED2E572006EC826 /* CVector2d.h in Headers */,
				223456950ED2E572006EC826 /* i2d.h in Headers */,
				223456960ED2E572006EC826 /* IObject2d.h in Headers */,
			);
			runOnlyForDeploymentPostprocessing = 0;
		};
/* End PBXHeadersBuildPhase section */

/* Begin PBXNativeTarget section */
		D2AAC045055464E500DB518D /* i2d */ = {
			isa = PBXNativeTarget;
			buildConfigurationList = 1DEB91EB08733DB70010E9CD /* Build configuration list for PBXNativeTarget "i2d" */;
			buildPhases = (
				EA6981130EEBF38E00FE4110 /* ShellScript */,
				D2AAC043055464E500DB518D /* Headers */,
				D2AAC044055464E500DB518D /* Sources */,
				D289987405E68DCB004EDB86 /* Frameworks */,
			);
			buildRules = (
			);
			dependencies = (
			);
			name = i2d;
			productName = i2d;
			productReference = D2AAC046055464E500DB518D /* libi2d.a */;
			productType = "com.apple.product-type.library.static";
		};
/* End PBXNativeTarget section */

/* Begin PBXProject section */
		08FB7793FE84155DC02AAC07 /* Project object */ = {
			isa = PBXProject;
			buildConfigurationList = 1DEB91EF08733DB70010E9CD /* Build configuration list for PBXProject "i2d" */;
			compatibilityVersion = "Xcode 3.0";
			hasScannedForEncodings = 1;
			mainGroup = 08FB7794FE84155DC02AAC07 /* i2d */;
			projectDirPath = "";
			projectRoot = "";
			targets = (
				D2AAC045055464E500DB518D /* i2d */,
			);
		};
/* End PBXProject section */

/* Begin PBXShellScriptBuildPhase section */
		EA6981130EEBF38E00FE4110 /* ShellScript */ = {
			isa = PBXShellScriptBuildPhase;
			buildActionMask = 2147483647;
			comments = "UIC'ing...";
			files = (
			);
			inputPaths = (
			);
			outputPaths = (
			);
			runOnlyForDeploymentPostprocessing = 0;
			shellPath = /bin/sh;
			shellScript = "";
		};
/* End PBXShellScriptBuildPhase section */

/* Begin PBXSourcesBuildPhase section */
		D2AAC044055464E500DB518D /* Sources */ = {
			isa = PBXSourcesBuildPhase;
			buildActionMask = 2147483647;
			files = (
				223456790ED2E572006EC826 /* CAnnulus.cpp in Sources */,
				223456800ED2E572006EC826 /* CAnnulusSegment.cpp in Sources */,
				223456810ED2E572006EC826 /* CCircle.cpp in Sources */,
				223456820ED2E572006EC826 /* CLine2d.cpp in Sources */,
				223456830ED2E572006EC826 /* CPosition2d.cpp in Sources */,
				223456840ED2E572006EC826 /* CRectangle.cpp in Sources */,
				223456850ED2E572006EC826 /* CTransform.cpp in Sources */,
				223456860ED2E572006EC826 /* CVector2d.cpp in Sources */,
			);
			runOnlyForDeploymentPostprocessing = 0;
		};
/* End PBXSourcesBuildPhase section */

/* Begin XCBuildConfiguration section */
		1DEB91EC08733DB70010E9CD /* Debug */ = {
			isa = XCBuildConfiguration;
			buildSettings = {
				COPY_PHASE_STRIP = NO;
				GCC_DYNAMIC_NO_PIC = NO;
				GCC_ENABLE_FIX_AND_CONTINUE = YES;
				GCC_MODEL_TUNING = G5;
				GCC_OPTIMIZATION_LEVEL = 0;
				INSTALL_PATH = /usr/local/lib;
				PRODUCT_NAME = i2d;
				ZERO_LINK = YES;
			};
			name = Debug;
		};
		1DEB91ED08733DB70010E9CD /* Release */ = {
			isa = XCBuildConfiguration;
			buildSettings = {
				DEBUG_INFORMATION_FORMAT = "dwarf-with-dsym";
				GCC_MODEL_TUNING = G5;
				INSTALL_PATH = /usr/local/lib;
				PRODUCT_NAME = i2d;
			};
			name = Release;
		};
		1DEB91F008733DB70010E9CD /* Debug */ = {
			isa = XCBuildConfiguration;
			buildSettings = {
				GCC_WARN_ABOUT_RETURN_TYPE = YES;
				GCC_WARN_UNUSED_VARIABLE = YES;
				HEADER_SEARCH_PATHS = (
					../..,
					/Library/Frameworks/QtCore.framework/Headers,
					/Library/Frameworks/QtGui.framework/Headers,
					/Library/Frameworks/QtNetwork.framework/Headers,
					/Library/Frameworks/QtScript.framework/Headers,
					/Library/Frameworks/QtXml.framework/Headers,
				);
				PREBINDING = NO;
				SDKROOT = "$(DEVELOPER_SDK_DIR)/MacOSX10.5.sdk";
			};
			name = Debug;
		};
		1DEB91F108733DB70010E9CD /* Release */ = {
			isa = XCBuildConfiguration;
			buildSettings = {
				ARCHS = (
					ppc,
					i386,
				);
				GCC_WARN_ABOUT_RETURN_TYPE = YES;
				GCC_WARN_UNUSED_VARIABLE = YES;
				HEADER_SEARCH_PATHS = (
					../..,
					/Library/Frameworks/QtCore.framework/Headers,
					/Library/Frameworks/QtGui.framework/Headers,
					/Library/Frameworks/QtNetwork.framework/Headers,
					/Library/Frameworks/QtScript.framework/Headers,
					/Library/Frameworks/QtXml.framework/Headers,
				);
				PREBINDING = NO;
				SDKROOT = "$(DEVELOPER_SDK_DIR)/MacOSX10.5.sdk";
			};
			name = Release;
		};
/* End XCBuildConfiguration section */

/* Begin XCConfigurationList section */
		1DEB91EB08733DB70010E9CD /* Build configuration list for PBXNativeTarget "i2d" */ = {
			isa = XCConfigurationList;
			buildConfigurations = (
				1DEB91EC08733DB70010E9CD /* Debug */,
				1DEB91ED08733DB70010E9CD /* Release */,
			);
			defaultConfigurationIsVisible = 0;
			defaultConfigurationName = Release;
		};
		1DEB91EF08733DB70010E9CD /* Build configuration list for PBXProject "i2d" */ = {
			isa = XCConfigurationList;
			buildConfigurations = (
				1DEB91F008733DB70010E9CD /* Debug */,
				1DEB91F108733DB70010E9CD /* Release */,
			);
			defaultConfigurationIsVisible = 0;
			defaultConfigurationName = Release;
		};
/* End XCConfigurationList section */
	};
	rootObject = 08FB7793FE84155DC02AAC07 /* Project object */;
}
