// !$*UTF8*$!
{
	archiveVersion = 1;
	classes = {
	};
	objectVersion = 44;
	objects = {

/* Begin PBXBuildFile section */
		223456790ED2E572006EC826 /* Empty.cpp in Sources */ = {isa = PBXBuildFile; fileRef = 123456790ED2E572006EC826 /* Empty.cpp */; };
		EA99CB890F045128003471A1 /* libiqt.a in Frameworks */ = {isa = PBXBuildFile; fileRef = EA99C5FF0F044DDC003471A1 /* libiqt.a */; };
		EA99CB8A0F045128003471A1 /* libiqt2d.a in Frameworks */ = {isa = PBXBuildFile; fileRef = EA99C5F70F044DD1003471A1 /* libiqt2d.a */; };
		EA99CB8B0F045129003471A1 /* libiqtdoc.a in Frameworks */ = {isa = PBXBuildFile; fileRef = EA99C5EF0F044DCA003471A1 /* libiqtdoc.a */; };
		EA99CB8C0F04512A003471A1 /* libiqtgui.a in Frameworks */ = {isa = PBXBuildFile; fileRef = EA99C5E70F044DC4003471A1 /* libiqtgui.a */; };
		EA99CB8D0F04512A003471A1 /* libiqtprm.a in Frameworks */ = {isa = PBXBuildFile; fileRef = EA99C5DF0F044DBB003471A1 /* libiqtprm.a */; };
/* End PBXBuildFile section */

/* Begin PBXContainerItemProxy section */
		EA99C5DE0F044DBB003471A1 /* PBXContainerItemProxy */ = {
			isa = PBXContainerItemProxy;
			containerPortal = EA5A97E50EEC33BB00FD019A /* iqtprm.xcodeproj */;
			proxyType = 2;
			remoteGlobalIDString = D2AAC046055464E500DB518D;
			remoteInfo = iqtprm;
		};
		EA99C5E60F044DC4003471A1 /* PBXContainerItemProxy */ = {
			isa = PBXContainerItemProxy;
			containerPortal = EA5A97DC0EEC33A100FD019A /* iqtgui.xcodeproj */;
			proxyType = 2;
			remoteGlobalIDString = D2AAC046055464E500DB518D;
			remoteInfo = iqtgui;
		};
		EA99C5EE0F044DCA003471A1 /* PBXContainerItemProxy */ = {
			isa = PBXContainerItemProxy;
			containerPortal = EA5A97D30EEC339200FD019A /* iqtdoc.xcodeproj */;
			proxyType = 2;
			remoteGlobalIDString = D2AAC046055464E500DB518D;
			remoteInfo = iqtdoc;
		};
		EA99C5F60F044DD1003471A1 /* PBXContainerItemProxy */ = {
			isa = PBXContainerItemProxy;
			containerPortal = EA5A97CA0EEC338100FD019A /* iqt2d.xcodeproj */;
			proxyType = 2;
			remoteGlobalIDString = D2AAC046055464E500DB518D;
			remoteInfo = iqt2d;
		};
		EA99C5FE0F044DDC003471A1 /* PBXContainerItemProxy */ = {
			isa = PBXContainerItemProxy;
			containerPortal = EA5A97C10EEC337100FD019A /* iqt.xcodeproj */;
			proxyType = 2;
			remoteGlobalIDString = D2AAC046055464E500DB518D;
			remoteInfo = iqt;
		};
		EABF77AB0F06DEB900119803 /* PBXContainerItemProxy */ = {
			isa = PBXContainerItemProxy;
			containerPortal = EA5A97DC0EEC33A100FD019A /* iqtgui.xcodeproj */;
			proxyType = 1;
			remoteGlobalIDString = D2AAC045055464E500DB518D /* iqtgui */;
			remoteInfo = iqtgui;
		};
		EABF77AD0F06DEB900119803 /* PBXContainerItemProxy */ = {
			isa = PBXContainerItemProxy;
			containerPortal = EA5A97CA0EEC338100FD019A /* iqt2d.xcodeproj */;
			proxyType = 1;
			remoteGlobalIDString = D2AAC045055464E500DB518D /* iqt2d */;
			remoteInfo = iqt2d;
		};
		EABF77AF0F06DEB900119803 /* PBXContainerItemProxy */ = {
			isa = PBXContainerItemProxy;
			containerPortal = EA5A97D30EEC339200FD019A /* iqtdoc.xcodeproj */;
			proxyType = 1;
			remoteGlobalIDString = D2AAC045055464E500DB518D /* iqtdoc */;
			remoteInfo = iqtdoc;
		};
		EABF77B10F06DEB900119803 /* PBXContainerItemProxy */ = {
			isa = PBXContainerItemProxy;
			containerPortal = EA5A97E50EEC33BB00FD019A /* iqtprm.xcodeproj */;
			proxyType = 1;
			remoteGlobalIDString = D2AAC045055464E500DB518D /* iqtprm */;
			remoteInfo = iqtprm;
		};
		EABF77B30F06DEB900119803 /* PBXContainerItemProxy */ = {
			isa = PBXContainerItemProxy;
			containerPortal = EA5A97C10EEC337100FD019A /* iqt.xcodeproj */;
			proxyType = 1;
			remoteGlobalIDString = D2AAC045055464E500DB518D /* iqt */;
			remoteInfo = iqt;
		};
/* End PBXContainerItemProxy section */

/* Begin PBXFileReference section */
		123456790ED2E572006EC826 /* Empty.cpp */ = {isa = PBXFileReference; fileEncoding = 4; lastKnownFileType = sourcecode.cpp.cpp; name = Empty.cpp; path = ../Empty.cpp; sourceTree = SOURCE_ROOT; };
		D2AAC046055464E500DB518D /* libacfqt.a */ = {isa = PBXFileReference; explicitFileType = archive.ar; includeInIndex = 0; path = libacfqt.a; sourceTree = BUILT_PRODUCTS_DIR; };
		EA5A97C10EEC337100FD019A /* iqt.xcodeproj */ = {isa = PBXFileReference; lastKnownFileType = "wrapper.pb-project"; name = iqt.xcodeproj; path = Include/iqt/Xcd/iqt.xcodeproj; sourceTree = ACFDIR; };
		EA5A97CA0EEC338100FD019A /* iqt2d.xcodeproj */ = {isa = PBXFileReference; lastKnownFileType = "wrapper.pb-project"; name = iqt2d.xcodeproj; path = Include/iqt2d/Xcd/iqt2d.xcodeproj; sourceTree = ACFDIR; };
		EA5A97D30EEC339200FD019A /* iqtdoc.xcodeproj */ = {isa = PBXFileReference; lastKnownFileType = "wrapper.pb-project"; name = iqtdoc.xcodeproj; path = Include/iqtdoc/Xcd/iqtdoc.xcodeproj; sourceTree = ACFDIR; };
		EA5A97DC0EEC33A100FD019A /* iqtgui.xcodeproj */ = {isa = PBXFileReference; lastKnownFileType = "wrapper.pb-project"; name = iqtgui.xcodeproj; path = Include/iqtgui/Xcd/iqtgui.xcodeproj; sourceTree = ACFDIR; };
		EA5A97E50EEC33BB00FD019A /* iqtprm.xcodeproj */ = {isa = PBXFileReference; lastKnownFileType = "wrapper.pb-project"; name = iqtprm.xcodeproj; path = Include/iqtprm/Xcd/iqtprm.xcodeproj; sourceTree = ACFDIR; };
/* End PBXFileReference section */

/* Begin PBXFrameworksBuildPhase section */
		D289987405E68DCB004EDB86 /* Frameworks */ = {
			isa = PBXFrameworksBuildPhase;
			buildActionMask = 2147483647;
			files = (
				EA99CB890F045128003471A1 /* libiqt.a in Frameworks */,
				EA99CB8A0F045128003471A1 /* libiqt2d.a in Frameworks */,
				EA99CB8B0F045129003471A1 /* libiqtdoc.a in Frameworks */,
				EA99CB8C0F04512A003471A1 /* libiqtgui.a in Frameworks */,
				EA99CB8D0F04512A003471A1 /* libiqtprm.a in Frameworks */,
			);
			runOnlyForDeploymentPostprocessing = 0;
		};
/* End PBXFrameworksBuildPhase section */

/* Begin PBXGroup section */
		08FB7794FE84155DC02AAC07 /* acfqt */ = {
			isa = PBXGroup;
			children = (
				EA5A97E50EEC33BB00FD019A /* iqtprm.xcodeproj */,
				EA5A97DC0EEC33A100FD019A /* iqtgui.xcodeproj */,
				EA5A97D30EEC339200FD019A /* iqtdoc.xcodeproj */,
				EA5A97CA0EEC338100FD019A /* iqt2d.xcodeproj */,
				EA5A97C10EEC337100FD019A /* iqt.xcodeproj */,
				EAB5AC950ED2E587006EC826 /* Header */,
				08FB7795FE84155DC02AAC07 /* Source */,
				EA9856A50EEABE3D00C738EF /* Generated */,
				EA9856AA0EEABE3D00C738EF /* Resources */,
				EA9856A60EEABE5300C738EF /* Garbages */,
				C6A0FF2B0290797F04C91782 /* Forms */,
				1AB674ADFE9D54B511CA2CBB /* Products */,
			);
			name = acfqt;
			sourceTree = "<group>";
		};
		08FB7795FE84155DC02AAC07 /* Source */ = {
			isa = PBXGroup;
			children = (
				123456790ED2E572006EC826 /* Empty.cpp */,
			);
			name = Source;
			sourceTree = "<group>";
		};
		1AB674ADFE9D54B511CA2CBB /* Products */ = {
			isa = PBXGroup;
			children = (
				D2AAC046055464E500DB518D /* libacfqt.a */,
			);
			name = Products;
			sourceTree = "<group>";
		};
		C6A0FF2B0290797F04C91782 /* Forms */ = {
			isa = PBXGroup;
			children = (
			);
			name = Forms;
			sourceTree = "<group>";
		};
		EA9856A50EEABE3D00C738EF /* Generated */ = {
			isa = PBXGroup;
			children = (
			);
			name = Generated;
			sourceTree = "<group>";
		};
		EA9856A60EEABE5300C738EF /* Garbages */ = {
			isa = PBXGroup;
			children = (
			);
			name = Garbages;
			sourceTree = "<group>";
		};
		EA9856AA0EEABE3D00C738EF /* Resources */ = {
			isa = PBXGroup;
			children = (
			);
			name = Resources;
			sourceTree = "<group>";
		};
		EA99C5DB0F044DBB003471A1 /* Products */ = {
			isa = PBXGroup;
			children = (
				EA99C5DF0F044DBB003471A1 /* libiqtprm.a */,
			);
			name = Products;
			sourceTree = "<group>";
		};
		EA99C5E30F044DC4003471A1 /* Products */ = {
			isa = PBXGroup;
			children = (
				EA99C5E70F044DC4003471A1 /* libiqtgui.a */,
			);
			name = Products;
			sourceTree = "<group>";
		};
		EA99C5EB0F044DCA003471A1 /* Products */ = {
			isa = PBXGroup;
			children = (
				EA99C5EF0F044DCA003471A1 /* libiqtdoc.a */,
			);
			name = Products;
			sourceTree = "<group>";
		};
		EA99C5F30F044DD1003471A1 /* Products */ = {
			isa = PBXGroup;
			children = (
				EA99C5F70F044DD1003471A1 /* libiqt2d.a */,
			);
			name = Products;
			sourceTree = "<group>";
		};
		EA99C5FB0F044DDC003471A1 /* Products */ = {
			isa = PBXGroup;
			children = (
				EA99C5FF0F044DDC003471A1 /* libiqt.a */,
			);
			name = Products;
			sourceTree = "<group>";
		};
		EAB5AC950ED2E587006EC826 /* Header */ = {
			isa = PBXGroup;
			children = (
			);
			name = Header;
			sourceTree = "<group>";
		};
/* End PBXGroup section */

/* Begin PBXHeadersBuildPhase section */
		D2AAC043055464E500DB518D /* Headers */ = {
			isa = PBXHeadersBuildPhase;
			buildActionMask = 2147483647;
			files = (
			);
			runOnlyForDeploymentPostprocessing = 0;
		};
/* End PBXHeadersBuildPhase section */

/* Begin PBXNativeTarget section */
		D2AAC045055464E500DB518D /* iqt */ = {
			isa = PBXNativeTarget;
			buildConfigurationList = 1DEB91EB08733DB70010E9CD /* Build configuration list for PBXNativeTarget "acfqt" */;
			buildPhases = (
				EA6981130EEBF38E00FE4110 /* ShellScript */,
				D2AAC043055464E500DB518D /* Headers */,
				D2AAC044055464E500DB518D /* Sources */,
				D289987405E68DCB004EDB86 /* Frameworks */,
			);
			buildRules = (
			);
			dependencies = (
				EABF77AC0F06DEB900119803 /* PBXTargetDependency */,
				EABF77AE0F06DEB900119803 /* PBXTargetDependency */,
				EABF77B00F06DEB900119803 /* PBXTargetDependency */,
				EABF77B20F06DEB900119803 /* PBXTargetDependency */,
				EABF77B40F06DEB900119803 /* PBXTargetDependency */,
			);
			name = acfqt;
			productName = acfqt;
			productReference = D2AAC046055464E500DB518D /* libacfqt.a */;
			productType = "com.apple.product-type.library.static";
		};
/* End PBXNativeTarget section */

/* Begin PBXProject section */
		08FB7793FE84155DC02AAC07 /* Project object */ = {
			isa = PBXProject;
			buildConfigurationList = 1DEB91EF08733DB70010E9CD /* Build configuration list for PBXProject "AcfQt" */;
			compatibilityVersion = "Xcode 3.0";
			hasScannedForEncodings = 1;
			mainGroup = 08FB7794FE84155DC02AAC07 /* acfqt */;
			projectDirPath = "";
			projectReferences = (
				{
					ProductGroup = EA99C5FB0F044DDC003471A1 /* Products */;
					ProjectRef = EA5A97C10EEC337100FD019A /* iqt.xcodeproj */;
				},
				{
					ProductGroup = EA99C5F30F044DD1003471A1 /* Products */;
					ProjectRef = EA5A97CA0EEC338100FD019A /* iqt2d.xcodeproj */;
				},
				{
					ProductGroup = EA99C5EB0F044DCA003471A1 /* Products */;
					ProjectRef = EA5A97D30EEC339200FD019A /* iqtdoc.xcodeproj */;
				},
				{
					ProductGroup = EA99C5E30F044DC4003471A1 /* Products */;
					ProjectRef = EA5A97DC0EEC33A100FD019A /* iqtgui.xcodeproj */;
				},
				{
					ProductGroup = EA99C5DB0F044DBB003471A1 /* Products */;
					ProjectRef = EA5A97E50EEC33BB00FD019A /* iqtprm.xcodeproj */;
				},
			);
			projectRoot = "";
			targets = (
				D2AAC045055464E500DB518D /* iqt */,
			);
		};
/* End PBXProject section */

/* Begin PBXReferenceProxy section */
		EA99C5DF0F044DBB003471A1 /* libiqtprm.a */ = {
			isa = PBXReferenceProxy;
			fileType = archive.ar;
			path = libiqtprm.a;
			remoteRef = EA99C5DE0F044DBB003471A1 /* PBXContainerItemProxy */;
			sourceTree = BUILT_PRODUCTS_DIR;
		};
		EA99C5E70F044DC4003471A1 /* libiqtgui.a */ = {
			isa = PBXReferenceProxy;
			fileType = archive.ar;
			path = libiqtgui.a;
			remoteRef = EA99C5E60F044DC4003471A1 /* PBXContainerItemProxy */;
			sourceTree = BUILT_PRODUCTS_DIR;
		};
		EA99C5EF0F044DCA003471A1 /* libiqtdoc.a */ = {
			isa = PBXReferenceProxy;
			fileType = archive.ar;
			path = libiqtdoc.a;
			remoteRef = EA99C5EE0F044DCA003471A1 /* PBXContainerItemProxy */;
			sourceTree = BUILT_PRODUCTS_DIR;
		};
		EA99C5F70F044DD1003471A1 /* libiqt2d.a */ = {
			isa = PBXReferenceProxy;
			fileType = archive.ar;
			path = libiqt2d.a;
			remoteRef = EA99C5F60F044DD1003471A1 /* PBXContainerItemProxy */;
			sourceTree = BUILT_PRODUCTS_DIR;
		};
		EA99C5FF0F044DDC003471A1 /* libiqt.a */ = {
			isa = PBXReferenceProxy;
			fileType = archive.ar;
			path = libiqt.a;
			remoteRef = EA99C5FE0F044DDC003471A1 /* PBXContainerItemProxy */;
			sourceTree = BUILT_PRODUCTS_DIR;
		};
/* End PBXReferenceProxy section */

/* Begin PBXShellScriptBuildPhase section */
		EA6981130EEBF38E00FE4110 /* ShellScript */ = {
			isa = PBXShellScriptBuildPhase;
			buildActionMask = 2147483647;
			comments = "UIC'ing...";
			files = (
			);
			inputPaths = (
			);
			outputPaths = (
			);
			runOnlyForDeploymentPostprocessing = 0;
			shellPath = /bin/sh;
			shellScript = "";
		};
/* End PBXShellScriptBuildPhase section */

/* Begin PBXSourcesBuildPhase section */
		D2AAC044055464E500DB518D /* Sources */ = {
			isa = PBXSourcesBuildPhase;
			buildActionMask = 2147483647;
			files = (
				223456790ED2E572006EC826 /* Empty.cpp in Sources */,
			);
			runOnlyForDeploymentPostprocessing = 0;
		};
/* End PBXSourcesBuildPhase section */

/* Begin PBXTargetDependency section */
		EABF77AC0F06DEB900119803 /* PBXTargetDependency */ = {
			isa = PBXTargetDependency;
			name = iqtgui;
			targetProxy = EABF77AB0F06DEB900119803 /* PBXContainerItemProxy */;
		};
		EABF77AE0F06DEB900119803 /* PBXTargetDependency */ = {
			isa = PBXTargetDependency;
			name = iqt2d;
			targetProxy = EABF77AD0F06DEB900119803 /* PBXContainerItemProxy */;
		};
		EABF77B00F06DEB900119803 /* PBXTargetDependency */ = {
			isa = PBXTargetDependency;
			name = iqtdoc;
			targetProxy = EABF77AF0F06DEB900119803 /* PBXContainerItemProxy */;
		};
		EABF77B20F06DEB900119803 /* PBXTargetDependency */ = {
			isa = PBXTargetDependency;
			name = iqtprm;
			targetProxy = EABF77B10F06DEB900119803 /* PBXContainerItemProxy */;
		};
		EABF77B40F06DEB900119803 /* PBXTargetDependency */ = {
			isa = PBXTargetDependency;
			name = iqt;
			targetProxy = EABF77B30F06DEB900119803 /* PBXContainerItemProxy */;
		};
/* End PBXTargetDependency section */

/* Begin XCBuildConfiguration section */
		1DEB91EC08733DB70010E9CD /* Debug */ = {
			isa = XCBuildConfiguration;
			buildSettings = {
				COPY_PHASE_STRIP = NO;
				GCC_DYNAMIC_NO_PIC = NO;
				GCC_ENABLE_FIX_AND_CONTINUE = YES;
				GCC_MODEL_TUNING = G5;
				GCC_OPTIMIZATION_LEVEL = 0;
				INSTALL_PATH = /usr/local/lib;
				OTHER_CFLAGS = "-fvisibility=default";
				PRODUCT_NAME = acfqt;
				ZERO_LINK = YES;
			};
			name = Debug;
		};
		1DEB91ED08733DB70010E9CD /* Release */ = {
			isa = XCBuildConfiguration;
			buildSettings = {
				DEBUG_INFORMATION_FORMAT = "dwarf-with-dsym";
				GCC_MODEL_TUNING = G5;
				INSTALL_PATH = /usr/local/lib;
				PRODUCT_NAME = acfqt;
			};
			name = Release;
		};
		1DEB91F008733DB70010E9CD /* Debug */ = {
			isa = XCBuildConfiguration;
			buildSettings = {
				CONFIGURATION_BUILD_DIR = "../../../Lib/$(CONFIGURATION)Xcd";
				GCC_INLINES_ARE_PRIVATE_EXTERN = YES;
				GCC_SYMBOLS_PRIVATE_EXTERN = YES;
				GCC_PREPROCESSOR_DEFINITIONS = "_DEBUG=1";
				GCC_WARN_ABOUT_RETURN_TYPE = YES;
				GCC_WARN_UNUSED_VARIABLE = YES;
				HEADER_SEARCH_PATHS = (
					../..,
					"${QTDIR}/include",
					"${QTDIR}/include/QtCore",
					"${QTDIR}/include/QtGui",
					"${QTDIR}/include/QtXml",
					"${QTDIR}/include/QtScript",
				);
				PREBINDING = NO;
				SDKROOT = "$(DEVELOPER_SDK_DIR)/MacOSX10.5.sdk";
			};
			name = Debug;
		};
		1DEB91F108733DB70010E9CD /* Release */ = {
			isa = XCBuildConfiguration;
			buildSettings = {
				ARCHS = (
					ppc,
					i386,
				);
				CONFIGURATION_BUILD_DIR = "../../../Lib/$(CONFIGURATION)Xcd";
				GCC_INLINES_ARE_PRIVATE_EXTERN = YES;
				GCC_SYMBOLS_PRIVATE_EXTERN = YES;
				GCC_WARN_ABOUT_RETURN_TYPE = YES;
				GCC_WARN_UNUSED_VARIABLE = YES;
				HEADER_SEARCH_PATHS = (
					../..,
					"${QTDIR}/include",
					"${QTDIR}/include/QtCore",
					"${QTDIR}/include/QtGui",
					"${QTDIR}/include/QtXml",
					"${QTDIR}/include/QtScript",
				);
				PREBINDING = NO;
				SDKROOT = "$(DEVELOPER_SDK_DIR)/MacOSX10.5.sdk";
			};
			name = Release;
		};
/* End XCBuildConfiguration section */

/* Begin XCConfigurationList section */
		1DEB91EB08733DB70010E9CD /* Build configuration list for PBXNativeTarget "acfqt" */ = {
			isa = XCConfigurationList;
			buildConfigurations = (
				1DEB91EC08733DB70010E9CD /* Debug */,
				1DEB91ED08733DB70010E9CD /* Release */,
			);
			defaultConfigurationIsVisible = 0;
			defaultConfigurationName = Release;
		};
		1DEB91EF08733DB70010E9CD /* Build configuration list for PBXProject "AcfQt" */ = {
			isa = XCConfigurationList;
			buildConfigurations = (
				1DEB91F008733DB70010E9CD /* Debug */,
				1DEB91F108733DB70010E9CD /* Release */,
			);
			defaultConfigurationIsVisible = 0;
			defaultConfigurationName = Release;
		};
/* End XCConfigurationList section */
	};
	rootObject = 08FB7793FE84155DC02AAC07 /* Project object */;
}
